
Microsoft Visual Studio Solution File, Format Version 12.00
# Visual Studio Version 17
VisualStudioVersion = 17.0.31903.59
MinimumVisualStudioVersion = 10.0.40219.1
Project("{2150E333-8FDC-42A3-9474-1A3956D46DE8}") = "src", "src", "{31297073-3FD6-401C-A313-89BE7C850D6B}"
EndProject
Project("{FAE04EC0-301F-11D3-BF4B-00C04F79EFBC}") = "Ashlar.Abstractions", "src\Ashlar.Abstractions\Ashlar.Abstractions.csproj", "{B0D45A5B-288C-48ED-A320-D151AAC86ECC}"
EndProject
Project("{FAE04EC0-301F-11D3-BF4B-00C04F79EFBC}") = "Ashlar.Core.Domain", "src\Ashlar.Core.Domain\Ashlar.Core.Domain.csproj", "{396D7CFF-58BF-4673-95C7-2E9950184359}"
EndProject
Project("{FAE04EC0-301F-11D3-BF4B-00C04F79EFBC}") = "Ashlar.Core.Application", "src\Ashlar.Core.Application\Ashlar.Core.Application.csproj", "{356A146D-8D83-4578-BC77-568F3306895E}"
EndProject
Project("{FAE04EC0-301F-11D3-BF4B-00C04F79EFBC}") = "Ashlar.Policies", "src\Ashlar.Policies\Ashlar.Policies.csproj", "{C08715C4-895E-4BE3-B3E6-F43F1FBF3870}"
EndProject
Project("{FAE04EC0-301F-11D3-BF4B-00C04F79EFBC}") = "Ashlar.Policies.Dev", "src\Ashlar.Policies.Dev\Ashlar.Policies.Dev.csproj", "{D25C3DA4-69FE-47F5-A57B-07113DEDE360}"
EndProject
Project("{FAE04EC0-301F-11D3-BF4B-00C04F79EFBC}") = "Ashlar.Runtime", "src\Ashlar.Runtime\Ashlar.Runtime.csproj", "{63AA8257-6E12-4662-A8E5-C49BCF909273}"
EndProject
Project("{FAE04EC0-301F-11D3-BF4B-00C04F79EFBC}") = "Ashlar.Brick.Contracts", "src\Ashlar.Brick.Contracts\Ashlar.Brick.Contracts.csproj", "{8915469C-C8DA-4174-922E-61ECC0C8C195}"
EndProject
Project("{FAE04EC0-301F-11D3-BF4B-00C04F79EFBC}") = "Ashlar.Bricks.Owasp", "src\Ashlar.Bricks.Owasp\Ashlar.Bricks.Owasp.csproj", "{E972C86D-21A0-40DB-8C43-3D48B7169438}"
EndProject
Project("{FAE04EC0-301F-11D3-BF4B-00C04F79EFBC}") = "Ashlar.Tools.Assembly", "src\Ashlar.Tools.Assembly\Ashlar.Tools.Assembly.csproj", "{3CD3077F-071D-4E93-8898-D393452D983A}"
EndProject
Project("{FAE04EC0-301F-11D3-BF4B-00C04F79EFBC}") = "Ashlar.Tools.Dev", "src\Ashlar.Tools.Dev\Ashlar.Tools.Dev.csproj", "{81931105-AFD9-46EC-AB48-12D6899A7921}"
EndProject
Project("{FAE04EC0-301F-11D3-BF4B-00C04F79EFBC}") = "Ashlar.Infrastructure", "src\Ashlar.Infrastructure\Ashlar.Infrastructure.csproj", "{B22CB1C4-851E-4D5F-96D0-DC3F4439743E}"
EndProject
Project("{FAE04EC0-301F-11D3-BF4B-00C04F79EFBC}") = "Ashlar.Orchestration", "src\Ashlar.Orchestration\Ashlar.Orchestration.csproj", "{108608AD-0D6B-4211-8483-D2744CE0CBFF}"
EndProject
Project("{FAE04EC0-301F-11D3-BF4B-00C04F79EFBC}") = "Ashlar.BackgroundAgents", "src\Ashlar.BackgroundAgents\Ashlar.BackgroundAgents.csproj", "{1AD4C59E-8AFB-4A8D-8291-EF84EBB84476}"
EndProject
Project("{FAE04EC0-301F-11D3-BF4B-00C04F79EFBC}") = "Ashlar.Hosting", "src\Ashlar.Hosting\Ashlar.Hosting.csproj", "{2E14BE27-5872-43DF-BD7D-925C1F05F5A7}"
EndProject
Project("{FAE04EC0-301F-11D3-BF4B-00C04F79EFBC}") = "Ashlar.Tests.Contracts", "src\Ashlar.Tests.Contracts\Ashlar.Tests.Contracts.csproj", "{1881A83C-D33D-40CB-80B6-EE32D1EBC94F}"
EndProject
Project("{FAE04EC0-301F-11D3-BF4B-00C04F79EFBC}") = "Ashlar.Tests.Application", "src\Ashlar.Tests.Application\Ashlar.Tests.Application.csproj", "{AFEB96A8-1EE5-4EA4-8C21-94D9CD49C37E}"
EndProject
Project("{FAE04EC0-301F-11D3-BF4B-00C04F79EFBC}") = "Ashlar.Tests.Infrastructure", "src\Ashlar.Tests.Infrastructure\Ashlar.Tests.Infrastructure.csproj", "{F308EAB3-5E37-4ED1-A286-29363C9F348B}"
EndProject
Project("{FAE04EC0-301F-11D3-BF4B-00C04F79EFBC}") = "Ashlar.Transport.Grpc", "src\Ashlar.Transport.Grpc\Ashlar.Transport.Grpc.csproj", "{3985541E-808A-4691-AE0F-94F42FD3B4E6}"
EndProject
Project("{FAE04EC0-301F-11D3-BF4B-00C04F79EFBC}") = "Ashlar.Transport.Grpc.Server", "src\Ashlar.Transport.Grpc.Server\Ashlar.Transport.Grpc.Server.csproj", "{494D224D-244A-46A7-AA97-F0F8B2D3F331}"
EndProject
Project("{FAE04EC0-301F-11D3-BF4B-00C04F79EFBC}") = "Ashlar.Tests.Transport", "src\Ashlar.Tests.Transport\Ashlar.Tests.Transport.csproj", "{8816B647-980B-4BBC-A529-1EE7AA9C7C54}"
EndProject
Project("{FAE04EC0-301F-11D3-BF4B-00C04F79EFBC}") = "Ashlar.Tests.Kernel", "src\Ashlar.Tests.Kernel\Ashlar.Tests.Kernel.csproj", "{A73ED765-F53E-42A3-B5C4-8FB41BF0EFF8}"
EndProject
Project("{FAE04EC0-301F-11D3-BF4B-00C04F79EFBC}") = "Ashlar.AI.Pipeline", "src\Ashlar.AI.Pipeline\Ashlar.AI.Pipeline.csproj", "{8115FD2E-46AF-4A38-914D-B4D00AEE5414}"
EndProject
Project("{FAE04EC0-301F-11D3-BF4B-00C04F79EFBC}") = "Ashlar.Tests.AI.Pipeline", "src\Ashlar.Tests.AI.Pipeline\Ashlar.Tests.AI.Pipeline.csproj", "{0B55F79C-992F-4664-AF04-DFDD55D9812F}"
EndProject
Global
	GlobalSection(SolutionConfigurationPlatforms) = preSolution
		Debug|Any CPU = Debug|Any CPU
		Debug|x64 = Debug|x64
		Debug|x86 = Debug|x86
		Release|Any CPU = Release|Any CPU
		Release|x64 = Release|x64
		Release|x86 = Release|x86
	EndGlobalSection
	GlobalSection(ProjectConfigurationPlatforms) = postSolution
		{B0D45A5B-288C-48ED-A320-D151AAC86ECC}.Debug|Any CPU.ActiveCfg = Debug|Any CPU
		{B0D45A5B-288C-48ED-A320-D151AAC86ECC}.Debug|Any CPU.Build.0 = Debug|Any CPU
		{B0D45A5B-288C-48ED-A320-D151AAC86ECC}.Debug|x64.ActiveCfg = Debug|Any CPU
		{B0D45A5B-288C-48ED-A320-D151AAC86ECC}.Debug|x64.Build.0 = Debug|Any CPU
		{B0D45A5B-288C-48ED-A320-D151AAC86ECC}.Debug|x86.ActiveCfg = Debug|Any CPU
		{B0D45A5B-288C-48ED-A320-D151AAC86ECC}.Debug|x86.Build.0 = Debug|Any CPU
		{B0D45A5B-288C-48ED-A320-D151AAC86ECC}.Release|Any CPU.ActiveCfg = Release|Any CPU
		{B0D45A5B-288C-48ED-A320-D151AAC86ECC}.Release|Any CPU.Build.0 = Release|Any CPU
		{B0D45A5B-288C-48ED-A320-D151AAC86ECC}.Release|x64.ActiveCfg = Release|Any CPU
		{B0D45A5B-288C-48ED-A320-D151AAC86ECC}.Release|x64.Build.0 = Release|Any CPU
		{B0D45A5B-288C-48ED-A320-D151AAC86ECC}.Release|x86.ActiveCfg = Release|Any CPU
		{B0D45A5B-288C-48ED-A320-D151AAC86ECC}.Release|x86.Build.0 = Release|Any CPU
		{396D7CFF-58BF-4673-95C7-2E9950184359}.Debug|Any CPU.ActiveCfg = Debug|Any CPU
		{396D7CFF-58BF-4673-95C7-2E9950184359}.Debug|Any CPU.Build.0 = Debug|Any CPU
		{396D7CFF-58BF-4673-95C7-2E9950184359}.Debug|x64.ActiveCfg = Debug|Any CPU
		{396D7CFF-58BF-4673-95C7-2E9950184359}.Debug|x64.Build.0 = Debug|Any CPU
		{396D7CFF-58BF-4673-95C7-2E9950184359}.Debug|x86.ActiveCfg = Debug|Any CPU
		{396D7CFF-58BF-4673-95C7-2E9950184359}.Debug|x86.Build.0 = Debug|Any CPU
		{396D7CFF-58BF-4673-95C7-2E9950184359}.Release|Any CPU.ActiveCfg = Release|Any CPU
		{396D7CFF-58BF-4673-95C7-2E9950184359}.Release|Any CPU.Build.0 = Release|Any CPU
		{396D7CFF-58BF-4673-95C7-2E9950184359}.Release|x64.ActiveCfg = Release|Any CPU
		{396D7CFF-58BF-4673-95C7-2E9950184359}.Release|x64.Build.0 = Release|Any CPU
		{396D7CFF-58BF-4673-95C7-2E9950184359}.Release|x86.ActiveCfg = Release|Any CPU
		{396D7CFF-58BF-4673-95C7-2E9950184359}.Release|x86.Build.0 = Release|Any CPU
		{356A146D-8D83-4578-BC77-568F3306895E}.Debug|Any CPU.ActiveCfg = Debug|Any CPU
		{356A146D-8D83-4578-BC77-568F3306895E}.Debug|Any CPU.Build.0 = Debug|Any CPU
		{356A146D-8D83-4578-BC77-568F3306895E}.Debug|x64.ActiveCfg = Debug|Any CPU
		{356A146D-8D83-4578-BC77-568F3306895E}.Debug|x64.Build.0 = Debug|Any CPU
		{356A146D-8D83-4578-BC77-568F3306895E}.Debug|x86.ActiveCfg = Debug|Any CPU
		{356A146D-8D83-4578-BC77-568F3306895E}.Debug|x86.Build.0 = Debug|Any CPU
		{356A146D-8D83-4578-BC77-568F3306895E}.Release|Any CPU.ActiveCfg = Release|Any CPU
		{356A146D-8D83-4578-BC77-568F3306895E}.Release|Any CPU.Build.0 = Release|Any CPU
		{356A146D-8D83-4578-BC77-568F3306895E}.Release|x64.ActiveCfg = Release|Any CPU
		{356A146D-8D83-4578-BC77-568F3306895E}.Release|x64.Build.0 = Release|Any CPU
		{356A146D-8D83-4578-BC77-568F3306895E}.Release|x86.ActiveCfg = Release|Any CPU
		{356A146D-8D83-4578-BC77-568F3306895E}.Release|x86.Build.0 = Release|Any CPU
		{C08715C4-895E-4BE3-B3E6-F43F1FBF3870}.Debug|Any CPU.ActiveCfg = Debug|Any CPU
		{C08715C4-895E-4BE3-B3E6-F43F1FBF3870}.Debug|Any CPU.Build.0 = Debug|Any CPU
		{C08715C4-895E-4BE3-B3E6-F43F1FBF3870}.Debug|x64.ActiveCfg = Debug|Any CPU
		{C08715C4-895E-4BE3-B3E6-F43F1FBF3870}.Debug|x64.Build.0 = Debug|Any CPU
		{C08715C4-895E-4BE3-B3E6-F43F1FBF3870}.Debug|x86.ActiveCfg = Debug|Any CPU
		{C08715C4-895E-4BE3-B3E6-F43F1FBF3870}.Debug|x86.Build.0 = Debug|Any CPU
		{C08715C4-895E-4BE3-B3E6-F43F1FBF3870}.Release|Any CPU.ActiveCfg = Release|Any CPU
		{C08715C4-895E-4BE3-B3E6-F43F1FBF3870}.Release|Any CPU.Build.0 = Release|Any CPU
		{C08715C4-895E-4BE3-B3E6-F43F1FBF3870}.Release|x64.ActiveCfg = Release|Any CPU
		{C08715C4-895E-4BE3-B3E6-F43F1FBF3870}.Release|x64.Build.0 = Release|Any CPU
		{C08715C4-895E-4BE3-B3E6-F43F1FBF3870}.Release|x86.ActiveCfg = Release|Any CPU
		{C08715C4-895E-4BE3-B3E6-F43F1FBF3870}.Release|x86.Build.0 = Release|Any CPU
		{D25C3DA4-69FE-47F5-A57B-07113DEDE360}.Debug|Any CPU.ActiveCfg = Debug|Any CPU
		{D25C3DA4-69FE-47F5-A57B-07113DEDE360}.Debug|Any CPU.Build.0 = Debug|Any CPU
		{D25C3DA4-69FE-47F5-A57B-07113DEDE360}.Debug|x64.ActiveCfg = Debug|Any CPU
		{D25C3DA4-69FE-47F5-A57B-07113DEDE360}.Debug|x64.Build.0 = Debug|Any CPU
		{D25C3DA4-69FE-47F5-A57B-07113DEDE360}.Debug|x86.ActiveCfg = Debug|Any CPU
		{D25C3DA4-69FE-47F5-A57B-07113DEDE360}.Debug|x86.Build.0 = Debug|Any CPU
		{D25C3DA4-69FE-47F5-A57B-07113DEDE360}.Release|Any CPU.ActiveCfg = Release|Any CPU
		{D25C3DA4-69FE-47F5-A57B-07113DEDE360}.Release|Any CPU.Build.0 = Release|Any CPU
		{D25C3DA4-69FE-47F5-A57B-07113DEDE360}.Release|x64.ActiveCfg = Release|Any CPU
		{D25C3DA4-69FE-47F5-A57B-07113DEDE360}.Release|x64.Build.0 = Release|Any CPU
		{D25C3DA4-69FE-47F5-A57B-07113DEDE360}.Release|x86.ActiveCfg = Release|Any CPU
		{D25C3DA4-69FE-47F5-A57B-07113DEDE360}.Release|x86.Build.0 = Release|Any CPU
		{63AA8257-6E12-4662-A8E5-C49BCF909273}.Debug|Any CPU.ActiveCfg = Debug|Any CPU
		{63AA8257-6E12-4662-A8E5-C49BCF909273}.Debug|Any CPU.Build.0 = Debug|Any CPU
		{63AA8257-6E12-4662-A8E5-C49BCF909273}.Debug|x64.ActiveCfg = Debug|Any CPU
		{63AA8257-6E12-4662-A8E5-C49BCF909273}.Debug|x64.Build.0 = Debug|Any CPU
		{63AA8257-6E12-4662-A8E5-C49BCF909273}.Debug|x86.ActiveCfg = Debug|Any CPU
		{63AA8257-6E12-4662-A8E5-C49BCF909273}.Debug|x86.Build.0 = Debug|Any CPU
		{63AA8257-6E12-4662-A8E5-C49BCF909273}.Release|Any CPU.ActiveCfg = Release|Any CPU
		{63AA8257-6E12-4662-A8E5-C49BCF909273}.Release|Any CPU.Build.0 = Release|Any CPU
		{63AA8257-6E12-4662-A8E5-C49BCF909273}.Release|x64.ActiveCfg = Release|Any CPU
		{63AA8257-6E12-4662-A8E5-C49BCF909273}.Release|x64.Build.0 = Release|Any CPU
		{63AA8257-6E12-4662-A8E5-C49BCF909273}.Release|x86.ActiveCfg = Release|Any CPU
		{63AA8257-6E12-4662-A8E5-C49BCF909273}.Release|x86.Build.0 = Release|Any CPU
		{8915469C-C8DA-4174-922E-61ECC0C8C195}.Debug|Any CPU.ActiveCfg = Debug|Any CPU
		{8915469C-C8DA-4174-922E-61ECC0C8C195}.Debug|Any CPU.Build.0 = Debug|Any CPU
		{8915469C-C8DA-4174-922E-61ECC0C8C195}.Debug|x64.ActiveCfg = Debug|Any CPU
		{8915469C-C8DA-4174-922E-61ECC0C8C195}.Debug|x64.Build.0 = Debug|Any CPU
		{8915469C-C8DA-4174-922E-61ECC0C8C195}.Debug|x86.ActiveCfg = Debug|Any CPU
		{8915469C-C8DA-4174-922E-61ECC0C8C195}.Debug|x86.Build.0 = Debug|Any CPU
		{8915469C-C8DA-4174-922E-61ECC0C8C195}.Release|Any CPU.ActiveCfg = Release|Any CPU
		{8915469C-C8DA-4174-922E-61ECC0C8C195}.Release|Any CPU.Build.0 = Release|Any CPU
		{8915469C-C8DA-4174-922E-61ECC0C8C195}.Release|x64.ActiveCfg = Release|Any CPU
		{8915469C-C8DA-4174-922E-61ECC0C8C195}.Release|x64.Build.0 = Release|Any CPU
		{8915469C-C8DA-4174-922E-61ECC0C8C195}.Release|x86.ActiveCfg = Release|Any CPU
		{8915469C-C8DA-4174-922E-61ECC0C8C195}.Release|x86.Build.0 = Release|Any CPU
		{E972C86D-21A0-40DB-8C43-3D48B7169438}.Debug|Any CPU.ActiveCfg = Debug|Any CPU
		{E972C86D-21A0-40DB-8C43-3D48B7169438}.Debug|Any CPU.Build.0 = Debug|Any CPU
		{E972C86D-21A0-40DB-8C43-3D48B7169438}.Debug|x64.ActiveCfg = Debug|Any CPU
		{E972C86D-21A0-40DB-8C43-3D48B7169438}.Debug|x64.Build.0 = Debug|Any CPU
		{E972C86D-21A0-40DB-8C43-3D48B7169438}.Debug|x86.ActiveCfg = Debug|Any CPU
		{E972C86D-21A0-40DB-8C43-3D48B7169438}.Debug|x86.Build.0 = Debug|Any CPU
		{E972C86D-21A0-40DB-8C43-3D48B7169438}.Release|Any CPU.ActiveCfg = Release|Any CPU
		{E972C86D-21A0-40DB-8C43-3D48B7169438}.Release|Any CPU.Build.0 = Release|Any CPU
		{E972C86D-21A0-40DB-8C43-3D48B7169438}.Release|x64.ActiveCfg = Release|Any CPU
		{E972C86D-21A0-40DB-8C43-3D48B7169438}.Release|x64.Build.0 = Release|Any CPU
		{E972C86D-21A0-40DB-8C43-3D48B7169438}.Release|x86.ActiveCfg = Release|Any CPU
		{E972C86D-21A0-40DB-8C43-3D48B7169438}.Release|x86.Build.0 = Release|Any CPU
		{3CD3077F-071D-4E93-8898-D393452D983A}.Debug|Any CPU.ActiveCfg = Debug|Any CPU
		{3CD3077F-071D-4E93-8898-D393452D983A}.Debug|Any CPU.Build.0 = Debug|Any CPU
		{3CD3077F-071D-4E93-8898-D393452D983A}.Debug|x64.ActiveCfg = Debug|Any CPU
		{3CD3077F-071D-4E93-8898-D393452D983A}.Debug|x64.Build.0 = Debug|Any CPU
		{3CD3077F-071D-4E93-8898-D393452D983A}.Debug|x86.ActiveCfg = Debug|Any CPU
		{3CD3077F-071D-4E93-8898-D393452D983A}.Debug|x86.Build.0 = Debug|Any CPU
		{3CD3077F-071D-4E93-8898-D393452D983A}.Release|Any CPU.ActiveCfg = Release|Any CPU
		{3CD3077F-071D-4E93-8898-D393452D983A}.Release|Any CPU.Build.0 = Release|Any CPU
		{3CD3077F-071D-4E93-8898-D393452D983A}.Release|x64.ActiveCfg = Release|Any CPU
		{3CD3077F-071D-4E93-8898-D393452D983A}.Release|x64.Build.0 = Release|Any CPU
		{3CD3077F-071D-4E93-8898-D393452D983A}.Release|x86.ActiveCfg = Release|Any CPU
		{3CD3077F-071D-4E93-8898-D393452D983A}.Release|x86.Build.0 = Release|Any CPU
		{81931105-AFD9-46EC-AB48-12D6899A7921}.Debug|Any CPU.ActiveCfg = Debug|Any CPU
		{81931105-AFD9-46EC-AB48-12D6899A7921}.Debug|Any CPU.Build.0 = Debug|Any CPU
		{81931105-AFD9-46EC-AB48-12D6899A7921}.Debug|x64.ActiveCfg = Debug|Any CPU
		{81931105-AFD9-46EC-AB48-12D6899A7921}.Debug|x64.Build.0 = Debug|Any CPU
		{81931105-AFD9-46EC-AB48-12D6899A7921}.Debug|x86.ActiveCfg = Debug|Any CPU
		{81931105-AFD9-46EC-AB48-12D6899A7921}.Debug|x86.Build.0 = Debug|Any CPU
		{81931105-AFD9-46EC-AB48-12D6899A7921}.Release|Any CPU.ActiveCfg = Release|Any CPU
		{81931105-AFD9-46EC-AB48-12D6899A7921}.Release|Any CPU.Build.0 = Release|Any CPU
		{81931105-AFD9-46EC-AB48-12D6899A7921}.Release|x64.ActiveCfg = Release|Any CPU
		{81931105-AFD9-46EC-AB48-12D6899A7921}.Release|x64.Build.0 = Release|Any CPU
		{81931105-AFD9-46EC-AB48-12D6899A7921}.Release|x86.ActiveCfg = Release|Any CPU
		{81931105-AFD9-46EC-AB48-12D6899A7921}.Release|x86.Build.0 = Release|Any CPU
		{B22CB1C4-851E-4D5F-96D0-DC3F4439743E}.Debug|Any CPU.ActiveCfg = Debug|Any CPU
		{B22CB1C4-851E-4D5F-96D0-DC3F4439743E}.Debug|Any CPU.Build.0 = Debug|Any CPU
		{B22CB1C4-851E-4D5F-96D0-DC3F4439743E}.Debug|x64.ActiveCfg = Debug|Any CPU
		{B22CB1C4-851E-4D5F-96D0-DC3F4439743E}.Debug|x64.Build.0 = Debug|Any CPU
		{B22CB1C4-851E-4D5F-96D0-DC3F4439743E}.Debug|x86.ActiveCfg = Debug|Any CPU
		{B22CB1C4-851E-4D5F-96D0-DC3F4439743E}.Debug|x86.Build.0 = Debug|Any CPU
		{B22CB1C4-851E-4D5F-96D0-DC3F4439743E}.Release|Any CPU.ActiveCfg = Release|Any CPU
		{B22CB1C4-851E-4D5F-96D0-DC3F4439743E}.Release|Any CPU.Build.0 = Release|Any CPU
		{B22CB1C4-851E-4D5F-96D0-DC3F4439743E}.Release|x64.ActiveCfg = Release|Any CPU
		{B22CB1C4-851E-4D5F-96D0-DC3F4439743E}.Release|x64.Build.0 = Release|Any CPU
		{B22CB1C4-851E-4D5F-96D0-DC3F4439743E}.Release|x86.ActiveCfg = Release|Any CPU
		{B22CB1C4-851E-4D5F-96D0-DC3F4439743E}.Release|x86.Build.0 = Release|Any CPU
		{108608AD-0D6B-4211-8483-D2744CE0CBFF}.Debug|Any CPU.ActiveCfg = Debug|Any CPU
		{108608AD-0D6B-4211-8483-D2744CE0CBFF}.Debug|Any CPU.Build.0 = Debug|Any CPU
		{108608AD-0D6B-4211-8483-D2744CE0CBFF}.Debug|x64.ActiveCfg = Debug|Any CPU
		{108608AD-0D6B-4211-8483-D2744CE0CBFF}.Debug|x64.Build.0 = Debug|Any CPU
		{108608AD-0D6B-4211-8483-D2744CE0CBFF}.Debug|x86.ActiveCfg = Debug|Any CPU
		{108608AD-0D6B-4211-8483-D2744CE0CBFF}.Debug|x86.Build.0 = Debug|Any CPU
		{108608AD-0D6B-4211-8483-D2744CE0CBFF}.Release|Any CPU.ActiveCfg = Release|Any CPU
		{108608AD-0D6B-4211-8483-D2744CE0CBFF}.Release|Any CPU.Build.0 = Release|Any CPU
		{108608AD-0D6B-4211-8483-D2744CE0CBFF}.Release|x64.ActiveCfg = Release|Any CPU
		{108608AD-0D6B-4211-8483-D2744CE0CBFF}.Release|x64.Build.0 = Release|Any CPU
		{108608AD-0D6B-4211-8483-D2744CE0CBFF}.Release|x86.ActiveCfg = Release|Any CPU
		{108608AD-0D6B-4211-8483-D2744CE0CBFF}.Release|x86.Build.0 = Release|Any CPU
		{1AD4C59E-8AFB-4A8D-8291-EF84EBB84476}.Debug|Any CPU.ActiveCfg = Debug|Any CPU
		{1AD4C59E-8AFB-4A8D-8291-EF84EBB84476}.Debug|Any CPU.Build.0 = Debug|Any CPU
		{1AD4C59E-8AFB-4A8D-8291-EF84EBB84476}.Debug|x64.ActiveCfg = Debug|Any CPU
		{1AD4C59E-8AFB-4A8D-8291-EF84EBB84476}.Debug|x64.Build.0 = Debug|Any CPU
		{1AD4C59E-8AFB-4A8D-8291-EF84EBB84476}.Debug|x86.ActiveCfg = Debug|Any CPU
		{1AD4C59E-8AFB-4A8D-8291-EF84EBB84476}.Debug|x86.Build.0 = Debug|Any CPU
		{1AD4C59E-8AFB-4A8D-8291-EF84EBB84476}.Release|Any CPU.ActiveCfg = Release|Any CPU
		{1AD4C59E-8AFB-4A8D-8291-EF84EBB84476}.Release|Any CPU.Build.0 = Release|Any CPU
		{1AD4C59E-8AFB-4A8D-8291-EF84EBB84476}.Release|x64.ActiveCfg = Release|Any CPU
		{1AD4C59E-8AFB-4A8D-8291-EF84EBB84476}.Release|x64.Build.0 = Release|Any CPU
		{1AD4C59E-8AFB-4A8D-8291-EF84EBB84476}.Release|x86.ActiveCfg = Release|Any CPU
		{1AD4C59E-8AFB-4A8D-8291-EF84EBB84476}.Release|x86.Build.0 = Release|Any CPU
		{2E14BE27-5872-43DF-BD7D-925C1F05F5A7}.Debug|Any CPU.ActiveCfg = Debug|Any CPU
		{2E14BE27-5872-43DF-BD7D-925C1F05F5A7}.Debug|Any CPU.Build.0 = Debug|Any CPU
		{2E14BE27-5872-43DF-BD7D-925C1F05F5A7}.Debug|x64.ActiveCfg = Debug|Any CPU
		{2E14BE27-5872-43DF-BD7D-925C1F05F5A7}.Debug|x64.Build.0 = Debug|Any CPU
		{2E14BE27-5872-43DF-BD7D-925C1F05F5A7}.Debug|x86.ActiveCfg = Debug|Any CPU
		{2E14BE27-5872-43DF-BD7D-925C1F05F5A7}.Debug|x86.Build.0 = Debug|Any CPU
		{2E14BE27-5872-43DF-BD7D-925C1F05F5A7}.Release|Any CPU.ActiveCfg = Release|Any CPU
		{2E14BE27-5872-43DF-BD7D-925C1F05F5A7}.Release|Any CPU.Build.0 = Release|Any CPU
		{2E14BE27-5872-43DF-BD7D-925C1F05F5A7}.Release|x64.ActiveCfg = Release|Any CPU
		{2E14BE27-5872-43DF-BD7D-925C1F05F5A7}.Release|x64.Build.0 = Release|Any CPU
		{2E14BE27-5872-43DF-BD7D-925C1F05F5A7}.Release|x86.ActiveCfg = Release|Any CPU
		{2E14BE27-5872-43DF-BD7D-925C1F05F5A7}.Release|x86.Build.0 = Release|Any CPU
		{1881A83C-D33D-40CB-80B6-EE32D1EBC94F}.Debug|Any CPU.ActiveCfg = Debug|Any CPU
		{1881A83C-D33D-40CB-80B6-EE32D1EBC94F}.Debug|Any CPU.Build.0 = Debug|Any CPU
		{1881A83C-D33D-40CB-80B6-EE32D1EBC94F}.Debug|x64.ActiveCfg = Debug|Any CPU
		{1881A83C-D33D-40CB-80B6-EE32D1EBC94F}.Debug|x64.Build.0 = Debug|Any CPU
		{1881A83C-D33D-40CB-80B6-EE32D1EBC94F}.Debug|x86.ActiveCfg = Debug|Any CPU
		{1881A83C-D33D-40CB-80B6-EE32D1EBC94F}.Debug|x86.Build.0 = Debug|Any CPU
		{1881A83C-D33D-40CB-80B6-EE32D1EBC94F}.Release|Any CPU.ActiveCfg = Release|Any CPU
		{1881A83C-D33D-40CB-80B6-EE32D1EBC94F}.Release|Any CPU.Build.0 = Release|Any CPU
		{1881A83C-D33D-40CB-80B6-EE32D1EBC94F}.Release|x64.ActiveCfg = Release|Any CPU
		{1881A83C-D33D-40CB-80B6-EE32D1EBC94F}.Release|x64.Build.0 = Release|Any CPU
		{1881A83C-D33D-40CB-80B6-EE32D1EBC94F}.Release|x86.ActiveCfg = Release|Any CPU
		{1881A83C-D33D-40CB-80B6-EE32D1EBC94F}.Release|x86.Build.0 = Release|Any CPU
		{AFEB96A8-1EE5-4EA4-8C21-94D9CD49C37E}.Debug|Any CPU.ActiveCfg = Debug|Any CPU
		{AFEB96A8-1EE5-4EA4-8C21-94D9CD49C37E}.Debug|Any CPU.Build.0 = Debug|Any CPU
		{AFEB96A8-1EE5-4EA4-8C21-94D9CD49C37E}.Debug|x64.ActiveCfg = Debug|Any CPU
		{AFEB96A8-1EE5-4EA4-8C21-94D9CD49C37E}.Debug|x64.Build.0 = Debug|Any CPU
		{AFEB96A8-1EE5-4EA4-8C21-94D9CD49C37E}.Debug|x86.ActiveCfg = Debug|Any CPU
		{AFEB96A8-1EE5-4EA4-8C21-94D9CD49C37E}.Debug|x86.Build.0 = Debug|Any CPU
		{AFEB96A8-1EE5-4EA4-8C21-94D9CD49C37E}.Release|Any CPU.ActiveCfg = Release|Any CPU
		{AFEB96A8-1EE5-4EA4-8C21-94D9CD49C37E}.Release|Any CPU.Build.0 = Release|Any CPU
		{AFEB96A8-1EE5-4EA4-8C21-94D9CD49C37E}.Release|x64.ActiveCfg = Release|Any CPU
		{AFEB96A8-1EE5-4EA4-8C21-94D9CD49C37E}.Release|x64.Build.0 = Release|Any CPU
		{AFEB96A8-1EE5-4EA4-8C21-94D9CD49C37E}.Release|x86.ActiveCfg = Release|Any CPU
		{AFEB96A8-1EE5-4EA4-8C21-94D9CD49C37E}.Release|x86.Build.0 = Release|Any CPU
		{F308EAB3-5E37-4ED1-A286-29363C9F348B}.Debug|Any CPU.ActiveCfg = Debug|Any CPU
		{F308EAB3-5E37-4ED1-A286-29363C9F348B}.Debug|Any CPU.Build.0 = Debug|Any CPU
		{F308EAB3-5E37-4ED1-A286-29363C9F348B}.Debug|x64.ActiveCfg = Debug|Any CPU
		{F308EAB3-5E37-4ED1-A286-29363C9F348B}.Debug|x64.Build.0 = Debug|Any CPU
		{F308EAB3-5E37-4ED1-A286-29363C9F348B}.Debug|x86.ActiveCfg = Debug|Any CPU
		{F308EAB3-5E37-4ED1-A286-29363C9F348B}.Debug|x86.Build.0 = Debug|Any CPU
		{F308EAB3-5E37-4ED1-A286-29363C9F348B}.Release|Any CPU.ActiveCfg = Release|Any CPU
		{F308EAB3-5E37-4ED1-A286-29363C9F348B}.Release|Any CPU.Build.0 = Release|Any CPU
		{F308EAB3-5E37-4ED1-A286-29363C9F348B}.Release|x64.ActiveCfg = Release|Any CPU
		{F308EAB3-5E37-4ED1-A286-29363C9F348B}.Release|x64.Build.0 = Release|Any CPU
		{F308EAB3-5E37-4ED1-A286-29363C9F348B}.Release|x86.ActiveCfg = Release|Any CPU
		{F308EAB3-5E37-4ED1-A286-29363C9F348B}.Release|x86.Build.0 = Release|Any CPU
		{3985541E-808A-4691-AE0F-94F42FD3B4E6}.Debug|Any CPU.ActiveCfg = Debug|Any CPU
		{3985541E-808A-4691-AE0F-94F42FD3B4E6}.Debug|Any CPU.Build.0 = Debug|Any CPU
		{3985541E-808A-4691-AE0F-94F42FD3B4E6}.Debug|x64.ActiveCfg = Debug|Any CPU
		{3985541E-808A-4691-AE0F-94F42FD3B4E6}.Debug|x64.Build.0 = Debug|Any CPU
		{3985541E-808A-4691-AE0F-94F42FD3B4E6}.Debug|x86.ActiveCfg = Debug|Any CPU
		{3985541E-808A-4691-AE0F-94F42FD3B4E6}.Debug|x86.Build.0 = Debug|Any CPU
		{3985541E-808A-4691-AE0F-94F42FD3B4E6}.Release|Any CPU.ActiveCfg = Release|Any CPU
		{3985541E-808A-4691-AE0F-94F42FD3B4E6}.Release|Any CPU.Build.0 = Release|Any CPU
		{3985541E-808A-4691-AE0F-94F42FD3B4E6}.Release|x64.ActiveCfg = Release|Any CPU
		{3985541E-808A-4691-AE0F-94F42FD3B4E6}.Release|x64.Build.0 = Release|Any CPU
		{3985541E-808A-4691-AE0F-94F42FD3B4E6}.Release|x86.ActiveCfg = Release|Any CPU
		{3985541E-808A-4691-AE0F-94F42FD3B4E6}.Release|x86.Build.0 = Release|Any CPU
		{494D224D-244A-46A7-AA97-F0F8B2D3F331}.Debug|Any CPU.ActiveCfg = Debug|Any CPU
		{494D224D-244A-46A7-AA97-F0F8B2D3F331}.Debug|Any CPU.Build.0 = Debug|Any CPU
		{494D224D-244A-46A7-AA97-F0F8B2D3F331}.Debug|x64.ActiveCfg = Debug|Any CPU
		{494D224D-244A-46A7-AA97-F0F8B2D3F331}.Debug|x64.Build.0 = Debug|Any CPU
		{494D224D-244A-46A7-AA97-F0F8B2D3F331}.Debug|x86.ActiveCfg = Debug|Any CPU
		{494D224D-244A-46A7-AA97-F0F8B2D3F331}.Debug|x86.Build.0 = Debug|Any CPU
		{494D224D-244A-46A7-AA97-F0F8B2D3F331}.Release|Any CPU.ActiveCfg = Release|Any CPU
		{494D224D-244A-46A7-AA97-F0F8B2D3F331}.Release|Any CPU.Build.0 = Release|Any CPU
		{494D224D-244A-46A7-AA97-F0F8B2D3F331}.Release|x64.ActiveCfg = Release|Any CPU
		{494D224D-244A-46A7-AA97-F0F8B2D3F331}.Release|x64.Build.0 = Release|Any CPU
		{494D224D-244A-46A7-AA97-F0F8B2D3F331}.Release|x86.ActiveCfg = Release|Any CPU
		{494D224D-244A-46A7-AA97-F0F8B2D3F331}.Release|x86.Build.0 = Release|Any CPU
		{8816B647-980B-4BBC-A529-1EE7AA9C7C54}.Debug|Any CPU.ActiveCfg = Debug|Any CPU
		{8816B647-980B-4BBC-A529-1EE7AA9C7C54}.Debug|Any CPU.Build.0 = Debug|Any CPU
		{8816B647-980B-4BBC-A529-1EE7AA9C7C54}.Debug|x64.ActiveCfg = Debug|Any CPU
		{8816B647-980B-4BBC-A529-1EE7AA9C7C54}.Debug|x64.Build.0 = Debug|Any CPU
		{8816B647-980B-4BBC-A529-1EE7AA9C7C54}.Debug|x86.ActiveCfg = Debug|Any CPU
		{8816B647-980B-4BBC-A529-1EE7AA9C7C54}.Debug|x86.Build.0 = Debug|Any CPU
		{8816B647-980B-4BBC-A529-1EE7AA9C7C54}.Release|Any CPU.ActiveCfg = Release|Any CPU
		{8816B647-980B-4BBC-A529-1EE7AA9C7C54}.Release|Any CPU.Build.0 = Release|Any CPU
		{8816B647-980B-4BBC-A529-1EE7AA9C7C54}.Release|x64.ActiveCfg = Release|Any CPU
		{8816B647-980B-4BBC-A529-1EE7AA9C7C54}.Release|x64.Build.0 = Release|Any CPU
		{8816B647-980B-4BBC-A529-1EE7AA9C7C54}.Release|x86.ActiveCfg = Release|Any CPU
		{8816B647-980B-4BBC-A529-1EE7AA9C7C54}.Release|x86.Build.0 = Release|Any CPU
		{A73ED765-F53E-42A3-B5C4-8FB41BF0EFF8}.Debug|Any CPU.ActiveCfg = Debug|Any CPU
		{A73ED765-F53E-42A3-B5C4-8FB41BF0EFF8}.Debug|Any CPU.Build.0 = Debug|Any CPU
		{A73ED765-F53E-42A3-B5C4-8FB41BF0EFF8}.Debug|x64.ActiveCfg = Debug|Any CPU
		{A73ED765-F53E-42A3-B5C4-8FB41BF0EFF8}.Debug|x64.Build.0 = Debug|Any CPU
		{A73ED765-F53E-42A3-B5C4-8FB41BF0EFF8}.Debug|x86.ActiveCfg = Debug|Any CPU
		{A73ED765-F53E-42A3-B5C4-8FB41BF0EFF8}.Debug|x86.Build.0 = Debug|Any CPU
		{A73ED765-F53E-42A3-B5C4-8FB41BF0EFF8}.Release|Any CPU.ActiveCfg = Release|Any CPU
		{A73ED765-F53E-42A3-B5C4-8FB41BF0EFF8}.Release|Any CPU.Build.0 = Release|Any CPU
		{A73ED765-F53E-42A3-B5C4-8FB41BF0EFF8}.Release|x64.ActiveCfg = Release|Any CPU
		{A73ED765-F53E-42A3-B5C4-8FB41BF0EFF8}.Release|x64.Build.0 = Release|Any CPU
		{A73ED765-F53E-42A3-B5C4-8FB41BF0EFF8}.Release|x86.ActiveCfg = Release|Any CPU
		{A73ED765-F53E-42A3-B5C4-8FB41BF0EFF8}.Release|x86.Build.0 = Release|Any CPU
		{8115FD2E-46AF-4A38-914D-B4D00AEE5414}.Debug|Any CPU.ActiveCfg = Debug|Any CPU
		{8115FD2E-46AF-4A38-914D-B4D00AEE5414}.Debug|Any CPU.Build.0 = Debug|Any CPU
		{8115FD2E-46AF-4A38-914D-B4D00AEE5414}.Debug|x64.ActiveCfg = Debug|Any CPU
		{8115FD2E-46AF-4A38-914D-B4D00AEE5414}.Debug|x64.Build.0 = Debug|Any CPU
		{8115FD2E-46AF-4A38-914D-B4D00AEE5414}.Debug|x86.ActiveCfg = Debug|Any CPU
		{8115FD2E-46AF-4A38-914D-B4D00AEE5414}.Debug|x86.Build.0 = Debug|Any CPU
		{8115FD2E-46AF-4A38-914D-B4D00AEE5414}.Release|Any CPU.ActiveCfg = Release|Any CPU
		{8115FD2E-46AF-4A38-914D-B4D00AEE5414}.Release|Any CPU.Build.0 = Release|Any CPU
		{8115FD2E-46AF-4A38-914D-B4D00AEE5414}.Release|x64.ActiveCfg = Release|Any CPU
		{8115FD2E-46AF-4A38-914D-B4D00AEE5414}.Release|x64.Build.0 = Release|Any CPU
		{8115FD2E-46AF-4A38-914D-B4D00AEE5414}.Release|x86.ActiveCfg = Release|Any CPU
		{8115FD2E-46AF-4A38-914D-B4D00AEE5414}.Release|x86.Build.0 = Release|Any CPU
		{0B55F79C-992F-4664-AF04-DFDD55D9812F}.Debug|Any CPU.ActiveCfg = Debug|Any CPU
		{0B55F79C-992F-4664-AF04-DFDD55D9812F}.Debug|Any CPU.Build.0 = Debug|Any CPU
		{0B55F79C-992F-4664-AF04-DFDD55D9812F}.Debug|x64.ActiveCfg = Debug|Any CPU
		{0B55F79C-992F-4664-AF04-DFDD55D9812F}.Debug|x64.Build.0 = Debug|Any CPU
		{0B55F79C-992F-4664-AF04-DFDD55D9812F}.Debug|x86.ActiveCfg = Debug|Any CPU
		{0B55F79C-992F-4664-AF04-DFDD55D9812F}.Debug|x86.Build.0 = Debug|Any CPU
		{0B55F79C-992F-4664-AF04-DFDD55D9812F}.Release|Any CPU.ActiveCfg = Release|Any CPU
		{0B55F79C-992F-4664-AF04-DFDD55D9812F}.Release|Any CPU.Build.0 = Release|Any CPU
		{0B55F79C-992F-4664-AF04-DFDD55D9812F}.Release|x64.ActiveCfg = Release|Any CPU
		{0B55F79C-992F-4664-AF04-DFDD55D9812F}.Release|x64.Build.0 = Release|Any CPU
		{0B55F79C-992F-4664-AF04-DFDD55D9812F}.Release|x86.ActiveCfg = Release|Any CPU
		{0B55F79C-992F-4664-AF04-DFDD55D9812F}.Release|x86.Build.0 = Release|Any CPU
	EndGlobalSection
	GlobalSection(SolutionProperties) = preSolution
		HideSolutionNode = FALSE
	EndGlobalSection
	GlobalSection(NestedProjects) = preSolution
		{B0D45A5B-288C-48ED-A320-D151AAC86ECC} = {31297073-3FD6-401C-A313-89BE7C850D6B}
		{396D7CFF-58BF-4673-95C7-2E9950184359} = {31297073-3FD6-401C-A313-89BE7C850D6B}
		{356A146D-8D83-4578-BC77-568F3306895E} = {31297073-3FD6-401C-A313-89BE7C850D6B}
		{C08715C4-895E-4BE3-B3E6-F43F1FBF3870} = {31297073-3FD6-401C-A313-89BE7C850D6B}
		{D25C3DA4-69FE-47F5-A57B-07113DEDE360} = {31297073-3FD6-401C-A313-89BE7C850D6B}
		{63AA8257-6E12-4662-A8E5-C49BCF909273} = {31297073-3FD6-401C-A313-89BE7C850D6B}
		{8915469C-C8DA-4174-922E-61ECC0C8C195} = {31297073-3FD6-401C-A313-89BE7C850D6B}
		{E972C86D-21A0-40DB-8C43-3D48B7169438} = {31297073-3FD6-401C-A313-89BE7C850D6B}
		{3CD3077F-071D-4E93-8898-D393452D983A} = {31297073-3FD6-401C-A313-89BE7C850D6B}
		{81931105-AFD9-46EC-AB48-12D6899A7921} = {31297073-3FD6-401C-A313-89BE7C850D6B}
		{B22CB1C4-851E-4D5F-96D0-DC3F4439743E} = {31297073-3FD6-401C-A313-89BE7C850D6B}
		{108608AD-0D6B-4211-8483-D2744CE0CBFF} = {31297073-3FD6-401C-A313-89BE7C850D6B}
		{1AD4C59E-8AFB-4A8D-8291-EF84EBB84476} = {31297073-3FD6-401C-A313-89BE7C850D6B}
		{2E14BE27-5872-43DF-BD7D-925C1F05F5A7} = {31297073-3FD6-401C-A313-89BE7C850D6B}
		{1881A83C-D33D-40CB-80B6-EE32D1EBC94F} = {31297073-3FD6-401C-A313-89BE7C850D6B}
		{AFEB96A8-1EE5-4EA4-8C21-94D9CD49C37E} = {31297073-3FD6-401C-A313-89BE7C850D6B}
		{F308EAB3-5E37-4ED1-A286-29363C9F348B} = {31297073-3FD6-401C-A313-89BE7C850D6B}
		{3985541E-808A-4691-AE0F-94F42FD3B4E6} = {31297073-3FD6-401C-A313-89BE7C850D6B}
		{494D224D-244A-46A7-AA97-F0F8B2D3F331} = {31297073-3FD6-401C-A313-89BE7C850D6B}
		{8816B647-980B-4BBC-A529-1EE7AA9C7C54} = {31297073-3FD6-401C-A313-89BE7C850D6B}
		{A73ED765-F53E-42A3-B5C4-8FB41BF0EFF8} = {31297073-3FD6-401C-A313-89BE7C850D6B}
		{8115FD2E-46AF-4A38-914D-B4D00AEE5414} = {31297073-3FD6-401C-A313-89BE7C850D6B}
		{0B55F79C-992F-4664-AF04-DFDD55D9812F} = {31297073-3FD6-401C-A313-89BE7C850D6B}
	EndGlobalSection
EndGlobal
