
Microsoft Visual Studio Solution File, Format Version 12.00
# Visual Studio Version 17
VisualStudioVersion = 17.0.31903.59
MinimumVisualStudioVersion = 10.0.40219.1
Project("{FAE04EC0-301F-11D3-BF4B-00C04F79EFBC}") = "Ashlar.Core.Domain", "src\Ashlar.Core.Domain\Ashlar.Core.Domain.csproj", "{5BD03B15-E856-4CEF-AA1B-78BB82708193}"
EndProject
Project("{FAE04EC0-301F-11D3-BF4B-00C04F79EFBC}") = "Ashlar.Core.Application", "src\Ashlar.Core.Application\Ashlar.Core.Application.csproj", "{B86F46D4-C9DE-4A54-A423-74D7BF4E42D9}"
EndProject
Project("{FAE04EC0-301F-11D3-BF4B-00C04F79EFBC}") = "Ashlar.Tools.Dev", "src\Ashlar.Tools.Dev\Ashlar.Tools.Dev.csproj", "{E1F2A3B4-C5D6-7890-ABCD-EF1234567890}"
EndProject
Project("{FAE04EC0-301F-11D3-BF4B-00C04F79EFBC}") = "Ashlar.Policies.Dev", "src\Ashlar.Policies.Dev\Ashlar.Policies.Dev.csproj", "{F2A3B4C5-D6E7-8901-BCDE-F12345678901}"
EndProject
Project("{FAE04EC0-301F-11D3-BF4B-00C04F79EFBC}") = "Ashlar.Abstractions", "src\Ashlar.Abstractions\Ashlar.Abstractions.csproj", "{E7F8A9B0-C1D2-3456-F234-567890123456}"
EndProject
Project("{FAE04EC0-301F-11D3-BF4B-00C04F79EFBC}") = "Ashlar.Runtime", "src\Ashlar.Runtime\Ashlar.Runtime.csproj", "{F8A9B0C1-D2E3-4567-F345-678901234567}"
EndProject
Project("{FAE04EC0-301F-11D3-BF4B-00C04F79EFBC}") = "Ashlar.Adapters.Models", "src\Ashlar.Adapters.Models\Ashlar.Adapters.Models.csproj", "{A9B0C1D2-E3F4-5678-F456-789012345678}"
EndProject
Project("{FAE04EC0-301F-11D3-BF4B-00C04F79EFBC}") = "Ashlar.Tools.Assembly", "src\Ashlar.Tools.Assembly\Ashlar.Tools.Assembly.csproj", "{C1D2E3F4-A5B6-7890-F678-901234567890}"
EndProject
Project("{FAE04EC0-301F-11D3-BF4B-00C04F79EFBC}") = "Ashlar.Policies", "src\Ashlar.Policies\Ashlar.Policies.csproj", "{D2E3F4A5-B6C7-8901-F789-012345678901}"
EndProject
Project("{2150E333-8FDC-42A3-9474-1A3956D46DE8}") = "src", "src", "{9D4F8B1A-0B6E-4A3E-8A6A-0DE12C7C6E2F}"
EndProject
Project("{FAE04EC0-301F-11D3-BF4B-00C04F79EFBC}") = "Ashlar.Orchestration", "src\Ashlar.Orchestration\Ashlar.Orchestration.csproj", "{4D936C54-C662-4788-9702-0C60DE90B4B1}"
EndProject
Project("{FAE04EC0-301F-11D3-BF4B-00C04F79EFBC}") = "Ashlar.Tests.Orchestration", "src\Ashlar.Tests.Orchestration\Ashlar.Tests.Orchestration.csproj", "{153EFFE9-0EF3-46F5-B3EB-BAC3DDDC506E}"
EndProject
Project("{FAE04EC0-301F-11D3-BF4B-00C04F79EFBC}") = "Ashlar.BackgroundAgents", "src\Ashlar.BackgroundAgents\Ashlar.BackgroundAgents.csproj", "{79F47F1D-EC2D-4398-96CA-B08D3A9724DB}"
EndProject
Project("{FAE04EC0-301F-11D3-BF4B-00C04F79EFBC}") = "Ashlar.Tests.BackgroundAgents", "src\Ashlar.Tests.BackgroundAgents\Ashlar.Tests.BackgroundAgents.csproj", "{4E64A5A5-C6F6-4E04-839B-570503542327}"
EndProject
Project("{FAE04EC0-301F-11D3-BF4B-00C04F79EFBC}") = "Ashlar.Brick.Contracts", "src\Ashlar.Brick.Contracts\Ashlar.Brick.Contracts.csproj", "{075C8F77-AF69-42FC-8098-BC01F0920FD5}"
EndProject
Project("{FAE04EC0-301F-11D3-BF4B-00C04F79EFBC}") = "Ashlar.Bricks.Owasp", "src\Ashlar.Bricks.Owasp\Ashlar.Bricks.Owasp.csproj", "{B1C2D3E4-F5A6-7890-ABCD-EF1234567890}"
EndProject
Project("{FAE04EC0-301F-11D3-BF4B-00C04F79EFBC}") = "Ashlar.Tests.Contracts", "src\Ashlar.Tests.Contracts\Ashlar.Tests.Contracts.csproj", "{2BFBAD50-9A81-4339-9C4F-2014AB4289FF}"
EndProject
Project("{FAE04EC0-301F-11D3-BF4B-00C04F79EFBC}") = "Ashlar.Tests.Infrastructure", "src\Ashlar.Tests.Infrastructure\Ashlar.Tests.Infrastructure.csproj", "{1AFBAD49-9A81-4339-9C4F-2014AB4289FF}"
EndProject
Project("{FAE04EC0-301F-11D3-BF4B-00C04F79EFBC}") = "Ashlar.Tests.Application", "src\Ashlar.Tests.Application\Ashlar.Tests.Application.csproj", "{F991CD87-0C91-41E2-82A2-1E60AEF5310A}"
EndProject
Project("{FAE04EC0-301F-11D3-BF4B-00C04F79EFBC}") = "Ashlar.Tests.Domain", "src\Ashlar.Tests.Domain\Ashlar.Tests.Domain.csproj", "{E3F68BEB-5370-4BF8-9176-E1E8D1E2DAD4}"
EndProject
Project("{FAE04EC0-301F-11D3-BF4B-00C04F79EFBC}") = "Ashlar.Hosting", "src\Ashlar.Hosting\Ashlar.Hosting.csproj", "{A1B2C3D4-E5F6-7890-ABCD-EF1234567891}"
EndProject
Project("{FAE04EC0-301F-11D3-BF4B-00C04F79EFBC}") = "Ashlar.Client", "src\Ashlar.Client\Ashlar.Client.csproj", "{C3D4E5F6-A7B8-9012-CDEF-345678901234}"
EndProject
Project("{FAE04EC0-301F-11D3-BF4B-00C04F79EFBC}") = "Ashlar.Sdk", "src\Ashlar.Sdk\Ashlar.Sdk.csproj", "{587D8C05-F4AE-49ED-9498-4DEE3E7B9C10}"
EndProject
Project("{FAE04EC0-301F-11D3-BF4B-00C04F79EFBC}") = "Ashlar.Lite", "src\Ashlar.Lite\Ashlar.Lite.csproj", "{3EE72977-0922-4E20-8AB2-0AB45DB52274}"
EndProject
Project("{FAE04EC0-301F-11D3-BF4B-00C04F79EFBC}") = "Ashlar.Transport.Grpc", "src\Ashlar.Transport.Grpc\Ashlar.Transport.Grpc.csproj", "{B5A74535-A8E7-477E-AA71-D28CB2735426}"
EndProject
Project("{FAE04EC0-301F-11D3-BF4B-00C04F79EFBC}") = "Ashlar.Transport.Grpc.Server", "src\Ashlar.Transport.Grpc.Server\Ashlar.Transport.Grpc.Server.csproj", "{D8D9F9AF-1EAD-4BEB-9DC1-8657A7C39B9E}"
EndProject
Project("{FAE04EC0-301F-11D3-BF4B-00C04F79EFBC}") = "Ashlar.Transport.Grpc.Server.Host", "src\Ashlar.Transport.Grpc.Server.Host\Ashlar.Transport.Grpc.Server.Host.csproj", "{943B0861-DF14-43E3-9DDA-D6359F07D55D}"
EndProject
Project("{FAE04EC0-301F-11D3-BF4B-00C04F79EFBC}") = "Ashlar.Tests.Transport", "src\Ashlar.Tests.Transport\Ashlar.Tests.Transport.csproj", "{9A6E02CA-56C8-4F7C-A1AE-6AB21D8F8AFB}"
EndProject
Project("{FAE04EC0-301F-11D3-BF4B-00C04F79EFBC}") = "Ashlar.BackgroundAgents.HostRunners", "src\Ashlar.BackgroundAgents.HostRunners\Ashlar.BackgroundAgents.HostRunners.csproj", "{C4A004BB-AFCC-4A69-8D36-61C2E9EEFD01}"
EndProject
Project("{FAE04EC0-301F-11D3-BF4B-00C04F79EFBC}") = "Ashlar.Contracts", "src\Ashlar.Contracts\Ashlar.Contracts.csproj", "{F2A54F4C-34A8-49AC-A620-1B75EBA4424A}"
EndProject
Project("{FAE04EC0-301F-11D3-BF4B-00C04F79EFBC}") = "Ashlar.Framework.Sdk", "src\Ashlar.Framework.Sdk\Ashlar.Framework.Sdk.csproj", "{5202644E-F8CC-47EA-92BA-22D18AC55C50}"
EndProject
Project("{FAE04EC0-301F-11D3-BF4B-00C04F79EFBC}") = "Ashlar.Runtime.Bundle", "src\Ashlar.Runtime.Bundle\Ashlar.Runtime.Bundle.csproj", "{DAF7CF6D-2BCB-411F-860D-2CF3EF396E70}"
EndProject
Project("{FAE04EC0-301F-11D3-BF4B-00C04F79EFBC}") = "Ashlar.Ingress.AwsSns", "src\Ashlar.Ingress.AwsSns\Ashlar.Ingress.AwsSns.csproj", "{7C104A42-14C9-4A59-9494-014D238DF354}"
EndProject
Project("{FAE04EC0-301F-11D3-BF4B-00C04F79EFBC}") = "Ashlar.Ingress.AwsSns.Tests", "src\Ashlar.Ingress.AwsSns.Tests\Ashlar.Ingress.AwsSns.Tests.csproj", "{6FE29659-FF7F-4373-9B4F-637CE3D7386B}"
EndProject
Project("{FAE04EC0-301F-11D3-BF4B-00C04F79EFBC}") = "Ashlar.Ingress.DynamoDb", "src\Ashlar.Ingress.DynamoDb\Ashlar.Ingress.DynamoDb.csproj", "{BA87A190-3AED-4032-BF32-33EDBBD47016}"
EndProject
Project("{FAE04EC0-301F-11D3-BF4B-00C04F79EFBC}") = "Ashlar.Ingress.DynamoDb.Tests", "src\Ashlar.Ingress.DynamoDb.Tests\Ashlar.Ingress.DynamoDb.Tests.csproj", "{36A406C1-2497-41FF-846A-2874297F4FA1}"
EndProject
Project("{2150E333-8FDC-42A3-9474-1A3956D46DE8}") = "application", "application", "{CAC298C2-E6C6-490A-B573-856668ECDE11}"
EndProject
Project("{2150E333-8FDC-42A3-9474-1A3956D46DE8}") = "src", "src", "{F89E166B-875E-4F45-A72F-DC15564E7E9A}"
EndProject
Project("{FAE04EC0-301F-11D3-BF4B-00C04F79EFBC}") = "Ashlar.Tests.Kernel", "src\Ashlar.Tests.Kernel\Ashlar.Tests.Kernel.csproj", "{1CFD322C-6892-441F-9884-B7495EC59099}"
EndProject
Project("{FAE04EC0-301F-11D3-BF4B-00C04F79EFBC}") = "Ashlar.CLI", "application\src\Ashlar.CLI\Ashlar.CLI.csproj", "{A552FC8B-4FDE-45CC-AC6B-32EDAD71E661}"
EndProject
Project("{FAE04EC0-301F-11D3-BF4B-00C04F79EFBC}") = "Ashlar.API", "application\src\Ashlar.API\Ashlar.API.csproj", "{900D1396-B41E-4592-9B03-1ECFE9B4A8BA}"
EndProject
Project("{FAE04EC0-301F-11D3-BF4B-00C04F79EFBC}") = "Ashlar.Infrastructure", "src\Ashlar.Infrastructure\Ashlar.Infrastructure.csproj", "{FB24C010-F1E8-4C0D-AB0C-58CFC74A840C}"
EndProject
Project("{FAE04EC0-301F-11D3-BF4B-00C04F79EFBC}") = "Ashlar.Tests.CLI", "application\src\Ashlar.Tests.CLI\Ashlar.Tests.CLI.csproj", "{71D3B105-0223-4236-AB5A-A96D30604642}"
EndProject
Project("{2150E333-8FDC-42A3-9474-1A3956D46DE8}") = "commercial", "commercial", "{6941732A-EE8F-0657-99DC-FA435846C4C2}"
EndProject
Project("{2150E333-8FDC-42A3-9474-1A3956D46DE8}") = "tests", "tests", "{8904A032-99F3-AFCD-AFBD-12F878AC12DB}"
EndProject
Project("{FAE04EC0-301F-11D3-BF4B-00C04F79EFBC}") = "Ashlar.Commercial.Tests.Fleet", "commercial\tests\Ashlar.Commercial.Tests.Fleet\Ashlar.Commercial.Tests.Fleet.csproj", "{1112CCFA-2A91-489F-ACAB-E43501C0E0AA}"
EndProject
Project("{FAE04EC0-301F-11D3-BF4B-00C04F79EFBC}") = "Ashlar.Authoring", "src\Ashlar.Authoring\Ashlar.Authoring.csproj", "{9E3C74B5-BCB4-4177-B52F-FFDA282B455E}"
EndProject
Project("{FAE04EC0-301F-11D3-BF4B-00C04F79EFBC}") = "Ashlar.Certification.Contracts", "src\Ashlar.Certification.Contracts\Ashlar.Certification.Contracts.csproj", "{265B00C0-D947-424D-A624-5233E0FDEC8C}"
EndProject
Project("{FAE04EC0-301F-11D3-BF4B-00C04F79EFBC}") = "Ashlar.Certification.State", "src\Ashlar.Certification.State\Ashlar.Certification.State.csproj", "{B54D36C7-4226-4E82-A0BE-BC49B55B277E}"
EndProject
Project("{FAE04EC0-301F-11D3-BF4B-00C04F79EFBC}") = "Ashlar.AI.Pipeline", "src\Ashlar.AI.Pipeline\Ashlar.AI.Pipeline.csproj", "{AE1A6E76-6D57-4A38-9EB7-989083F7DD92}"
EndProject
Project("{FAE04EC0-301F-11D3-BF4B-00C04F79EFBC}") = "Ashlar.Tests.AI.Pipeline", "src\Ashlar.Tests.AI.Pipeline\Ashlar.Tests.AI.Pipeline.csproj", "{41A42E00-05DC-40E7-9BC5-61B145A4614D}"
EndProject
Project("{FAE04EC0-301F-11D3-BF4B-00C04F79EFBC}") = "Ashlar.Bricks.SqlProfile", "src\Ashlar.Bricks.SqlProfile\Ashlar.Bricks.SqlProfile.csproj", "{AD699FA0-BD04-480A-9FAD-11A0E8972EA6}"
EndProject
Project("{FAE04EC0-301F-11D3-BF4B-00C04F79EFBC}") = "Ashlar.Agents.TestKit", "src\Ashlar.Agents.TestKit\Ashlar.Agents.TestKit.csproj", "{275010BE-F67F-4538-946D-A5F8BC6BFCB1}"
EndProject
Project("{FAE04EC0-301F-11D3-BF4B-00C04F79EFBC}") = "Ashlar.Analyzers", "src\Ashlar.Analyzers\Ashlar.Analyzers.csproj", "{AF97E930-0777-4223-A249-F4B45672C390}"
EndProject
Project("{FAE04EC0-301F-11D3-BF4B-00C04F79EFBC}") = "Ashlar.Analyzers.Tests", "src\Ashlar.Analyzers.Tests\Ashlar.Analyzers.Tests.csproj", "{0ED1235E-0E34-400E-B6CD-1C22D0560D2E}"
EndProject
Project("{FAE04EC0-301F-11D3-BF4B-00C04F79EFBC}") = "Ashlar.Mcp.Server", "src\Ashlar.Mcp.Server\Ashlar.Mcp.Server.csproj", "{003FFC1F-C2A4-4A5A-BE4C-C3A3818BFA97}"
EndProject
Project("{FAE04EC0-301F-11D3-BF4B-00C04F79EFBC}") = "Ashlar.Mcp.Server.Host", "src\Ashlar.Mcp.Server.Host\Ashlar.Mcp.Server.Host.csproj", "{97B79E4E-E40C-4229-8368-DC7993FC14BE}"
EndProject
Project("{FAE04EC0-301F-11D3-BF4B-00C04F79EFBC}") = "Ashlar.Mcp.Server.Tests", "src\Ashlar.Mcp.Server.Tests\Ashlar.Mcp.Server.Tests.csproj", "{D01611B1-E0C8-4F44-8D9E-768CF3BD7394}"
EndProject
Project("{FAE04EC0-301F-11D3-BF4B-00C04F79EFBC}") = "Ashlar.Mcp.Client", "src\Ashlar.Mcp.Client\Ashlar.Mcp.Client.csproj", "{1877B520-4ACB-43DB-9F34-C06BA8DFCB7D}"
EndProject
Project("{FAE04EC0-301F-11D3-BF4B-00C04F79EFBC}") = "Ashlar.Mcp.Client.Tests", "src\Ashlar.Mcp.Client.Tests\Ashlar.Mcp.Client.Tests.csproj", "{B47FAA09-BB17-4A63-913C-438E1DD699B6}"
EndProject
Project("{FAE04EC0-301F-11D3-BF4B-00C04F79EFBC}") = "Ashlar.Transport.A2A", "src\Ashlar.Transport.A2A\Ashlar.Transport.A2A.csproj", "{F822CDCA-9CE8-4FDF-A916-7C8931D80D0D}"
EndProject
Project("{FAE04EC0-301F-11D3-BF4B-00C04F79EFBC}") = "Ashlar.Transport.A2A.Server", "src\Ashlar.Transport.A2A.Server\Ashlar.Transport.A2A.Server.csproj", "{1DB8F29B-DD05-4674-B887-724F1025BF95}"
EndProject
Project("{FAE04EC0-301F-11D3-BF4B-00C04F79EFBC}") = "Ashlar.Transport.A2A.Tests", "src\Ashlar.Transport.A2A.Tests\Ashlar.Transport.A2A.Tests.csproj", "{50AA5A9E-8B7C-428F-B9D6-C8DECA974F5E}"
EndProject
Project("{FAE04EC0-301F-11D3-BF4B-00C04F79EFBC}") = "Ashlar.Transport.A2A.Server.Tests", "src\Ashlar.Transport.A2A.Server.Tests\Ashlar.Transport.A2A.Server.Tests.csproj", "{0E66D197-8A6E-4E6C-B28D-CEFBA9C07E46}"
EndProject
Project("{2150E333-8FDC-42A3-9474-1A3956D46DE8}") = "src", "src", "{956BF976-EC70-9262-D6AE-E090735B13BE}"
EndProject
Project("{FAE04EC0-301F-11D3-BF4B-00C04F79EFBC}") = "Ashlar.Commercial.MeshDirector", "commercial\src\Ashlar.Commercial.MeshDirector\Ashlar.Commercial.MeshDirector.csproj", "{8491EE98-74CB-4D49-940B-93ED5FAEE69C}"
EndProject
Project("{FAE04EC0-301F-11D3-BF4B-00C04F79EFBC}") = "Ashlar.Commercial.Tests.MeshDirector", "commercial\tests\Ashlar.Commercial.Tests.MeshDirector\Ashlar.Commercial.Tests.MeshDirector.csproj", "{5DC932F9-9D11-4876-8359-8E942358BB99}"
EndProject
Project("{FAE04EC0-301F-11D3-BF4B-00C04F79EFBC}") = "Ashlar.Manifest", "src\Ashlar.Manifest\Ashlar.Manifest.csproj", "{F56F6E41-313A-4189-98F5-7BC1ED443426}"
EndProject
Project("{2150E333-8FDC-42A3-9474-1A3956D46DE8}") = "tools", "tools", "{515B14E1-DFF0-42A5-967B-FF8EB1466B8A}"
EndProject
Project("{FAE04EC0-301F-11D3-BF4B-00C04F79EFBC}") = "Ashlar.CertifyBrick", "tools\Ashlar.CertifyBrick\Ashlar.CertifyBrick.csproj", "{3EF1114E-F18E-47CD-BD0D-FE1689C1A180}"
EndProject
Project("{FAE04EC0-301F-11D3-BF4B-00C04F79EFBC}") = "Ashlar.ExportCertifiedBrick", "tools\Ashlar.ExportCertifiedBrick\ExportCertifiedBrick.csproj", "{3F6A3379-25E0-463E-9DCD-427540000585}"
EndProject
Global
	GlobalSection(SolutionConfigurationPlatforms) = preSolution
		Debug|Any CPU = Debug|Any CPU
		Debug|x64 = Debug|x64
		Debug|x86 = Debug|x86
		Release|Any CPU = Release|Any CPU
		Release|x64 = Release|x64
		Release|x86 = Release|x86
	EndGlobalSection
	GlobalSection(ProjectConfigurationPlatforms) = postSolution
		{5BD03B15-E856-4CEF-AA1B-78BB82708193}.Debug|Any CPU.ActiveCfg = Debug|Any CPU
		{5BD03B15-E856-4CEF-AA1B-78BB82708193}.Debug|Any CPU.Build.0 = Debug|Any CPU
		{5BD03B15-E856-4CEF-AA1B-78BB82708193}.Debug|x64.ActiveCfg = Debug|Any CPU
		{5BD03B15-E856-4CEF-AA1B-78BB82708193}.Debug|x64.Build.0 = Debug|Any CPU
		{5BD03B15-E856-4CEF-AA1B-78BB82708193}.Debug|x86.ActiveCfg = Debug|Any CPU
		{5BD03B15-E856-4CEF-AA1B-78BB82708193}.Debug|x86.Build.0 = Debug|Any CPU
		{5BD03B15-E856-4CEF-AA1B-78BB82708193}.Release|Any CPU.ActiveCfg = Release|Any CPU
		{5BD03B15-E856-4CEF-AA1B-78BB82708193}.Release|Any CPU.Build.0 = Release|Any CPU
		{5BD03B15-E856-4CEF-AA1B-78BB82708193}.Release|x64.ActiveCfg = Release|Any CPU
		{5BD03B15-E856-4CEF-AA1B-78BB82708193}.Release|x64.Build.0 = Release|Any CPU
		{5BD03B15-E856-4CEF-AA1B-78BB82708193}.Release|x86.ActiveCfg = Release|Any CPU
		{5BD03B15-E856-4CEF-AA1B-78BB82708193}.Release|x86.Build.0 = Release|Any CPU
		{B86F46D4-C9DE-4A54-A423-74D7BF4E42D9}.Debug|Any CPU.ActiveCfg = Debug|Any CPU
		{B86F46D4-C9DE-4A54-A423-74D7BF4E42D9}.Debug|Any CPU.Build.0 = Debug|Any CPU
		{B86F46D4-C9DE-4A54-A423-74D7BF4E42D9}.Debug|x64.ActiveCfg = Debug|Any CPU
		{B86F46D4-C9DE-4A54-A423-74D7BF4E42D9}.Debug|x64.Build.0 = Debug|Any CPU
		{B86F46D4-C9DE-4A54-A423-74D7BF4E42D9}.Debug|x86.ActiveCfg = Debug|Any CPU
		{B86F46D4-C9DE-4A54-A423-74D7BF4E42D9}.Debug|x86.Build.0 = Debug|Any CPU
		{B86F46D4-C9DE-4A54-A423-74D7BF4E42D9}.Release|Any CPU.ActiveCfg = Release|Any CPU
		{B86F46D4-C9DE-4A54-A423-74D7BF4E42D9}.Release|Any CPU.Build.0 = Release|Any CPU
		{B86F46D4-C9DE-4A54-A423-74D7BF4E42D9}.Release|x64.ActiveCfg = Release|Any CPU
		{B86F46D4-C9DE-4A54-A423-74D7BF4E42D9}.Release|x64.Build.0 = Release|Any CPU
		{B86F46D4-C9DE-4A54-A423-74D7BF4E42D9}.Release|x86.ActiveCfg = Release|Any CPU
		{B86F46D4-C9DE-4A54-A423-74D7BF4E42D9}.Release|x86.Build.0 = Release|Any CPU
		{E1F2A3B4-C5D6-7890-ABCD-EF1234567890}.Debug|Any CPU.ActiveCfg = Debug|Any CPU
		{E1F2A3B4-C5D6-7890-ABCD-EF1234567890}.Debug|Any CPU.Build.0 = Debug|Any CPU
		{E1F2A3B4-C5D6-7890-ABCD-EF1234567890}.Debug|x64.ActiveCfg = Debug|Any CPU
		{E1F2A3B4-C5D6-7890-ABCD-EF1234567890}.Debug|x64.Build.0 = Debug|Any CPU
		{E1F2A3B4-C5D6-7890-ABCD-EF1234567890}.Debug|x86.ActiveCfg = Debug|Any CPU
		{E1F2A3B4-C5D6-7890-ABCD-EF1234567890}.Debug|x86.Build.0 = Debug|Any CPU
		{E1F2A3B4-C5D6-7890-ABCD-EF1234567890}.Release|Any CPU.ActiveCfg = Release|Any CPU
		{E1F2A3B4-C5D6-7890-ABCD-EF1234567890}.Release|Any CPU.Build.0 = Release|Any CPU
		{E1F2A3B4-C5D6-7890-ABCD-EF1234567890}.Release|x64.ActiveCfg = Release|Any CPU
		{E1F2A3B4-C5D6-7890-ABCD-EF1234567890}.Release|x64.Build.0 = Release|Any CPU
		{E1F2A3B4-C5D6-7890-ABCD-EF1234567890}.Release|x86.ActiveCfg = Release|Any CPU
		{E1F2A3B4-C5D6-7890-ABCD-EF1234567890}.Release|x86.Build.0 = Release|Any CPU
		{F2A3B4C5-D6E7-8901-BCDE-F12345678901}.Debug|Any CPU.ActiveCfg = Debug|Any CPU
		{F2A3B4C5-D6E7-8901-BCDE-F12345678901}.Debug|Any CPU.Build.0 = Debug|Any CPU
		{F2A3B4C5-D6E7-8901-BCDE-F12345678901}.Debug|x64.ActiveCfg = Debug|Any CPU
		{F2A3B4C5-D6E7-8901-BCDE-F12345678901}.Debug|x64.Build.0 = Debug|Any CPU
		{F2A3B4C5-D6E7-8901-BCDE-F12345678901}.Debug|x86.ActiveCfg = Debug|Any CPU
		{F2A3B4C5-D6E7-8901-BCDE-F12345678901}.Debug|x86.Build.0 = Debug|Any CPU
		{F2A3B4C5-D6E7-8901-BCDE-F12345678901}.Release|Any CPU.ActiveCfg = Release|Any CPU
		{F2A3B4C5-D6E7-8901-BCDE-F12345678901}.Release|Any CPU.Build.0 = Release|Any CPU
		{F2A3B4C5-D6E7-8901-BCDE-F12345678901}.Release|x64.ActiveCfg = Release|Any CPU
		{F2A3B4C5-D6E7-8901-BCDE-F12345678901}.Release|x64.Build.0 = Release|Any CPU
		{F2A3B4C5-D6E7-8901-BCDE-F12345678901}.Release|x86.ActiveCfg = Release|Any CPU
		{F2A3B4C5-D6E7-8901-BCDE-F12345678901}.Release|x86.Build.0 = Release|Any CPU
		{E7F8A9B0-C1D2-3456-F234-567890123456}.Debug|Any CPU.ActiveCfg = Debug|Any CPU
		{E7F8A9B0-C1D2-3456-F234-567890123456}.Debug|Any CPU.Build.0 = Debug|Any CPU
		{E7F8A9B0-C1D2-3456-F234-567890123456}.Debug|x64.ActiveCfg = Debug|Any CPU
		{E7F8A9B0-C1D2-3456-F234-567890123456}.Debug|x64.Build.0 = Debug|Any CPU
		{E7F8A9B0-C1D2-3456-F234-567890123456}.Debug|x86.ActiveCfg = Debug|Any CPU
		{E7F8A9B0-C1D2-3456-F234-567890123456}.Debug|x86.Build.0 = Debug|Any CPU
		{E7F8A9B0-C1D2-3456-F234-567890123456}.Release|Any CPU.ActiveCfg = Release|Any CPU
		{E7F8A9B0-C1D2-3456-F234-567890123456}.Release|Any CPU.Build.0 = Release|Any CPU
		{E7F8A9B0-C1D2-3456-F234-567890123456}.Release|x64.ActiveCfg = Release|Any CPU
		{E7F8A9B0-C1D2-3456-F234-567890123456}.Release|x64.Build.0 = Release|Any CPU
		{E7F8A9B0-C1D2-3456-F234-567890123456}.Release|x86.ActiveCfg = Release|Any CPU
		{E7F8A9B0-C1D2-3456-F234-567890123456}.Release|x86.Build.0 = Release|Any CPU
		{F8A9B0C1-D2E3-4567-F345-678901234567}.Debug|Any CPU.ActiveCfg = Debug|Any CPU
		{F8A9B0C1-D2E3-4567-F345-678901234567}.Debug|Any CPU.Build.0 = Debug|Any CPU
		{F8A9B0C1-D2E3-4567-F345-678901234567}.Debug|x64.ActiveCfg = Debug|Any CPU
		{F8A9B0C1-D2E3-4567-F345-678901234567}.Debug|x64.Build.0 = Debug|Any CPU
		{F8A9B0C1-D2E3-4567-F345-678901234567}.Debug|x86.ActiveCfg = Debug|Any CPU
		{F8A9B0C1-D2E3-4567-F345-678901234567}.Debug|x86.Build.0 = Debug|Any CPU
		{F8A9B0C1-D2E3-4567-F345-678901234567}.Release|Any CPU.ActiveCfg = Release|Any CPU
		{F8A9B0C1-D2E3-4567-F345-678901234567}.Release|Any CPU.Build.0 = Release|Any CPU
		{F8A9B0C1-D2E3-4567-F345-678901234567}.Release|x64.ActiveCfg = Release|Any CPU
		{F8A9B0C1-D2E3-4567-F345-678901234567}.Release|x64.Build.0 = Release|Any CPU
		{F8A9B0C1-D2E3-4567-F345-678901234567}.Release|x86.ActiveCfg = Release|Any CPU
		{F8A9B0C1-D2E3-4567-F345-678901234567}.Release|x86.Build.0 = Release|Any CPU
		{A9B0C1D2-E3F4-5678-F456-789012345678}.Debug|Any CPU.ActiveCfg = Debug|Any CPU
		{A9B0C1D2-E3F4-5678-F456-789012345678}.Debug|Any CPU.Build.0 = Debug|Any CPU
		{A9B0C1D2-E3F4-5678-F456-789012345678}.Debug|x64.ActiveCfg = Debug|Any CPU
		{A9B0C1D2-E3F4-5678-F456-789012345678}.Debug|x64.Build.0 = Debug|Any CPU
		{A9B0C1D2-E3F4-5678-F456-789012345678}.Debug|x86.ActiveCfg = Debug|Any CPU
		{A9B0C1D2-E3F4-5678-F456-789012345678}.Debug|x86.Build.0 = Debug|Any CPU
		{A9B0C1D2-E3F4-5678-F456-789012345678}.Release|Any CPU.ActiveCfg = Release|Any CPU
		{A9B0C1D2-E3F4-5678-F456-789012345678}.Release|Any CPU.Build.0 = Release|Any CPU
		{A9B0C1D2-E3F4-5678-F456-789012345678}.Release|x64.ActiveCfg = Release|Any CPU
		{A9B0C1D2-E3F4-5678-F456-789012345678}.Release|x64.Build.0 = Release|Any CPU
		{A9B0C1D2-E3F4-5678-F456-789012345678}.Release|x86.ActiveCfg = Release|Any CPU
		{A9B0C1D2-E3F4-5678-F456-789012345678}.Release|x86.Build.0 = Release|Any CPU
		{C1D2E3F4-A5B6-7890-F678-901234567890}.Debug|Any CPU.ActiveCfg = Debug|Any CPU
		{C1D2E3F4-A5B6-7890-F678-901234567890}.Debug|Any CPU.Build.0 = Debug|Any CPU
		{C1D2E3F4-A5B6-7890-F678-901234567890}.Debug|x64.ActiveCfg = Debug|Any CPU
		{C1D2E3F4-A5B6-7890-F678-901234567890}.Debug|x64.Build.0 = Debug|Any CPU
		{C1D2E3F4-A5B6-7890-F678-901234567890}.Debug|x86.ActiveCfg = Debug|Any CPU
		{C1D2E3F4-A5B6-7890-F678-901234567890}.Debug|x86.Build.0 = Debug|Any CPU
		{C1D2E3F4-A5B6-7890-F678-901234567890}.Release|Any CPU.ActiveCfg = Release|Any CPU
		{C1D2E3F4-A5B6-7890-F678-901234567890}.Release|Any CPU.Build.0 = Release|Any CPU
		{C1D2E3F4-A5B6-7890-F678-901234567890}.Release|x64.ActiveCfg = Release|Any CPU
		{C1D2E3F4-A5B6-7890-F678-901234567890}.Release|x64.Build.0 = Release|Any CPU
		{C1D2E3F4-A5B6-7890-F678-901234567890}.Release|x86.ActiveCfg = Release|Any CPU
		{C1D2E3F4-A5B6-7890-F678-901234567890}.Release|x86.Build.0 = Release|Any CPU
		{D2E3F4A5-B6C7-8901-F789-012345678901}.Debug|Any CPU.ActiveCfg = Debug|Any CPU
		{D2E3F4A5-B6C7-8901-F789-012345678901}.Debug|Any CPU.Build.0 = Debug|Any CPU
		{D2E3F4A5-B6C7-8901-F789-012345678901}.Debug|x64.ActiveCfg = Debug|Any CPU
		{D2E3F4A5-B6C7-8901-F789-012345678901}.Debug|x64.Build.0 = Debug|Any CPU
		{D2E3F4A5-B6C7-8901-F789-012345678901}.Debug|x86.ActiveCfg = Debug|Any CPU
		{D2E3F4A5-B6C7-8901-F789-012345678901}.Debug|x86.Build.0 = Debug|Any CPU
		{D2E3F4A5-B6C7-8901-F789-012345678901}.Release|Any CPU.ActiveCfg = Release|Any CPU
		{D2E3F4A5-B6C7-8901-F789-012345678901}.Release|Any CPU.Build.0 = Release|Any CPU
		{D2E3F4A5-B6C7-8901-F789-012345678901}.Release|x64.ActiveCfg = Release|Any CPU
		{D2E3F4A5-B6C7-8901-F789-012345678901}.Release|x64.Build.0 = Release|Any CPU
		{D2E3F4A5-B6C7-8901-F789-012345678901}.Release|x86.ActiveCfg = Release|Any CPU
		{D2E3F4A5-B6C7-8901-F789-012345678901}.Release|x86.Build.0 = Release|Any CPU
		{4D936C54-C662-4788-9702-0C60DE90B4B1}.Debug|Any CPU.ActiveCfg = Debug|Any CPU
		{4D936C54-C662-4788-9702-0C60DE90B4B1}.Debug|Any CPU.Build.0 = Debug|Any CPU
		{4D936C54-C662-4788-9702-0C60DE90B4B1}.Debug|x64.ActiveCfg = Debug|Any CPU
		{4D936C54-C662-4788-9702-0C60DE90B4B1}.Debug|x64.Build.0 = Debug|Any CPU
		{4D936C54-C662-4788-9702-0C60DE90B4B1}.Debug|x86.ActiveCfg = Debug|Any CPU
		{4D936C54-C662-4788-9702-0C60DE90B4B1}.Debug|x86.Build.0 = Debug|Any CPU
		{4D936C54-C662-4788-9702-0C60DE90B4B1}.Release|Any CPU.ActiveCfg = Release|Any CPU
		{4D936C54-C662-4788-9702-0C60DE90B4B1}.Release|Any CPU.Build.0 = Release|Any CPU
		{4D936C54-C662-4788-9702-0C60DE90B4B1}.Release|x64.ActiveCfg = Release|Any CPU
		{4D936C54-C662-4788-9702-0C60DE90B4B1}.Release|x64.Build.0 = Release|Any CPU
		{4D936C54-C662-4788-9702-0C60DE90B4B1}.Release|x86.ActiveCfg = Release|Any CPU
		{4D936C54-C662-4788-9702-0C60DE90B4B1}.Release|x86.Build.0 = Release|Any CPU
		{153EFFE9-0EF3-46F5-B3EB-BAC3DDDC506E}.Debug|Any CPU.ActiveCfg = Debug|Any CPU
		{153EFFE9-0EF3-46F5-B3EB-BAC3DDDC506E}.Debug|Any CPU.Build.0 = Debug|Any CPU
		{153EFFE9-0EF3-46F5-B3EB-BAC3DDDC506E}.Debug|x64.ActiveCfg = Debug|Any CPU
		{153EFFE9-0EF3-46F5-B3EB-BAC3DDDC506E}.Debug|x64.Build.0 = Debug|Any CPU
		{153EFFE9-0EF3-46F5-B3EB-BAC3DDDC506E}.Debug|x86.ActiveCfg = Debug|Any CPU
		{153EFFE9-0EF3-46F5-B3EB-BAC3DDDC506E}.Debug|x86.Build.0 = Debug|Any CPU
		{153EFFE9-0EF3-46F5-B3EB-BAC3DDDC506E}.Release|Any CPU.ActiveCfg = Release|Any CPU
		{153EFFE9-0EF3-46F5-B3EB-BAC3DDDC506E}.Release|Any CPU.Build.0 = Release|Any CPU
		{153EFFE9-0EF3-46F5-B3EB-BAC3DDDC506E}.Release|x64.ActiveCfg = Release|Any CPU
		{153EFFE9-0EF3-46F5-B3EB-BAC3DDDC506E}.Release|x64.Build.0 = Release|Any CPU
		{153EFFE9-0EF3-46F5-B3EB-BAC3DDDC506E}.Release|x86.ActiveCfg = Release|Any CPU
		{153EFFE9-0EF3-46F5-B3EB-BAC3DDDC506E}.Release|x86.Build.0 = Release|Any CPU
		{79F47F1D-EC2D-4398-96CA-B08D3A9724DB}.Debug|Any CPU.ActiveCfg = Debug|Any CPU
		{79F47F1D-EC2D-4398-96CA-B08D3A9724DB}.Debug|Any CPU.Build.0 = Debug|Any CPU
		{79F47F1D-EC2D-4398-96CA-B08D3A9724DB}.Debug|x64.ActiveCfg = Debug|Any CPU
		{79F47F1D-EC2D-4398-96CA-B08D3A9724DB}.Debug|x64.Build.0 = Debug|Any CPU
		{79F47F1D-EC2D-4398-96CA-B08D3A9724DB}.Debug|x86.ActiveCfg = Debug|Any CPU
		{79F47F1D-EC2D-4398-96CA-B08D3A9724DB}.Debug|x86.Build.0 = Debug|Any CPU
		{79F47F1D-EC2D-4398-96CA-B08D3A9724DB}.Release|Any CPU.ActiveCfg = Release|Any CPU
		{79F47F1D-EC2D-4398-96CA-B08D3A9724DB}.Release|Any CPU.Build.0 = Release|Any CPU
		{79F47F1D-EC2D-4398-96CA-B08D3A9724DB}.Release|x64.ActiveCfg = Release|Any CPU
		{79F47F1D-EC2D-4398-96CA-B08D3A9724DB}.Release|x64.Build.0 = Release|Any CPU
		{79F47F1D-EC2D-4398-96CA-B08D3A9724DB}.Release|x86.ActiveCfg = Release|Any CPU
		{79F47F1D-EC2D-4398-96CA-B08D3A9724DB}.Release|x86.Build.0 = Release|Any CPU
		{4E64A5A5-C6F6-4E04-839B-570503542327}.Debug|Any CPU.ActiveCfg = Debug|Any CPU
		{4E64A5A5-C6F6-4E04-839B-570503542327}.Debug|Any CPU.Build.0 = Debug|Any CPU
		{4E64A5A5-C6F6-4E04-839B-570503542327}.Debug|x64.ActiveCfg = Debug|Any CPU
		{4E64A5A5-C6F6-4E04-839B-570503542327}.Debug|x64.Build.0 = Debug|Any CPU
		{4E64A5A5-C6F6-4E04-839B-570503542327}.Debug|x86.ActiveCfg = Debug|Any CPU
		{4E64A5A5-C6F6-4E04-839B-570503542327}.Debug|x86.Build.0 = Debug|Any CPU
		{4E64A5A5-C6F6-4E04-839B-570503542327}.Release|Any CPU.ActiveCfg = Release|Any CPU
		{4E64A5A5-C6F6-4E04-839B-570503542327}.Release|Any CPU.Build.0 = Release|Any CPU
		{4E64A5A5-C6F6-4E04-839B-570503542327}.Release|x64.ActiveCfg = Release|Any CPU
		{4E64A5A5-C6F6-4E04-839B-570503542327}.Release|x64.Build.0 = Release|Any CPU
		{4E64A5A5-C6F6-4E04-839B-570503542327}.Release|x86.ActiveCfg = Release|Any CPU
		{4E64A5A5-C6F6-4E04-839B-570503542327}.Release|x86.Build.0 = Release|Any CPU
		{075C8F77-AF69-42FC-8098-BC01F0920FD5}.Debug|Any CPU.ActiveCfg = Debug|Any CPU
		{075C8F77-AF69-42FC-8098-BC01F0920FD5}.Debug|Any CPU.Build.0 = Debug|Any CPU
		{075C8F77-AF69-42FC-8098-BC01F0920FD5}.Debug|x64.ActiveCfg = Debug|Any CPU
		{075C8F77-AF69-42FC-8098-BC01F0920FD5}.Debug|x64.Build.0 = Debug|Any CPU
		{075C8F77-AF69-42FC-8098-BC01F0920FD5}.Debug|x86.ActiveCfg = Debug|Any CPU
		{075C8F77-AF69-42FC-8098-BC01F0920FD5}.Debug|x86.Build.0 = Debug|Any CPU
		{075C8F77-AF69-42FC-8098-BC01F0920FD5}.Release|Any CPU.ActiveCfg = Release|Any CPU
		{075C8F77-AF69-42FC-8098-BC01F0920FD5}.Release|Any CPU.Build.0 = Release|Any CPU
		{075C8F77-AF69-42FC-8098-BC01F0920FD5}.Release|x64.ActiveCfg = Release|Any CPU
		{075C8F77-AF69-42FC-8098-BC01F0920FD5}.Release|x64.Build.0 = Release|Any CPU
		{075C8F77-AF69-42FC-8098-BC01F0920FD5}.Release|x86.ActiveCfg = Release|Any CPU
		{075C8F77-AF69-42FC-8098-BC01F0920FD5}.Release|x86.Build.0 = Release|Any CPU
		{B1C2D3E4-F5A6-7890-ABCD-EF1234567890}.Debug|Any CPU.ActiveCfg = Debug|Any CPU
		{B1C2D3E4-F5A6-7890-ABCD-EF1234567890}.Debug|Any CPU.Build.0 = Debug|Any CPU
		{B1C2D3E4-F5A6-7890-ABCD-EF1234567890}.Debug|x64.ActiveCfg = Debug|Any CPU
		{B1C2D3E4-F5A6-7890-ABCD-EF1234567890}.Debug|x64.Build.0 = Debug|Any CPU
		{B1C2D3E4-F5A6-7890-ABCD-EF1234567890}.Debug|x86.ActiveCfg = Debug|Any CPU
		{B1C2D3E4-F5A6-7890-ABCD-EF1234567890}.Debug|x86.Build.0 = Debug|Any CPU
		{B1C2D3E4-F5A6-7890-ABCD-EF1234567890}.Release|Any CPU.ActiveCfg = Release|Any CPU
		{B1C2D3E4-F5A6-7890-ABCD-EF1234567890}.Release|Any CPU.Build.0 = Release|Any CPU
		{B1C2D3E4-F5A6-7890-ABCD-EF1234567890}.Release|x64.ActiveCfg = Release|Any CPU
		{B1C2D3E4-F5A6-7890-ABCD-EF1234567890}.Release|x64.Build.0 = Release|Any CPU
		{B1C2D3E4-F5A6-7890-ABCD-EF1234567890}.Release|x86.ActiveCfg = Release|Any CPU
		{B1C2D3E4-F5A6-7890-ABCD-EF1234567890}.Release|x86.Build.0 = Release|Any CPU
		{2BFBAD50-9A81-4339-9C4F-2014AB4289FF}.Debug|Any CPU.ActiveCfg = Debug|Any CPU
		{2BFBAD50-9A81-4339-9C4F-2014AB4289FF}.Debug|Any CPU.Build.0 = Debug|Any CPU
		{2BFBAD50-9A81-4339-9C4F-2014AB4289FF}.Debug|x64.ActiveCfg = Debug|Any CPU
		{2BFBAD50-9A81-4339-9C4F-2014AB4289FF}.Debug|x64.Build.0 = Debug|Any CPU
		{2BFBAD50-9A81-4339-9C4F-2014AB4289FF}.Debug|x86.ActiveCfg = Debug|Any CPU
		{2BFBAD50-9A81-4339-9C4F-2014AB4289FF}.Debug|x86.Build.0 = Debug|Any CPU
		{2BFBAD50-9A81-4339-9C4F-2014AB4289FF}.Release|Any CPU.ActiveCfg = Release|Any CPU
		{2BFBAD50-9A81-4339-9C4F-2014AB4289FF}.Release|Any CPU.Build.0 = Release|Any CPU
		{2BFBAD50-9A81-4339-9C4F-2014AB4289FF}.Release|x64.ActiveCfg = Release|Any CPU
		{2BFBAD50-9A81-4339-9C4F-2014AB4289FF}.Release|x64.Build.0 = Release|Any CPU
		{2BFBAD50-9A81-4339-9C4F-2014AB4289FF}.Release|x86.ActiveCfg = Release|Any CPU
		{2BFBAD50-9A81-4339-9C4F-2014AB4289FF}.Release|x86.Build.0 = Release|Any CPU
		{1AFBAD49-9A81-4339-9C4F-2014AB4289FF}.Debug|Any CPU.ActiveCfg = Debug|Any CPU
		{1AFBAD49-9A81-4339-9C4F-2014AB4289FF}.Debug|Any CPU.Build.0 = Debug|Any CPU
		{1AFBAD49-9A81-4339-9C4F-2014AB4289FF}.Debug|x64.ActiveCfg = Debug|Any CPU
		{1AFBAD49-9A81-4339-9C4F-2014AB4289FF}.Debug|x64.Build.0 = Debug|Any CPU
		{1AFBAD49-9A81-4339-9C4F-2014AB4289FF}.Debug|x86.ActiveCfg = Debug|Any CPU
		{1AFBAD49-9A81-4339-9C4F-2014AB4289FF}.Debug|x86.Build.0 = Debug|Any CPU
		{1AFBAD49-9A81-4339-9C4F-2014AB4289FF}.Release|Any CPU.ActiveCfg = Release|Any CPU
		{1AFBAD49-9A81-4339-9C4F-2014AB4289FF}.Release|Any CPU.Build.0 = Release|Any CPU
		{1AFBAD49-9A81-4339-9C4F-2014AB4289FF}.Release|x64.ActiveCfg = Release|Any CPU
		{1AFBAD49-9A81-4339-9C4F-2014AB4289FF}.Release|x64.Build.0 = Release|Any CPU
		{1AFBAD49-9A81-4339-9C4F-2014AB4289FF}.Release|x86.ActiveCfg = Release|Any CPU
		{1AFBAD49-9A81-4339-9C4F-2014AB4289FF}.Release|x86.Build.0 = Release|Any CPU
		{F991CD87-0C91-41E2-82A2-1E60AEF5310A}.Debug|Any CPU.ActiveCfg = Debug|Any CPU
		{F991CD87-0C91-41E2-82A2-1E60AEF5310A}.Debug|Any CPU.Build.0 = Debug|Any CPU
		{F991CD87-0C91-41E2-82A2-1E60AEF5310A}.Debug|x64.ActiveCfg = Debug|Any CPU
		{F991CD87-0C91-41E2-82A2-1E60AEF5310A}.Debug|x64.Build.0 = Debug|Any CPU
		{F991CD87-0C91-41E2-82A2-1E60AEF5310A}.Debug|x86.ActiveCfg = Debug|Any CPU
		{F991CD87-0C91-41E2-82A2-1E60AEF5310A}.Debug|x86.Build.0 = Debug|Any CPU
		{F991CD87-0C91-41E2-82A2-1E60AEF5310A}.Release|Any CPU.ActiveCfg = Release|Any CPU
		{F991CD87-0C91-41E2-82A2-1E60AEF5310A}.Release|Any CPU.Build.0 = Release|Any CPU
		{F991CD87-0C91-41E2-82A2-1E60AEF5310A}.Release|x64.ActiveCfg = Release|Any CPU
		{F991CD87-0C91-41E2-82A2-1E60AEF5310A}.Release|x64.Build.0 = Release|Any CPU
		{F991CD87-0C91-41E2-82A2-1E60AEF5310A}.Release|x86.ActiveCfg = Release|Any CPU
		{F991CD87-0C91-41E2-82A2-1E60AEF5310A}.Release|x86.Build.0 = Release|Any CPU
		{E3F68BEB-5370-4BF8-9176-E1E8D1E2DAD4}.Debug|Any CPU.ActiveCfg = Debug|Any CPU
		{E3F68BEB-5370-4BF8-9176-E1E8D1E2DAD4}.Debug|Any CPU.Build.0 = Debug|Any CPU
		{E3F68BEB-5370-4BF8-9176-E1E8D1E2DAD4}.Debug|x64.ActiveCfg = Debug|Any CPU
		{E3F68BEB-5370-4BF8-9176-E1E8D1E2DAD4}.Debug|x64.Build.0 = Debug|Any CPU
		{E3F68BEB-5370-4BF8-9176-E1E8D1E2DAD4}.Debug|x86.ActiveCfg = Debug|Any CPU
		{E3F68BEB-5370-4BF8-9176-E1E8D1E2DAD4}.Debug|x86.Build.0 = Debug|Any CPU
		{E3F68BEB-5370-4BF8-9176-E1E8D1E2DAD4}.Release|Any CPU.ActiveCfg = Release|Any CPU
		{E3F68BEB-5370-4BF8-9176-E1E8D1E2DAD4}.Release|Any CPU.Build.0 = Release|Any CPU
		{E3F68BEB-5370-4BF8-9176-E1E8D1E2DAD4}.Release|x64.ActiveCfg = Release|Any CPU
		{E3F68BEB-5370-4BF8-9176-E1E8D1E2DAD4}.Release|x64.Build.0 = Release|Any CPU
		{E3F68BEB-5370-4BF8-9176-E1E8D1E2DAD4}.Release|x86.ActiveCfg = Release|Any CPU
		{E3F68BEB-5370-4BF8-9176-E1E8D1E2DAD4}.Release|x86.Build.0 = Release|Any CPU
		{A1B2C3D4-E5F6-7890-ABCD-EF1234567891}.Debug|Any CPU.ActiveCfg = Debug|Any CPU
		{A1B2C3D4-E5F6-7890-ABCD-EF1234567891}.Debug|Any CPU.Build.0 = Debug|Any CPU
		{A1B2C3D4-E5F6-7890-ABCD-EF1234567891}.Debug|x64.ActiveCfg = Debug|Any CPU
		{A1B2C3D4-E5F6-7890-ABCD-EF1234567891}.Debug|x64.Build.0 = Debug|Any CPU
		{A1B2C3D4-E5F6-7890-ABCD-EF1234567891}.Debug|x86.ActiveCfg = Debug|Any CPU
		{A1B2C3D4-E5F6-7890-ABCD-EF1234567891}.Debug|x86.Build.0 = Debug|Any CPU
		{A1B2C3D4-E5F6-7890-ABCD-EF1234567891}.Release|Any CPU.ActiveCfg = Release|Any CPU
		{A1B2C3D4-E5F6-7890-ABCD-EF1234567891}.Release|Any CPU.Build.0 = Release|Any CPU
		{A1B2C3D4-E5F6-7890-ABCD-EF1234567891}.Release|x64.ActiveCfg = Release|Any CPU
		{A1B2C3D4-E5F6-7890-ABCD-EF1234567891}.Release|x64.Build.0 = Release|Any CPU
		{A1B2C3D4-E5F6-7890-ABCD-EF1234567891}.Release|x86.ActiveCfg = Release|Any CPU
		{A1B2C3D4-E5F6-7890-ABCD-EF1234567891}.Release|x86.Build.0 = Release|Any CPU
		{C3D4E5F6-A7B8-9012-CDEF-345678901234}.Debug|Any CPU.ActiveCfg = Debug|Any CPU
		{C3D4E5F6-A7B8-9012-CDEF-345678901234}.Debug|Any CPU.Build.0 = Debug|Any CPU
		{C3D4E5F6-A7B8-9012-CDEF-345678901234}.Debug|x64.ActiveCfg = Debug|Any CPU
		{C3D4E5F6-A7B8-9012-CDEF-345678901234}.Debug|x64.Build.0 = Debug|Any CPU
		{C3D4E5F6-A7B8-9012-CDEF-345678901234}.Debug|x86.ActiveCfg = Debug|Any CPU
		{C3D4E5F6-A7B8-9012-CDEF-345678901234}.Debug|x86.Build.0 = Debug|Any CPU
		{C3D4E5F6-A7B8-9012-CDEF-345678901234}.Release|Any CPU.ActiveCfg = Release|Any CPU
		{C3D4E5F6-A7B8-9012-CDEF-345678901234}.Release|Any CPU.Build.0 = Release|Any CPU
		{C3D4E5F6-A7B8-9012-CDEF-345678901234}.Release|x64.ActiveCfg = Release|Any CPU
		{C3D4E5F6-A7B8-9012-CDEF-345678901234}.Release|x64.Build.0 = Release|Any CPU
		{C3D4E5F6-A7B8-9012-CDEF-345678901234}.Release|x86.ActiveCfg = Release|Any CPU
		{C3D4E5F6-A7B8-9012-CDEF-345678901234}.Release|x86.Build.0 = Release|Any CPU
		{587D8C05-F4AE-49ED-9498-4DEE3E7B9C10}.Debug|Any CPU.ActiveCfg = Debug|Any CPU
		{587D8C05-F4AE-49ED-9498-4DEE3E7B9C10}.Debug|Any CPU.Build.0 = Debug|Any CPU
		{587D8C05-F4AE-49ED-9498-4DEE3E7B9C10}.Debug|x64.ActiveCfg = Debug|Any CPU
		{587D8C05-F4AE-49ED-9498-4DEE3E7B9C10}.Debug|x64.Build.0 = Debug|Any CPU
		{587D8C05-F4AE-49ED-9498-4DEE3E7B9C10}.Debug|x86.ActiveCfg = Debug|Any CPU
		{587D8C05-F4AE-49ED-9498-4DEE3E7B9C10}.Debug|x86.Build.0 = Debug|Any CPU
		{587D8C05-F4AE-49ED-9498-4DEE3E7B9C10}.Release|Any CPU.ActiveCfg = Release|Any CPU
		{587D8C05-F4AE-49ED-9498-4DEE3E7B9C10}.Release|Any CPU.Build.0 = Release|Any CPU
		{587D8C05-F4AE-49ED-9498-4DEE3E7B9C10}.Release|x64.ActiveCfg = Release|Any CPU
		{587D8C05-F4AE-49ED-9498-4DEE3E7B9C10}.Release|x64.Build.0 = Release|Any CPU
		{587D8C05-F4AE-49ED-9498-4DEE3E7B9C10}.Release|x86.ActiveCfg = Release|Any CPU
		{587D8C05-F4AE-49ED-9498-4DEE3E7B9C10}.Release|x86.Build.0 = Release|Any CPU
		{3EE72977-0922-4E20-8AB2-0AB45DB52274}.Debug|Any CPU.ActiveCfg = Debug|Any CPU
		{3EE72977-0922-4E20-8AB2-0AB45DB52274}.Debug|Any CPU.Build.0 = Debug|Any CPU
		{3EE72977-0922-4E20-8AB2-0AB45DB52274}.Debug|x64.ActiveCfg = Debug|Any CPU
		{3EE72977-0922-4E20-8AB2-0AB45DB52274}.Debug|x64.Build.0 = Debug|Any CPU
		{3EE72977-0922-4E20-8AB2-0AB45DB52274}.Debug|x86.ActiveCfg = Debug|Any CPU
		{3EE72977-0922-4E20-8AB2-0AB45DB52274}.Debug|x86.Build.0 = Debug|Any CPU
		{3EE72977-0922-4E20-8AB2-0AB45DB52274}.Release|Any CPU.ActiveCfg = Release|Any CPU
		{3EE72977-0922-4E20-8AB2-0AB45DB52274}.Release|Any CPU.Build.0 = Release|Any CPU
		{3EE72977-0922-4E20-8AB2-0AB45DB52274}.Release|x64.ActiveCfg = Release|Any CPU
		{3EE72977-0922-4E20-8AB2-0AB45DB52274}.Release|x64.Build.0 = Release|Any CPU
		{3EE72977-0922-4E20-8AB2-0AB45DB52274}.Release|x86.ActiveCfg = Release|Any CPU
		{3EE72977-0922-4E20-8AB2-0AB45DB52274}.Release|x86.Build.0 = Release|Any CPU
		{B5A74535-A8E7-477E-AA71-D28CB2735426}.Debug|Any CPU.ActiveCfg = Debug|Any CPU
		{B5A74535-A8E7-477E-AA71-D28CB2735426}.Debug|Any CPU.Build.0 = Debug|Any CPU
		{B5A74535-A8E7-477E-AA71-D28CB2735426}.Debug|x64.ActiveCfg = Debug|Any CPU
		{B5A74535-A8E7-477E-AA71-D28CB2735426}.Debug|x64.Build.0 = Debug|Any CPU
		{B5A74535-A8E7-477E-AA71-D28CB2735426}.Debug|x86.ActiveCfg = Debug|Any CPU
		{B5A74535-A8E7-477E-AA71-D28CB2735426}.Debug|x86.Build.0 = Debug|Any CPU
		{B5A74535-A8E7-477E-AA71-D28CB2735426}.Release|Any CPU.ActiveCfg = Release|Any CPU
		{B5A74535-A8E7-477E-AA71-D28CB2735426}.Release|Any CPU.Build.0 = Release|Any CPU
		{B5A74535-A8E7-477E-AA71-D28CB2735426}.Release|x64.ActiveCfg = Release|Any CPU
		{B5A74535-A8E7-477E-AA71-D28CB2735426}.Release|x64.Build.0 = Release|Any CPU
		{B5A74535-A8E7-477E-AA71-D28CB2735426}.Release|x86.ActiveCfg = Release|Any CPU
		{B5A74535-A8E7-477E-AA71-D28CB2735426}.Release|x86.Build.0 = Release|Any CPU
		{D8D9F9AF-1EAD-4BEB-9DC1-8657A7C39B9E}.Debug|Any CPU.ActiveCfg = Debug|Any CPU
		{D8D9F9AF-1EAD-4BEB-9DC1-8657A7C39B9E}.Debug|Any CPU.Build.0 = Debug|Any CPU
		{D8D9F9AF-1EAD-4BEB-9DC1-8657A7C39B9E}.Debug|x64.ActiveCfg = Debug|Any CPU
		{D8D9F9AF-1EAD-4BEB-9DC1-8657A7C39B9E}.Debug|x64.Build.0 = Debug|Any CPU
		{D8D9F9AF-1EAD-4BEB-9DC1-8657A7C39B9E}.Debug|x86.ActiveCfg = Debug|Any CPU
		{D8D9F9AF-1EAD-4BEB-9DC1-8657A7C39B9E}.Debug|x86.Build.0 = Debug|Any CPU
		{D8D9F9AF-1EAD-4BEB-9DC1-8657A7C39B9E}.Release|Any CPU.ActiveCfg = Release|Any CPU
		{D8D9F9AF-1EAD-4BEB-9DC1-8657A7C39B9E}.Release|Any CPU.Build.0 = Release|Any CPU
		{D8D9F9AF-1EAD-4BEB-9DC1-8657A7C39B9E}.Release|x64.ActiveCfg = Release|Any CPU
		{D8D9F9AF-1EAD-4BEB-9DC1-8657A7C39B9E}.Release|x64.Build.0 = Release|Any CPU
		{D8D9F9AF-1EAD-4BEB-9DC1-8657A7C39B9E}.Release|x86.ActiveCfg = Release|Any CPU
		{D8D9F9AF-1EAD-4BEB-9DC1-8657A7C39B9E}.Release|x86.Build.0 = Release|Any CPU
		{943B0861-DF14-43E3-9DDA-D6359F07D55D}.Debug|Any CPU.ActiveCfg = Debug|Any CPU
		{943B0861-DF14-43E3-9DDA-D6359F07D55D}.Debug|Any CPU.Build.0 = Debug|Any CPU
		{943B0861-DF14-43E3-9DDA-D6359F07D55D}.Debug|x64.ActiveCfg = Debug|Any CPU
		{943B0861-DF14-43E3-9DDA-D6359F07D55D}.Debug|x64.Build.0 = Debug|Any CPU
		{943B0861-DF14-43E3-9DDA-D6359F07D55D}.Debug|x86.ActiveCfg = Debug|Any CPU
		{943B0861-DF14-43E3-9DDA-D6359F07D55D}.Debug|x86.Build.0 = Debug|Any CPU
		{943B0861-DF14-43E3-9DDA-D6359F07D55D}.Release|Any CPU.ActiveCfg = Release|Any CPU
		{943B0861-DF14-43E3-9DDA-D6359F07D55D}.Release|Any CPU.Build.0 = Release|Any CPU
		{943B0861-DF14-43E3-9DDA-D6359F07D55D}.Release|x64.ActiveCfg = Release|Any CPU
		{943B0861-DF14-43E3-9DDA-D6359F07D55D}.Release|x64.Build.0 = Release|Any CPU
		{943B0861-DF14-43E3-9DDA-D6359F07D55D}.Release|x86.ActiveCfg = Release|Any CPU
		{943B0861-DF14-43E3-9DDA-D6359F07D55D}.Release|x86.Build.0 = Release|Any CPU
		{9A6E02CA-56C8-4F7C-A1AE-6AB21D8F8AFB}.Debug|Any CPU.ActiveCfg = Debug|Any CPU
		{9A6E02CA-56C8-4F7C-A1AE-6AB21D8F8AFB}.Debug|Any CPU.Build.0 = Debug|Any CPU
		{9A6E02CA-56C8-4F7C-A1AE-6AB21D8F8AFB}.Debug|x64.ActiveCfg = Debug|Any CPU
		{9A6E02CA-56C8-4F7C-A1AE-6AB21D8F8AFB}.Debug|x64.Build.0 = Debug|Any CPU
		{9A6E02CA-56C8-4F7C-A1AE-6AB21D8F8AFB}.Debug|x86.ActiveCfg = Debug|Any CPU
		{9A6E02CA-56C8-4F7C-A1AE-6AB21D8F8AFB}.Debug|x86.Build.0 = Debug|Any CPU
		{9A6E02CA-56C8-4F7C-A1AE-6AB21D8F8AFB}.Release|Any CPU.ActiveCfg = Release|Any CPU
		{9A6E02CA-56C8-4F7C-A1AE-6AB21D8F8AFB}.Release|Any CPU.Build.0 = Release|Any CPU
		{9A6E02CA-56C8-4F7C-A1AE-6AB21D8F8AFB}.Release|x64.ActiveCfg = Release|Any CPU
		{9A6E02CA-56C8-4F7C-A1AE-6AB21D8F8AFB}.Release|x64.Build.0 = Release|Any CPU
		{9A6E02CA-56C8-4F7C-A1AE-6AB21D8F8AFB}.Release|x86.ActiveCfg = Release|Any CPU
		{9A6E02CA-56C8-4F7C-A1AE-6AB21D8F8AFB}.Release|x86.Build.0 = Release|Any CPU
		{C4A004BB-AFCC-4A69-8D36-61C2E9EEFD01}.Debug|Any CPU.ActiveCfg = Debug|Any CPU
		{C4A004BB-AFCC-4A69-8D36-61C2E9EEFD01}.Debug|Any CPU.Build.0 = Debug|Any CPU
		{C4A004BB-AFCC-4A69-8D36-61C2E9EEFD01}.Debug|x64.ActiveCfg = Debug|Any CPU
		{C4A004BB-AFCC-4A69-8D36-61C2E9EEFD01}.Debug|x64.Build.0 = Debug|Any CPU
		{C4A004BB-AFCC-4A69-8D36-61C2E9EEFD01}.Debug|x86.ActiveCfg = Debug|Any CPU
		{C4A004BB-AFCC-4A69-8D36-61C2E9EEFD01}.Debug|x86.Build.0 = Debug|Any CPU
		{C4A004BB-AFCC-4A69-8D36-61C2E9EEFD01}.Release|Any CPU.ActiveCfg = Release|Any CPU
		{C4A004BB-AFCC-4A69-8D36-61C2E9EEFD01}.Release|Any CPU.Build.0 = Release|Any CPU
		{C4A004BB-AFCC-4A69-8D36-61C2E9EEFD01}.Release|x64.ActiveCfg = Release|Any CPU
		{C4A004BB-AFCC-4A69-8D36-61C2E9EEFD01}.Release|x64.Build.0 = Release|Any CPU
		{C4A004BB-AFCC-4A69-8D36-61C2E9EEFD01}.Release|x86.ActiveCfg = Release|Any CPU
		{C4A004BB-AFCC-4A69-8D36-61C2E9EEFD01}.Release|x86.Build.0 = Release|Any CPU
		{F2A54F4C-34A8-49AC-A620-1B75EBA4424A}.Debug|Any CPU.ActiveCfg = Debug|Any CPU
		{F2A54F4C-34A8-49AC-A620-1B75EBA4424A}.Debug|Any CPU.Build.0 = Debug|Any CPU
		{F2A54F4C-34A8-49AC-A620-1B75EBA4424A}.Debug|x64.ActiveCfg = Debug|Any CPU
		{F2A54F4C-34A8-49AC-A620-1B75EBA4424A}.Debug|x64.Build.0 = Debug|Any CPU
		{F2A54F4C-34A8-49AC-A620-1B75EBA4424A}.Debug|x86.ActiveCfg = Debug|Any CPU
		{F2A54F4C-34A8-49AC-A620-1B75EBA4424A}.Debug|x86.Build.0 = Debug|Any CPU
		{F2A54F4C-34A8-49AC-A620-1B75EBA4424A}.Release|Any CPU.ActiveCfg = Release|Any CPU
		{F2A54F4C-34A8-49AC-A620-1B75EBA4424A}.Release|Any CPU.Build.0 = Release|Any CPU
		{F2A54F4C-34A8-49AC-A620-1B75EBA4424A}.Release|x64.ActiveCfg = Release|Any CPU
		{F2A54F4C-34A8-49AC-A620-1B75EBA4424A}.Release|x64.Build.0 = Release|Any CPU
		{F2A54F4C-34A8-49AC-A620-1B75EBA4424A}.Release|x86.ActiveCfg = Release|Any CPU
		{F2A54F4C-34A8-49AC-A620-1B75EBA4424A}.Release|x86.Build.0 = Release|Any CPU
		{5202644E-F8CC-47EA-92BA-22D18AC55C50}.Debug|Any CPU.ActiveCfg = Debug|Any CPU
		{5202644E-F8CC-47EA-92BA-22D18AC55C50}.Debug|Any CPU.Build.0 = Debug|Any CPU
		{5202644E-F8CC-47EA-92BA-22D18AC55C50}.Debug|x64.ActiveCfg = Debug|Any CPU
		{5202644E-F8CC-47EA-92BA-22D18AC55C50}.Debug|x64.Build.0 = Debug|Any CPU
		{5202644E-F8CC-47EA-92BA-22D18AC55C50}.Debug|x86.ActiveCfg = Debug|Any CPU
		{5202644E-F8CC-47EA-92BA-22D18AC55C50}.Debug|x86.Build.0 = Debug|Any CPU
		{5202644E-F8CC-47EA-92BA-22D18AC55C50}.Release|Any CPU.ActiveCfg = Release|Any CPU
		{5202644E-F8CC-47EA-92BA-22D18AC55C50}.Release|Any CPU.Build.0 = Release|Any CPU
		{5202644E-F8CC-47EA-92BA-22D18AC55C50}.Release|x64.ActiveCfg = Release|Any CPU
		{5202644E-F8CC-47EA-92BA-22D18AC55C50}.Release|x64.Build.0 = Release|Any CPU
		{5202644E-F8CC-47EA-92BA-22D18AC55C50}.Release|x86.ActiveCfg = Release|Any CPU
		{5202644E-F8CC-47EA-92BA-22D18AC55C50}.Release|x86.Build.0 = Release|Any CPU
		{DAF7CF6D-2BCB-411F-860D-2CF3EF396E70}.Debug|Any CPU.ActiveCfg = Debug|Any CPU
		{DAF7CF6D-2BCB-411F-860D-2CF3EF396E70}.Debug|Any CPU.Build.0 = Debug|Any CPU
		{DAF7CF6D-2BCB-411F-860D-2CF3EF396E70}.Debug|x64.ActiveCfg = Debug|Any CPU
		{DAF7CF6D-2BCB-411F-860D-2CF3EF396E70}.Debug|x64.Build.0 = Debug|Any CPU
		{DAF7CF6D-2BCB-411F-860D-2CF3EF396E70}.Debug|x86.ActiveCfg = Debug|Any CPU
		{DAF7CF6D-2BCB-411F-860D-2CF3EF396E70}.Debug|x86.Build.0 = Debug|Any CPU
		{DAF7CF6D-2BCB-411F-860D-2CF3EF396E70}.Release|Any CPU.ActiveCfg = Release|Any CPU
		{DAF7CF6D-2BCB-411F-860D-2CF3EF396E70}.Release|Any CPU.Build.0 = Release|Any CPU
		{DAF7CF6D-2BCB-411F-860D-2CF3EF396E70}.Release|x64.ActiveCfg = Release|Any CPU
		{DAF7CF6D-2BCB-411F-860D-2CF3EF396E70}.Release|x64.Build.0 = Release|Any CPU
		{DAF7CF6D-2BCB-411F-860D-2CF3EF396E70}.Release|x86.ActiveCfg = Release|Any CPU
		{DAF7CF6D-2BCB-411F-860D-2CF3EF396E70}.Release|x86.Build.0 = Release|Any CPU
		{7C104A42-14C9-4A59-9494-014D238DF354}.Debug|Any CPU.ActiveCfg = Debug|Any CPU
		{7C104A42-14C9-4A59-9494-014D238DF354}.Debug|Any CPU.Build.0 = Debug|Any CPU
		{7C104A42-14C9-4A59-9494-014D238DF354}.Debug|x64.ActiveCfg = Debug|Any CPU
		{7C104A42-14C9-4A59-9494-014D238DF354}.Debug|x64.Build.0 = Debug|Any CPU
		{7C104A42-14C9-4A59-9494-014D238DF354}.Debug|x86.ActiveCfg = Debug|Any CPU
		{7C104A42-14C9-4A59-9494-014D238DF354}.Debug|x86.Build.0 = Debug|Any CPU
		{7C104A42-14C9-4A59-9494-014D238DF354}.Release|Any CPU.ActiveCfg = Release|Any CPU
		{7C104A42-14C9-4A59-9494-014D238DF354}.Release|Any CPU.Build.0 = Release|Any CPU
		{7C104A42-14C9-4A59-9494-014D238DF354}.Release|x64.ActiveCfg = Release|Any CPU
		{7C104A42-14C9-4A59-9494-014D238DF354}.Release|x64.Build.0 = Release|Any CPU
		{7C104A42-14C9-4A59-9494-014D238DF354}.Release|x86.ActiveCfg = Release|Any CPU
		{7C104A42-14C9-4A59-9494-014D238DF354}.Release|x86.Build.0 = Release|Any CPU
		{6FE29659-FF7F-4373-9B4F-637CE3D7386B}.Debug|Any CPU.ActiveCfg = Debug|Any CPU
		{6FE29659-FF7F-4373-9B4F-637CE3D7386B}.Debug|Any CPU.Build.0 = Debug|Any CPU
		{6FE29659-FF7F-4373-9B4F-637CE3D7386B}.Debug|x64.ActiveCfg = Debug|Any CPU
		{6FE29659-FF7F-4373-9B4F-637CE3D7386B}.Debug|x64.Build.0 = Debug|Any CPU
		{6FE29659-FF7F-4373-9B4F-637CE3D7386B}.Debug|x86.ActiveCfg = Debug|Any CPU
		{6FE29659-FF7F-4373-9B4F-637CE3D7386B}.Debug|x86.Build.0 = Debug|Any CPU
		{6FE29659-FF7F-4373-9B4F-637CE3D7386B}.Release|Any CPU.ActiveCfg = Release|Any CPU
		{6FE29659-FF7F-4373-9B4F-637CE3D7386B}.Release|Any CPU.Build.0 = Release|Any CPU
		{6FE29659-FF7F-4373-9B4F-637CE3D7386B}.Release|x64.ActiveCfg = Release|Any CPU
		{6FE29659-FF7F-4373-9B4F-637CE3D7386B}.Release|x64.Build.0 = Release|Any CPU
		{6FE29659-FF7F-4373-9B4F-637CE3D7386B}.Release|x86.ActiveCfg = Release|Any CPU
		{6FE29659-FF7F-4373-9B4F-637CE3D7386B}.Release|x86.Build.0 = Release|Any CPU
		{BA87A190-3AED-4032-BF32-33EDBBD47016}.Debug|Any CPU.ActiveCfg = Debug|Any CPU
		{BA87A190-3AED-4032-BF32-33EDBBD47016}.Debug|Any CPU.Build.0 = Debug|Any CPU
		{BA87A190-3AED-4032-BF32-33EDBBD47016}.Debug|x64.ActiveCfg = Debug|Any CPU
		{BA87A190-3AED-4032-BF32-33EDBBD47016}.Debug|x64.Build.0 = Debug|Any CPU
		{BA87A190-3AED-4032-BF32-33EDBBD47016}.Debug|x86.ActiveCfg = Debug|Any CPU
		{BA87A190-3AED-4032-BF32-33EDBBD47016}.Debug|x86.Build.0 = Debug|Any CPU
		{BA87A190-3AED-4032-BF32-33EDBBD47016}.Release|Any CPU.ActiveCfg = Release|Any CPU
		{BA87A190-3AED-4032-BF32-33EDBBD47016}.Release|Any CPU.Build.0 = Release|Any CPU
		{BA87A190-3AED-4032-BF32-33EDBBD47016}.Release|x64.ActiveCfg = Release|Any CPU
		{BA87A190-3AED-4032-BF32-33EDBBD47016}.Release|x64.Build.0 = Release|Any CPU
		{BA87A190-3AED-4032-BF32-33EDBBD47016}.Release|x86.ActiveCfg = Release|Any CPU
		{BA87A190-3AED-4032-BF32-33EDBBD47016}.Release|x86.Build.0 = Release|Any CPU
		{36A406C1-2497-41FF-846A-2874297F4FA1}.Debug|Any CPU.ActiveCfg = Debug|Any CPU
		{36A406C1-2497-41FF-846A-2874297F4FA1}.Debug|Any CPU.Build.0 = Debug|Any CPU
		{36A406C1-2497-41FF-846A-2874297F4FA1}.Debug|x64.ActiveCfg = Debug|Any CPU
		{36A406C1-2497-41FF-846A-2874297F4FA1}.Debug|x64.Build.0 = Debug|Any CPU
		{36A406C1-2497-41FF-846A-2874297F4FA1}.Debug|x86.ActiveCfg = Debug|Any CPU
		{36A406C1-2497-41FF-846A-2874297F4FA1}.Debug|x86.Build.0 = Debug|Any CPU
		{36A406C1-2497-41FF-846A-2874297F4FA1}.Release|Any CPU.ActiveCfg = Release|Any CPU
		{36A406C1-2497-41FF-846A-2874297F4FA1}.Release|Any CPU.Build.0 = Release|Any CPU
		{36A406C1-2497-41FF-846A-2874297F4FA1}.Release|x64.ActiveCfg = Release|Any CPU
		{36A406C1-2497-41FF-846A-2874297F4FA1}.Release|x64.Build.0 = Release|Any CPU
		{36A406C1-2497-41FF-846A-2874297F4FA1}.Release|x86.ActiveCfg = Release|Any CPU
		{36A406C1-2497-41FF-846A-2874297F4FA1}.Release|x86.Build.0 = Release|Any CPU
		{1CFD322C-6892-441F-9884-B7495EC59099}.Debug|Any CPU.ActiveCfg = Debug|Any CPU
		{1CFD322C-6892-441F-9884-B7495EC59099}.Debug|Any CPU.Build.0 = Debug|Any CPU
		{1CFD322C-6892-441F-9884-B7495EC59099}.Debug|x64.ActiveCfg = Debug|Any CPU
		{1CFD322C-6892-441F-9884-B7495EC59099}.Debug|x64.Build.0 = Debug|Any CPU
		{1CFD322C-6892-441F-9884-B7495EC59099}.Debug|x86.ActiveCfg = Debug|Any CPU
		{1CFD322C-6892-441F-9884-B7495EC59099}.Debug|x86.Build.0 = Debug|Any CPU
		{1CFD322C-6892-441F-9884-B7495EC59099}.Release|Any CPU.ActiveCfg = Release|Any CPU
		{1CFD322C-6892-441F-9884-B7495EC59099}.Release|Any CPU.Build.0 = Release|Any CPU
		{1CFD322C-6892-441F-9884-B7495EC59099}.Release|x64.ActiveCfg = Release|Any CPU
		{1CFD322C-6892-441F-9884-B7495EC59099}.Release|x64.Build.0 = Release|Any CPU
		{1CFD322C-6892-441F-9884-B7495EC59099}.Release|x86.ActiveCfg = Release|Any CPU
		{1CFD322C-6892-441F-9884-B7495EC59099}.Release|x86.Build.0 = Release|Any CPU
		{A552FC8B-4FDE-45CC-AC6B-32EDAD71E661}.Debug|Any CPU.ActiveCfg = Debug|Any CPU
		{A552FC8B-4FDE-45CC-AC6B-32EDAD71E661}.Debug|Any CPU.Build.0 = Debug|Any CPU
		{A552FC8B-4FDE-45CC-AC6B-32EDAD71E661}.Debug|x64.ActiveCfg = Debug|Any CPU
		{A552FC8B-4FDE-45CC-AC6B-32EDAD71E661}.Debug|x64.Build.0 = Debug|Any CPU
		{A552FC8B-4FDE-45CC-AC6B-32EDAD71E661}.Debug|x86.ActiveCfg = Debug|Any CPU
		{A552FC8B-4FDE-45CC-AC6B-32EDAD71E661}.Debug|x86.Build.0 = Debug|Any CPU
		{A552FC8B-4FDE-45CC-AC6B-32EDAD71E661}.Release|Any CPU.ActiveCfg = Release|Any CPU
		{A552FC8B-4FDE-45CC-AC6B-32EDAD71E661}.Release|Any CPU.Build.0 = Release|Any CPU
		{A552FC8B-4FDE-45CC-AC6B-32EDAD71E661}.Release|x64.ActiveCfg = Release|Any CPU
		{A552FC8B-4FDE-45CC-AC6B-32EDAD71E661}.Release|x64.Build.0 = Release|Any CPU
		{A552FC8B-4FDE-45CC-AC6B-32EDAD71E661}.Release|x86.ActiveCfg = Release|Any CPU
		{A552FC8B-4FDE-45CC-AC6B-32EDAD71E661}.Release|x86.Build.0 = Release|Any CPU
		{900D1396-B41E-4592-9B03-1ECFE9B4A8BA}.Debug|Any CPU.ActiveCfg = Debug|Any CPU
		{900D1396-B41E-4592-9B03-1ECFE9B4A8BA}.Debug|Any CPU.Build.0 = Debug|Any CPU
		{900D1396-B41E-4592-9B03-1ECFE9B4A8BA}.Debug|x64.ActiveCfg = Debug|Any CPU
		{900D1396-B41E-4592-9B03-1ECFE9B4A8BA}.Debug|x64.Build.0 = Debug|Any CPU
		{900D1396-B41E-4592-9B03-1ECFE9B4A8BA}.Debug|x86.ActiveCfg = Debug|Any CPU
		{900D1396-B41E-4592-9B03-1ECFE9B4A8BA}.Debug|x86.Build.0 = Debug|Any CPU
		{900D1396-B41E-4592-9B03-1ECFE9B4A8BA}.Release|Any CPU.ActiveCfg = Release|Any CPU
		{900D1396-B41E-4592-9B03-1ECFE9B4A8BA}.Release|Any CPU.Build.0 = Release|Any CPU
		{900D1396-B41E-4592-9B03-1ECFE9B4A8BA}.Release|x64.ActiveCfg = Release|Any CPU
		{900D1396-B41E-4592-9B03-1ECFE9B4A8BA}.Release|x64.Build.0 = Release|Any CPU
		{900D1396-B41E-4592-9B03-1ECFE9B4A8BA}.Release|x86.ActiveCfg = Release|Any CPU
		{900D1396-B41E-4592-9B03-1ECFE9B4A8BA}.Release|x86.Build.0 = Release|Any CPU
		{FB24C010-F1E8-4C0D-AB0C-58CFC74A840C}.Debug|Any CPU.ActiveCfg = Debug|Any CPU
		{FB24C010-F1E8-4C0D-AB0C-58CFC74A840C}.Debug|Any CPU.Build.0 = Debug|Any CPU
		{FB24C010-F1E8-4C0D-AB0C-58CFC74A840C}.Debug|x64.ActiveCfg = Debug|Any CPU
		{FB24C010-F1E8-4C0D-AB0C-58CFC74A840C}.Debug|x64.Build.0 = Debug|Any CPU
		{FB24C010-F1E8-4C0D-AB0C-58CFC74A840C}.Debug|x86.ActiveCfg = Debug|Any CPU
		{FB24C010-F1E8-4C0D-AB0C-58CFC74A840C}.Debug|x86.Build.0 = Debug|Any CPU
		{FB24C010-F1E8-4C0D-AB0C-58CFC74A840C}.Release|Any CPU.ActiveCfg = Release|Any CPU
		{FB24C010-F1E8-4C0D-AB0C-58CFC74A840C}.Release|Any CPU.Build.0 = Release|Any CPU
		{FB24C010-F1E8-4C0D-AB0C-58CFC74A840C}.Release|x64.ActiveCfg = Release|Any CPU
		{FB24C010-F1E8-4C0D-AB0C-58CFC74A840C}.Release|x64.Build.0 = Release|Any CPU
		{FB24C010-F1E8-4C0D-AB0C-58CFC74A840C}.Release|x86.ActiveCfg = Release|Any CPU
		{FB24C010-F1E8-4C0D-AB0C-58CFC74A840C}.Release|x86.Build.0 = Release|Any CPU
		{71D3B105-0223-4236-AB5A-A96D30604642}.Debug|Any CPU.ActiveCfg = Debug|Any CPU
		{71D3B105-0223-4236-AB5A-A96D30604642}.Debug|Any CPU.Build.0 = Debug|Any CPU
		{71D3B105-0223-4236-AB5A-A96D30604642}.Debug|x64.ActiveCfg = Debug|Any CPU
		{71D3B105-0223-4236-AB5A-A96D30604642}.Debug|x64.Build.0 = Debug|Any CPU
		{71D3B105-0223-4236-AB5A-A96D30604642}.Debug|x86.ActiveCfg = Debug|Any CPU
		{71D3B105-0223-4236-AB5A-A96D30604642}.Debug|x86.Build.0 = Debug|Any CPU
		{71D3B105-0223-4236-AB5A-A96D30604642}.Release|Any CPU.ActiveCfg = Release|Any CPU
		{71D3B105-0223-4236-AB5A-A96D30604642}.Release|Any CPU.Build.0 = Release|Any CPU
		{71D3B105-0223-4236-AB5A-A96D30604642}.Release|x64.ActiveCfg = Release|Any CPU
		{71D3B105-0223-4236-AB5A-A96D30604642}.Release|x64.Build.0 = Release|Any CPU
		{71D3B105-0223-4236-AB5A-A96D30604642}.Release|x86.ActiveCfg = Release|Any CPU
		{71D3B105-0223-4236-AB5A-A96D30604642}.Release|x86.Build.0 = Release|Any CPU
		{1112CCFA-2A91-489F-ACAB-E43501C0E0AA}.Debug|Any CPU.ActiveCfg = Debug|Any CPU
		{1112CCFA-2A91-489F-ACAB-E43501C0E0AA}.Debug|Any CPU.Build.0 = Debug|Any CPU
		{1112CCFA-2A91-489F-ACAB-E43501C0E0AA}.Debug|x64.ActiveCfg = Debug|Any CPU
		{1112CCFA-2A91-489F-ACAB-E43501C0E0AA}.Debug|x64.Build.0 = Debug|Any CPU
		{1112CCFA-2A91-489F-ACAB-E43501C0E0AA}.Debug|x86.ActiveCfg = Debug|Any CPU
		{1112CCFA-2A91-489F-ACAB-E43501C0E0AA}.Debug|x86.Build.0 = Debug|Any CPU
		{1112CCFA-2A91-489F-ACAB-E43501C0E0AA}.Release|Any CPU.ActiveCfg = Release|Any CPU
		{1112CCFA-2A91-489F-ACAB-E43501C0E0AA}.Release|Any CPU.Build.0 = Release|Any CPU
		{1112CCFA-2A91-489F-ACAB-E43501C0E0AA}.Release|x64.ActiveCfg = Release|Any CPU
		{1112CCFA-2A91-489F-ACAB-E43501C0E0AA}.Release|x64.Build.0 = Release|Any CPU
		{1112CCFA-2A91-489F-ACAB-E43501C0E0AA}.Release|x86.ActiveCfg = Release|Any CPU
		{1112CCFA-2A91-489F-ACAB-E43501C0E0AA}.Release|x86.Build.0 = Release|Any CPU
		{9E3C74B5-BCB4-4177-B52F-FFDA282B455E}.Debug|Any CPU.ActiveCfg = Debug|Any CPU
		{9E3C74B5-BCB4-4177-B52F-FFDA282B455E}.Debug|Any CPU.Build.0 = Debug|Any CPU
		{9E3C74B5-BCB4-4177-B52F-FFDA282B455E}.Debug|x64.ActiveCfg = Debug|Any CPU
		{9E3C74B5-BCB4-4177-B52F-FFDA282B455E}.Debug|x64.Build.0 = Debug|Any CPU
		{9E3C74B5-BCB4-4177-B52F-FFDA282B455E}.Debug|x86.ActiveCfg = Debug|Any CPU
		{9E3C74B5-BCB4-4177-B52F-FFDA282B455E}.Debug|x86.Build.0 = Debug|Any CPU
		{9E3C74B5-BCB4-4177-B52F-FFDA282B455E}.Release|Any CPU.ActiveCfg = Release|Any CPU
		{9E3C74B5-BCB4-4177-B52F-FFDA282B455E}.Release|Any CPU.Build.0 = Release|Any CPU
		{9E3C74B5-BCB4-4177-B52F-FFDA282B455E}.Release|x64.ActiveCfg = Release|Any CPU
		{9E3C74B5-BCB4-4177-B52F-FFDA282B455E}.Release|x64.Build.0 = Release|Any CPU
		{9E3C74B5-BCB4-4177-B52F-FFDA282B455E}.Release|x86.ActiveCfg = Release|Any CPU
		{9E3C74B5-BCB4-4177-B52F-FFDA282B455E}.Release|x86.Build.0 = Release|Any CPU
		{265B00C0-D947-424D-A624-5233E0FDEC8C}.Debug|Any CPU.ActiveCfg = Debug|Any CPU
		{265B00C0-D947-424D-A624-5233E0FDEC8C}.Debug|Any CPU.Build.0 = Debug|Any CPU
		{265B00C0-D947-424D-A624-5233E0FDEC8C}.Debug|x64.ActiveCfg = Debug|Any CPU
		{265B00C0-D947-424D-A624-5233E0FDEC8C}.Debug|x64.Build.0 = Debug|Any CPU
		{265B00C0-D947-424D-A624-5233E0FDEC8C}.Debug|x86.ActiveCfg = Debug|Any CPU
		{265B00C0-D947-424D-A624-5233E0FDEC8C}.Debug|x86.Build.0 = Debug|Any CPU
		{265B00C0-D947-424D-A624-5233E0FDEC8C}.Release|Any CPU.ActiveCfg = Release|Any CPU
		{265B00C0-D947-424D-A624-5233E0FDEC8C}.Release|Any CPU.Build.0 = Release|Any CPU
		{265B00C0-D947-424D-A624-5233E0FDEC8C}.Release|x64.ActiveCfg = Release|Any CPU
		{265B00C0-D947-424D-A624-5233E0FDEC8C}.Release|x64.Build.0 = Release|Any CPU
		{265B00C0-D947-424D-A624-5233E0FDEC8C}.Release|x86.ActiveCfg = Release|Any CPU
		{265B00C0-D947-424D-A624-5233E0FDEC8C}.Release|x86.Build.0 = Release|Any CPU
		{B54D36C7-4226-4E82-A0BE-BC49B55B277E}.Debug|Any CPU.ActiveCfg = Debug|Any CPU
		{B54D36C7-4226-4E82-A0BE-BC49B55B277E}.Debug|Any CPU.Build.0 = Debug|Any CPU
		{B54D36C7-4226-4E82-A0BE-BC49B55B277E}.Debug|x64.ActiveCfg = Debug|Any CPU
		{B54D36C7-4226-4E82-A0BE-BC49B55B277E}.Debug|x64.Build.0 = Debug|Any CPU
		{B54D36C7-4226-4E82-A0BE-BC49B55B277E}.Debug|x86.ActiveCfg = Debug|Any CPU
		{B54D36C7-4226-4E82-A0BE-BC49B55B277E}.Debug|x86.Build.0 = Debug|Any CPU
		{B54D36C7-4226-4E82-A0BE-BC49B55B277E}.Release|Any CPU.ActiveCfg = Release|Any CPU
		{B54D36C7-4226-4E82-A0BE-BC49B55B277E}.Release|Any CPU.Build.0 = Release|Any CPU
		{B54D36C7-4226-4E82-A0BE-BC49B55B277E}.Release|x64.ActiveCfg = Release|Any CPU
		{B54D36C7-4226-4E82-A0BE-BC49B55B277E}.Release|x64.Build.0 = Release|Any CPU
		{B54D36C7-4226-4E82-A0BE-BC49B55B277E}.Release|x86.ActiveCfg = Release|Any CPU
		{B54D36C7-4226-4E82-A0BE-BC49B55B277E}.Release|x86.Build.0 = Release|Any CPU
		{AE1A6E76-6D57-4A38-9EB7-989083F7DD92}.Debug|Any CPU.ActiveCfg = Debug|Any CPU
		{AE1A6E76-6D57-4A38-9EB7-989083F7DD92}.Debug|Any CPU.Build.0 = Debug|Any CPU
		{AE1A6E76-6D57-4A38-9EB7-989083F7DD92}.Debug|x64.ActiveCfg = Debug|Any CPU
		{AE1A6E76-6D57-4A38-9EB7-989083F7DD92}.Debug|x64.Build.0 = Debug|Any CPU
		{AE1A6E76-6D57-4A38-9EB7-989083F7DD92}.Debug|x86.ActiveCfg = Debug|Any CPU
		{AE1A6E76-6D57-4A38-9EB7-989083F7DD92}.Debug|x86.Build.0 = Debug|Any CPU
		{AE1A6E76-6D57-4A38-9EB7-989083F7DD92}.Release|Any CPU.ActiveCfg = Release|Any CPU
		{AE1A6E76-6D57-4A38-9EB7-989083F7DD92}.Release|Any CPU.Build.0 = Release|Any CPU
		{AE1A6E76-6D57-4A38-9EB7-989083F7DD92}.Release|x64.ActiveCfg = Release|Any CPU
		{AE1A6E76-6D57-4A38-9EB7-989083F7DD92}.Release|x64.Build.0 = Release|Any CPU
		{AE1A6E76-6D57-4A38-9EB7-989083F7DD92}.Release|x86.ActiveCfg = Release|Any CPU
		{AE1A6E76-6D57-4A38-9EB7-989083F7DD92}.Release|x86.Build.0 = Release|Any CPU
		{41A42E00-05DC-40E7-9BC5-61B145A4614D}.Debug|Any CPU.ActiveCfg = Debug|Any CPU
		{41A42E00-05DC-40E7-9BC5-61B145A4614D}.Debug|Any CPU.Build.0 = Debug|Any CPU
		{41A42E00-05DC-40E7-9BC5-61B145A4614D}.Debug|x64.ActiveCfg = Debug|Any CPU
		{41A42E00-05DC-40E7-9BC5-61B145A4614D}.Debug|x64.Build.0 = Debug|Any CPU
		{41A42E00-05DC-40E7-9BC5-61B145A4614D}.Debug|x86.ActiveCfg = Debug|Any CPU
		{41A42E00-05DC-40E7-9BC5-61B145A4614D}.Debug|x86.Build.0 = Debug|Any CPU
		{41A42E00-05DC-40E7-9BC5-61B145A4614D}.Release|Any CPU.ActiveCfg = Release|Any CPU
		{41A42E00-05DC-40E7-9BC5-61B145A4614D}.Release|Any CPU.Build.0 = Release|Any CPU
		{41A42E00-05DC-40E7-9BC5-61B145A4614D}.Release|x64.ActiveCfg = Release|Any CPU
		{41A42E00-05DC-40E7-9BC5-61B145A4614D}.Release|x64.Build.0 = Release|Any CPU
		{41A42E00-05DC-40E7-9BC5-61B145A4614D}.Release|x86.ActiveCfg = Release|Any CPU
		{41A42E00-05DC-40E7-9BC5-61B145A4614D}.Release|x86.Build.0 = Release|Any CPU
		{AD699FA0-BD04-480A-9FAD-11A0E8972EA6}.Debug|Any CPU.ActiveCfg = Debug|Any CPU
		{AD699FA0-BD04-480A-9FAD-11A0E8972EA6}.Debug|Any CPU.Build.0 = Debug|Any CPU
		{AD699FA0-BD04-480A-9FAD-11A0E8972EA6}.Debug|x64.ActiveCfg = Debug|Any CPU
		{AD699FA0-BD04-480A-9FAD-11A0E8972EA6}.Debug|x64.Build.0 = Debug|Any CPU
		{AD699FA0-BD04-480A-9FAD-11A0E8972EA6}.Debug|x86.ActiveCfg = Debug|Any CPU
		{AD699FA0-BD04-480A-9FAD-11A0E8972EA6}.Debug|x86.Build.0 = Debug|Any CPU
		{AD699FA0-BD04-480A-9FAD-11A0E8972EA6}.Release|Any CPU.ActiveCfg = Release|Any CPU
		{AD699FA0-BD04-480A-9FAD-11A0E8972EA6}.Release|Any CPU.Build.0 = Release|Any CPU
		{AD699FA0-BD04-480A-9FAD-11A0E8972EA6}.Release|x64.ActiveCfg = Release|Any CPU
		{AD699FA0-BD04-480A-9FAD-11A0E8972EA6}.Release|x64.Build.0 = Release|Any CPU
		{AD699FA0-BD04-480A-9FAD-11A0E8972EA6}.Release|x86.ActiveCfg = Release|Any CPU
		{AD699FA0-BD04-480A-9FAD-11A0E8972EA6}.Release|x86.Build.0 = Release|Any CPU
		{275010BE-F67F-4538-946D-A5F8BC6BFCB1}.Debug|Any CPU.ActiveCfg = Debug|Any CPU
		{275010BE-F67F-4538-946D-A5F8BC6BFCB1}.Debug|Any CPU.Build.0 = Debug|Any CPU
		{275010BE-F67F-4538-946D-A5F8BC6BFCB1}.Debug|x64.ActiveCfg = Debug|Any CPU
		{275010BE-F67F-4538-946D-A5F8BC6BFCB1}.Debug|x64.Build.0 = Debug|Any CPU
		{275010BE-F67F-4538-946D-A5F8BC6BFCB1}.Debug|x86.ActiveCfg = Debug|Any CPU
		{275010BE-F67F-4538-946D-A5F8BC6BFCB1}.Debug|x86.Build.0 = Debug|Any CPU
		{275010BE-F67F-4538-946D-A5F8BC6BFCB1}.Release|Any CPU.ActiveCfg = Release|Any CPU
		{275010BE-F67F-4538-946D-A5F8BC6BFCB1}.Release|Any CPU.Build.0 = Release|Any CPU
		{275010BE-F67F-4538-946D-A5F8BC6BFCB1}.Release|x64.ActiveCfg = Release|Any CPU
		{275010BE-F67F-4538-946D-A5F8BC6BFCB1}.Release|x64.Build.0 = Release|Any CPU
		{275010BE-F67F-4538-946D-A5F8BC6BFCB1}.Release|x86.ActiveCfg = Release|Any CPU
		{275010BE-F67F-4538-946D-A5F8BC6BFCB1}.Release|x86.Build.0 = Release|Any CPU
		{AF97E930-0777-4223-A249-F4B45672C390}.Debug|Any CPU.ActiveCfg = Debug|Any CPU
		{AF97E930-0777-4223-A249-F4B45672C390}.Debug|Any CPU.Build.0 = Debug|Any CPU
		{AF97E930-0777-4223-A249-F4B45672C390}.Debug|x64.ActiveCfg = Debug|Any CPU
		{AF97E930-0777-4223-A249-F4B45672C390}.Debug|x64.Build.0 = Debug|Any CPU
		{AF97E930-0777-4223-A249-F4B45672C390}.Debug|x86.ActiveCfg = Debug|Any CPU
		{AF97E930-0777-4223-A249-F4B45672C390}.Debug|x86.Build.0 = Debug|Any CPU
		{AF97E930-0777-4223-A249-F4B45672C390}.Release|Any CPU.ActiveCfg = Release|Any CPU
		{AF97E930-0777-4223-A249-F4B45672C390}.Release|Any CPU.Build.0 = Release|Any CPU
		{AF97E930-0777-4223-A249-F4B45672C390}.Release|x64.ActiveCfg = Release|Any CPU
		{AF97E930-0777-4223-A249-F4B45672C390}.Release|x64.Build.0 = Release|Any CPU
		{AF97E930-0777-4223-A249-F4B45672C390}.Release|x86.ActiveCfg = Release|Any CPU
		{AF97E930-0777-4223-A249-F4B45672C390}.Release|x86.Build.0 = Release|Any CPU
		{0ED1235E-0E34-400E-B6CD-1C22D0560D2E}.Debug|Any CPU.ActiveCfg = Debug|Any CPU
		{0ED1235E-0E34-400E-B6CD-1C22D0560D2E}.Debug|Any CPU.Build.0 = Debug|Any CPU
		{0ED1235E-0E34-400E-B6CD-1C22D0560D2E}.Debug|x64.ActiveCfg = Debug|Any CPU
		{0ED1235E-0E34-400E-B6CD-1C22D0560D2E}.Debug|x64.Build.0 = Debug|Any CPU
		{0ED1235E-0E34-400E-B6CD-1C22D0560D2E}.Debug|x86.ActiveCfg = Debug|Any CPU
		{0ED1235E-0E34-400E-B6CD-1C22D0560D2E}.Debug|x86.Build.0 = Debug|Any CPU
		{0ED1235E-0E34-400E-B6CD-1C22D0560D2E}.Release|Any CPU.ActiveCfg = Release|Any CPU
		{0ED1235E-0E34-400E-B6CD-1C22D0560D2E}.Release|Any CPU.Build.0 = Release|Any CPU
		{0ED1235E-0E34-400E-B6CD-1C22D0560D2E}.Release|x64.ActiveCfg = Release|Any CPU
		{0ED1235E-0E34-400E-B6CD-1C22D0560D2E}.Release|x64.Build.0 = Release|Any CPU
		{0ED1235E-0E34-400E-B6CD-1C22D0560D2E}.Release|x86.ActiveCfg = Release|Any CPU
		{0ED1235E-0E34-400E-B6CD-1C22D0560D2E}.Release|x86.Build.0 = Release|Any CPU
		{003FFC1F-C2A4-4A5A-BE4C-C3A3818BFA97}.Debug|Any CPU.ActiveCfg = Debug|Any CPU
		{003FFC1F-C2A4-4A5A-BE4C-C3A3818BFA97}.Debug|Any CPU.Build.0 = Debug|Any CPU
		{003FFC1F-C2A4-4A5A-BE4C-C3A3818BFA97}.Debug|x64.ActiveCfg = Debug|Any CPU
		{003FFC1F-C2A4-4A5A-BE4C-C3A3818BFA97}.Debug|x64.Build.0 = Debug|Any CPU
		{003FFC1F-C2A4-4A5A-BE4C-C3A3818BFA97}.Debug|x86.ActiveCfg = Debug|Any CPU
		{003FFC1F-C2A4-4A5A-BE4C-C3A3818BFA97}.Debug|x86.Build.0 = Debug|Any CPU
		{003FFC1F-C2A4-4A5A-BE4C-C3A3818BFA97}.Release|Any CPU.ActiveCfg = Release|Any CPU
		{003FFC1F-C2A4-4A5A-BE4C-C3A3818BFA97}.Release|Any CPU.Build.0 = Release|Any CPU
		{003FFC1F-C2A4-4A5A-BE4C-C3A3818BFA97}.Release|x64.ActiveCfg = Release|Any CPU
		{003FFC1F-C2A4-4A5A-BE4C-C3A3818BFA97}.Release|x64.Build.0 = Release|Any CPU
		{003FFC1F-C2A4-4A5A-BE4C-C3A3818BFA97}.Release|x86.ActiveCfg = Release|Any CPU
		{003FFC1F-C2A4-4A5A-BE4C-C3A3818BFA97}.Release|x86.Build.0 = Release|Any CPU
		{97B79E4E-E40C-4229-8368-DC7993FC14BE}.Debug|Any CPU.ActiveCfg = Debug|Any CPU
		{97B79E4E-E40C-4229-8368-DC7993FC14BE}.Debug|Any CPU.Build.0 = Debug|Any CPU
		{97B79E4E-E40C-4229-8368-DC7993FC14BE}.Debug|x64.ActiveCfg = Debug|Any CPU
		{97B79E4E-E40C-4229-8368-DC7993FC14BE}.Debug|x64.Build.0 = Debug|Any CPU
		{97B79E4E-E40C-4229-8368-DC7993FC14BE}.Debug|x86.ActiveCfg = Debug|Any CPU
		{97B79E4E-E40C-4229-8368-DC7993FC14BE}.Debug|x86.Build.0 = Debug|Any CPU
		{97B79E4E-E40C-4229-8368-DC7993FC14BE}.Release|Any CPU.ActiveCfg = Release|Any CPU
		{97B79E4E-E40C-4229-8368-DC7993FC14BE}.Release|Any CPU.Build.0 = Release|Any CPU
		{97B79E4E-E40C-4229-8368-DC7993FC14BE}.Release|x64.ActiveCfg = Release|Any CPU
		{97B79E4E-E40C-4229-8368-DC7993FC14BE}.Release|x64.Build.0 = Release|Any CPU
		{97B79E4E-E40C-4229-8368-DC7993FC14BE}.Release|x86.ActiveCfg = Release|Any CPU
		{97B79E4E-E40C-4229-8368-DC7993FC14BE}.Release|x86.Build.0 = Release|Any CPU
		{D01611B1-E0C8-4F44-8D9E-768CF3BD7394}.Debug|Any CPU.ActiveCfg = Debug|Any CPU
		{D01611B1-E0C8-4F44-8D9E-768CF3BD7394}.Debug|Any CPU.Build.0 = Debug|Any CPU
		{D01611B1-E0C8-4F44-8D9E-768CF3BD7394}.Debug|x64.ActiveCfg = Debug|Any CPU
		{D01611B1-E0C8-4F44-8D9E-768CF3BD7394}.Debug|x64.Build.0 = Debug|Any CPU
		{D01611B1-E0C8-4F44-8D9E-768CF3BD7394}.Debug|x86.ActiveCfg = Debug|Any CPU
		{D01611B1-E0C8-4F44-8D9E-768CF3BD7394}.Debug|x86.Build.0 = Debug|Any CPU
		{D01611B1-E0C8-4F44-8D9E-768CF3BD7394}.Release|Any CPU.ActiveCfg = Release|Any CPU
		{D01611B1-E0C8-4F44-8D9E-768CF3BD7394}.Release|Any CPU.Build.0 = Release|Any CPU
		{D01611B1-E0C8-4F44-8D9E-768CF3BD7394}.Release|x64.ActiveCfg = Release|Any CPU
		{D01611B1-E0C8-4F44-8D9E-768CF3BD7394}.Release|x64.Build.0 = Release|Any CPU
		{D01611B1-E0C8-4F44-8D9E-768CF3BD7394}.Release|x86.ActiveCfg = Release|Any CPU
		{D01611B1-E0C8-4F44-8D9E-768CF3BD7394}.Release|x86.Build.0 = Release|Any CPU
		{1877B520-4ACB-43DB-9F34-C06BA8DFCB7D}.Debug|Any CPU.ActiveCfg = Debug|Any CPU
		{1877B520-4ACB-43DB-9F34-C06BA8DFCB7D}.Debug|Any CPU.Build.0 = Debug|Any CPU
		{1877B520-4ACB-43DB-9F34-C06BA8DFCB7D}.Debug|x64.ActiveCfg = Debug|Any CPU
		{1877B520-4ACB-43DB-9F34-C06BA8DFCB7D}.Debug|x64.Build.0 = Debug|Any CPU
		{1877B520-4ACB-43DB-9F34-C06BA8DFCB7D}.Debug|x86.ActiveCfg = Debug|Any CPU
		{1877B520-4ACB-43DB-9F34-C06BA8DFCB7D}.Debug|x86.Build.0 = Debug|Any CPU
		{1877B520-4ACB-43DB-9F34-C06BA8DFCB7D}.Release|Any CPU.ActiveCfg = Release|Any CPU
		{1877B520-4ACB-43DB-9F34-C06BA8DFCB7D}.Release|Any CPU.Build.0 = Release|Any CPU
		{1877B520-4ACB-43DB-9F34-C06BA8DFCB7D}.Release|x64.ActiveCfg = Release|Any CPU
		{1877B520-4ACB-43DB-9F34-C06BA8DFCB7D}.Release|x64.Build.0 = Release|Any CPU
		{1877B520-4ACB-43DB-9F34-C06BA8DFCB7D}.Release|x86.ActiveCfg = Release|Any CPU
		{1877B520-4ACB-43DB-9F34-C06BA8DFCB7D}.Release|x86.Build.0 = Release|Any CPU
		{B47FAA09-BB17-4A63-913C-438E1DD699B6}.Debug|Any CPU.ActiveCfg = Debug|Any CPU
		{B47FAA09-BB17-4A63-913C-438E1DD699B6}.Debug|Any CPU.Build.0 = Debug|Any CPU
		{B47FAA09-BB17-4A63-913C-438E1DD699B6}.Debug|x64.ActiveCfg = Debug|Any CPU
		{B47FAA09-BB17-4A63-913C-438E1DD699B6}.Debug|x64.Build.0 = Debug|Any CPU
		{B47FAA09-BB17-4A63-913C-438E1DD699B6}.Debug|x86.ActiveCfg = Debug|Any CPU
		{B47FAA09-BB17-4A63-913C-438E1DD699B6}.Debug|x86.Build.0 = Debug|Any CPU
		{B47FAA09-BB17-4A63-913C-438E1DD699B6}.Release|Any CPU.ActiveCfg = Release|Any CPU
		{B47FAA09-BB17-4A63-913C-438E1DD699B6}.Release|Any CPU.Build.0 = Release|Any CPU
		{B47FAA09-BB17-4A63-913C-438E1DD699B6}.Release|x64.ActiveCfg = Release|Any CPU
		{B47FAA09-BB17-4A63-913C-438E1DD699B6}.Release|x64.Build.0 = Release|Any CPU
		{B47FAA09-BB17-4A63-913C-438E1DD699B6}.Release|x86.ActiveCfg = Release|Any CPU
		{B47FAA09-BB17-4A63-913C-438E1DD699B6}.Release|x86.Build.0 = Release|Any CPU
		{F822CDCA-9CE8-4FDF-A916-7C8931D80D0D}.Debug|Any CPU.ActiveCfg = Debug|Any CPU
		{F822CDCA-9CE8-4FDF-A916-7C8931D80D0D}.Debug|Any CPU.Build.0 = Debug|Any CPU
		{F822CDCA-9CE8-4FDF-A916-7C8931D80D0D}.Debug|x64.ActiveCfg = Debug|Any CPU
		{F822CDCA-9CE8-4FDF-A916-7C8931D80D0D}.Debug|x64.Build.0 = Debug|Any CPU
		{F822CDCA-9CE8-4FDF-A916-7C8931D80D0D}.Debug|x86.ActiveCfg = Debug|Any CPU
		{F822CDCA-9CE8-4FDF-A916-7C8931D80D0D}.Debug|x86.Build.0 = Debug|Any CPU
		{F822CDCA-9CE8-4FDF-A916-7C8931D80D0D}.Release|Any CPU.ActiveCfg = Release|Any CPU
		{F822CDCA-9CE8-4FDF-A916-7C8931D80D0D}.Release|Any CPU.Build.0 = Release|Any CPU
		{F822CDCA-9CE8-4FDF-A916-7C8931D80D0D}.Release|x64.ActiveCfg = Release|Any CPU
		{F822CDCA-9CE8-4FDF-A916-7C8931D80D0D}.Release|x64.Build.0 = Release|Any CPU
		{F822CDCA-9CE8-4FDF-A916-7C8931D80D0D}.Release|x86.ActiveCfg = Release|Any CPU
		{F822CDCA-9CE8-4FDF-A916-7C8931D80D0D}.Release|x86.Build.0 = Release|Any CPU
		{1DB8F29B-DD05-4674-B887-724F1025BF95}.Debug|Any CPU.ActiveCfg = Debug|Any CPU
		{1DB8F29B-DD05-4674-B887-724F1025BF95}.Debug|Any CPU.Build.0 = Debug|Any CPU
		{1DB8F29B-DD05-4674-B887-724F1025BF95}.Debug|x64.ActiveCfg = Debug|Any CPU
		{1DB8F29B-DD05-4674-B887-724F1025BF95}.Debug|x64.Build.0 = Debug|Any CPU
		{1DB8F29B-DD05-4674-B887-724F1025BF95}.Debug|x86.ActiveCfg = Debug|Any CPU
		{1DB8F29B-DD05-4674-B887-724F1025BF95}.Debug|x86.Build.0 = Debug|Any CPU
		{1DB8F29B-DD05-4674-B887-724F1025BF95}.Release|Any CPU.ActiveCfg = Release|Any CPU
		{1DB8F29B-DD05-4674-B887-724F1025BF95}.Release|Any CPU.Build.0 = Release|Any CPU
		{1DB8F29B-DD05-4674-B887-724F1025BF95}.Release|x64.ActiveCfg = Release|Any CPU
		{1DB8F29B-DD05-4674-B887-724F1025BF95}.Release|x64.Build.0 = Release|Any CPU
		{1DB8F29B-DD05-4674-B887-724F1025BF95}.Release|x86.ActiveCfg = Release|Any CPU
		{1DB8F29B-DD05-4674-B887-724F1025BF95}.Release|x86.Build.0 = Release|Any CPU
		{50AA5A9E-8B7C-428F-B9D6-C8DECA974F5E}.Debug|Any CPU.ActiveCfg = Debug|Any CPU
		{50AA5A9E-8B7C-428F-B9D6-C8DECA974F5E}.Debug|Any CPU.Build.0 = Debug|Any CPU
		{50AA5A9E-8B7C-428F-B9D6-C8DECA974F5E}.Debug|x64.ActiveCfg = Debug|Any CPU
		{50AA5A9E-8B7C-428F-B9D6-C8DECA974F5E}.Debug|x64.Build.0 = Debug|Any CPU
		{50AA5A9E-8B7C-428F-B9D6-C8DECA974F5E}.Debug|x86.ActiveCfg = Debug|Any CPU
		{50AA5A9E-8B7C-428F-B9D6-C8DECA974F5E}.Debug|x86.Build.0 = Debug|Any CPU
		{50AA5A9E-8B7C-428F-B9D6-C8DECA974F5E}.Release|Any CPU.ActiveCfg = Release|Any CPU
		{50AA5A9E-8B7C-428F-B9D6-C8DECA974F5E}.Release|Any CPU.Build.0 = Release|Any CPU
		{50AA5A9E-8B7C-428F-B9D6-C8DECA974F5E}.Release|x64.ActiveCfg = Release|Any CPU
		{50AA5A9E-8B7C-428F-B9D6-C8DECA974F5E}.Release|x64.Build.0 = Release|Any CPU
		{50AA5A9E-8B7C-428F-B9D6-C8DECA974F5E}.Release|x86.ActiveCfg = Release|Any CPU
		{50AA5A9E-8B7C-428F-B9D6-C8DECA974F5E}.Release|x86.Build.0 = Release|Any CPU
		{0E66D197-8A6E-4E6C-B28D-CEFBA9C07E46}.Debug|Any CPU.ActiveCfg = Debug|Any CPU
		{0E66D197-8A6E-4E6C-B28D-CEFBA9C07E46}.Debug|Any CPU.Build.0 = Debug|Any CPU
		{0E66D197-8A6E-4E6C-B28D-CEFBA9C07E46}.Debug|x64.ActiveCfg = Debug|Any CPU
		{0E66D197-8A6E-4E6C-B28D-CEFBA9C07E46}.Debug|x64.Build.0 = Debug|Any CPU
		{0E66D197-8A6E-4E6C-B28D-CEFBA9C07E46}.Debug|x86.ActiveCfg = Debug|Any CPU
		{0E66D197-8A6E-4E6C-B28D-CEFBA9C07E46}.Debug|x86.Build.0 = Debug|Any CPU
		{0E66D197-8A6E-4E6C-B28D-CEFBA9C07E46}.Release|Any CPU.ActiveCfg = Release|Any CPU
		{0E66D197-8A6E-4E6C-B28D-CEFBA9C07E46}.Release|Any CPU.Build.0 = Release|Any CPU
		{0E66D197-8A6E-4E6C-B28D-CEFBA9C07E46}.Release|x64.ActiveCfg = Release|Any CPU
		{0E66D197-8A6E-4E6C-B28D-CEFBA9C07E46}.Release|x64.Build.0 = Release|Any CPU
		{0E66D197-8A6E-4E6C-B28D-CEFBA9C07E46}.Release|x86.ActiveCfg = Release|Any CPU
		{0E66D197-8A6E-4E6C-B28D-CEFBA9C07E46}.Release|x86.Build.0 = Release|Any CPU
		{8491EE98-74CB-4D49-940B-93ED5FAEE69C}.Debug|Any CPU.ActiveCfg = Debug|Any CPU
		{8491EE98-74CB-4D49-940B-93ED5FAEE69C}.Debug|Any CPU.Build.0 = Debug|Any CPU
		{8491EE98-74CB-4D49-940B-93ED5FAEE69C}.Debug|x64.ActiveCfg = Debug|Any CPU
		{8491EE98-74CB-4D49-940B-93ED5FAEE69C}.Debug|x64.Build.0 = Debug|Any CPU
		{8491EE98-74CB-4D49-940B-93ED5FAEE69C}.Debug|x86.ActiveCfg = Debug|Any CPU
		{8491EE98-74CB-4D49-940B-93ED5FAEE69C}.Debug|x86.Build.0 = Debug|Any CPU
		{8491EE98-74CB-4D49-940B-93ED5FAEE69C}.Release|Any CPU.ActiveCfg = Release|Any CPU
		{8491EE98-74CB-4D49-940B-93ED5FAEE69C}.Release|Any CPU.Build.0 = Release|Any CPU
		{8491EE98-74CB-4D49-940B-93ED5FAEE69C}.Release|x64.ActiveCfg = Release|Any CPU
		{8491EE98-74CB-4D49-940B-93ED5FAEE69C}.Release|x64.Build.0 = Release|Any CPU
		{8491EE98-74CB-4D49-940B-93ED5FAEE69C}.Release|x86.ActiveCfg = Release|Any CPU
		{8491EE98-74CB-4D49-940B-93ED5FAEE69C}.Release|x86.Build.0 = Release|Any CPU
		{5DC932F9-9D11-4876-8359-8E942358BB99}.Debug|Any CPU.ActiveCfg = Debug|Any CPU
		{5DC932F9-9D11-4876-8359-8E942358BB99}.Debug|Any CPU.Build.0 = Debug|Any CPU
		{5DC932F9-9D11-4876-8359-8E942358BB99}.Debug|x64.ActiveCfg = Debug|Any CPU
		{5DC932F9-9D11-4876-8359-8E942358BB99}.Debug|x64.Build.0 = Debug|Any CPU
		{5DC932F9-9D11-4876-8359-8E942358BB99}.Debug|x86.ActiveCfg = Debug|Any CPU
		{5DC932F9-9D11-4876-8359-8E942358BB99}.Debug|x86.Build.0 = Debug|Any CPU
		{5DC932F9-9D11-4876-8359-8E942358BB99}.Release|Any CPU.ActiveCfg = Release|Any CPU
		{5DC932F9-9D11-4876-8359-8E942358BB99}.Release|Any CPU.Build.0 = Release|Any CPU
		{5DC932F9-9D11-4876-8359-8E942358BB99}.Release|x64.ActiveCfg = Release|Any CPU
		{5DC932F9-9D11-4876-8359-8E942358BB99}.Release|x64.Build.0 = Release|Any CPU
		{5DC932F9-9D11-4876-8359-8E942358BB99}.Release|x86.ActiveCfg = Release|Any CPU
		{5DC932F9-9D11-4876-8359-8E942358BB99}.Release|x86.Build.0 = Release|Any CPU
		{F56F6E41-313A-4189-98F5-7BC1ED443426}.Debug|Any CPU.ActiveCfg = Debug|Any CPU
		{F56F6E41-313A-4189-98F5-7BC1ED443426}.Debug|Any CPU.Build.0 = Debug|Any CPU
		{F56F6E41-313A-4189-98F5-7BC1ED443426}.Debug|x64.ActiveCfg = Debug|Any CPU
		{F56F6E41-313A-4189-98F5-7BC1ED443426}.Debug|x64.Build.0 = Debug|Any CPU
		{F56F6E41-313A-4189-98F5-7BC1ED443426}.Debug|x86.ActiveCfg = Debug|Any CPU
		{F56F6E41-313A-4189-98F5-7BC1ED443426}.Debug|x86.Build.0 = Debug|Any CPU
		{F56F6E41-313A-4189-98F5-7BC1ED443426}.Release|Any CPU.ActiveCfg = Release|Any CPU
		{F56F6E41-313A-4189-98F5-7BC1ED443426}.Release|Any CPU.Build.0 = Release|Any CPU
		{F56F6E41-313A-4189-98F5-7BC1ED443426}.Release|x64.ActiveCfg = Release|Any CPU
		{F56F6E41-313A-4189-98F5-7BC1ED443426}.Release|x64.Build.0 = Release|Any CPU
		{F56F6E41-313A-4189-98F5-7BC1ED443426}.Release|x86.ActiveCfg = Release|Any CPU
		{F56F6E41-313A-4189-98F5-7BC1ED443426}.Release|x86.Build.0 = Release|Any CPU
		{3EF1114E-F18E-47CD-BD0D-FE1689C1A180}.Debug|Any CPU.ActiveCfg = Debug|Any CPU
		{3EF1114E-F18E-47CD-BD0D-FE1689C1A180}.Debug|Any CPU.Build.0 = Debug|Any CPU
		{3EF1114E-F18E-47CD-BD0D-FE1689C1A180}.Debug|x64.ActiveCfg = Debug|Any CPU
		{3EF1114E-F18E-47CD-BD0D-FE1689C1A180}.Debug|x64.Build.0 = Debug|Any CPU
		{3EF1114E-F18E-47CD-BD0D-FE1689C1A180}.Debug|x86.ActiveCfg = Debug|Any CPU
		{3EF1114E-F18E-47CD-BD0D-FE1689C1A180}.Debug|x86.Build.0 = Debug|Any CPU
		{3EF1114E-F18E-47CD-BD0D-FE1689C1A180}.Release|Any CPU.ActiveCfg = Release|Any CPU
		{3EF1114E-F18E-47CD-BD0D-FE1689C1A180}.Release|Any CPU.Build.0 = Release|Any CPU
		{3EF1114E-F18E-47CD-BD0D-FE1689C1A180}.Release|x64.ActiveCfg = Release|Any CPU
		{3EF1114E-F18E-47CD-BD0D-FE1689C1A180}.Release|x64.Build.0 = Release|Any CPU
		{3EF1114E-F18E-47CD-BD0D-FE1689C1A180}.Release|x86.ActiveCfg = Release|Any CPU
		{3EF1114E-F18E-47CD-BD0D-FE1689C1A180}.Release|x86.Build.0 = Release|Any CPU
		{3F6A3379-25E0-463E-9DCD-427540000585}.Debug|Any CPU.ActiveCfg = Debug|Any CPU
		{3F6A3379-25E0-463E-9DCD-427540000585}.Debug|Any CPU.Build.0 = Debug|Any CPU
		{3F6A3379-25E0-463E-9DCD-427540000585}.Debug|x64.ActiveCfg = Debug|Any CPU
		{3F6A3379-25E0-463E-9DCD-427540000585}.Debug|x64.Build.0 = Debug|Any CPU
		{3F6A3379-25E0-463E-9DCD-427540000585}.Debug|x86.ActiveCfg = Debug|Any CPU
		{3F6A3379-25E0-463E-9DCD-427540000585}.Debug|x86.Build.0 = Debug|Any CPU
		{3F6A3379-25E0-463E-9DCD-427540000585}.Release|Any CPU.ActiveCfg = Release|Any CPU
		{3F6A3379-25E0-463E-9DCD-427540000585}.Release|Any CPU.Build.0 = Release|Any CPU
		{3F6A3379-25E0-463E-9DCD-427540000585}.Release|x64.ActiveCfg = Release|Any CPU
		{3F6A3379-25E0-463E-9DCD-427540000585}.Release|x64.Build.0 = Release|Any CPU
		{3F6A3379-25E0-463E-9DCD-427540000585}.Release|x86.ActiveCfg = Release|Any CPU
		{3F6A3379-25E0-463E-9DCD-427540000585}.Release|x86.Build.0 = Release|Any CPU
	EndGlobalSection
	GlobalSection(SolutionProperties) = preSolution
		HideSolutionNode = FALSE
	EndGlobalSection
	GlobalSection(NestedProjects) = preSolution
		{5BD03B15-E856-4CEF-AA1B-78BB82708193} = {9D4F8B1A-0B6E-4A3E-8A6A-0DE12C7C6E2F}
		{B86F46D4-C9DE-4A54-A423-74D7BF4E42D9} = {9D4F8B1A-0B6E-4A3E-8A6A-0DE12C7C6E2F}
		{E1F2A3B4-C5D6-7890-ABCD-EF1234567890} = {9D4F8B1A-0B6E-4A3E-8A6A-0DE12C7C6E2F}
		{F2A3B4C5-D6E7-8901-BCDE-F12345678901} = {9D4F8B1A-0B6E-4A3E-8A6A-0DE12C7C6E2F}
		{E7F8A9B0-C1D2-3456-F234-567890123456} = {9D4F8B1A-0B6E-4A3E-8A6A-0DE12C7C6E2F}
		{F8A9B0C1-D2E3-4567-F345-678901234567} = {9D4F8B1A-0B6E-4A3E-8A6A-0DE12C7C6E2F}
		{A9B0C1D2-E3F4-5678-F456-789012345678} = {9D4F8B1A-0B6E-4A3E-8A6A-0DE12C7C6E2F}
		{C1D2E3F4-A5B6-7890-F678-901234567890} = {9D4F8B1A-0B6E-4A3E-8A6A-0DE12C7C6E2F}
		{D2E3F4A5-B6C7-8901-F789-012345678901} = {9D4F8B1A-0B6E-4A3E-8A6A-0DE12C7C6E2F}
		{4D936C54-C662-4788-9702-0C60DE90B4B1} = {9D4F8B1A-0B6E-4A3E-8A6A-0DE12C7C6E2F}
		{153EFFE9-0EF3-46F5-B3EB-BAC3DDDC506E} = {9D4F8B1A-0B6E-4A3E-8A6A-0DE12C7C6E2F}
		{79F47F1D-EC2D-4398-96CA-B08D3A9724DB} = {9D4F8B1A-0B6E-4A3E-8A6A-0DE12C7C6E2F}
		{4E64A5A5-C6F6-4E04-839B-570503542327} = {9D4F8B1A-0B6E-4A3E-8A6A-0DE12C7C6E2F}
		{075C8F77-AF69-42FC-8098-BC01F0920FD5} = {9D4F8B1A-0B6E-4A3E-8A6A-0DE12C7C6E2F}
		{B1C2D3E4-F5A6-7890-ABCD-EF1234567890} = {9D4F8B1A-0B6E-4A3E-8A6A-0DE12C7C6E2F}
		{2BFBAD50-9A81-4339-9C4F-2014AB4289FF} = {9D4F8B1A-0B6E-4A3E-8A6A-0DE12C7C6E2F}
		{1AFBAD49-9A81-4339-9C4F-2014AB4289FF} = {9D4F8B1A-0B6E-4A3E-8A6A-0DE12C7C6E2F}
		{F991CD87-0C91-41E2-82A2-1E60AEF5310A} = {9D4F8B1A-0B6E-4A3E-8A6A-0DE12C7C6E2F}
		{E3F68BEB-5370-4BF8-9176-E1E8D1E2DAD4} = {9D4F8B1A-0B6E-4A3E-8A6A-0DE12C7C6E2F}
		{A1B2C3D4-E5F6-7890-ABCD-EF1234567891} = {9D4F8B1A-0B6E-4A3E-8A6A-0DE12C7C6E2F}
		{C3D4E5F6-A7B8-9012-CDEF-345678901234} = {9D4F8B1A-0B6E-4A3E-8A6A-0DE12C7C6E2F}
		{587D8C05-F4AE-49ED-9498-4DEE3E7B9C10} = {9D4F8B1A-0B6E-4A3E-8A6A-0DE12C7C6E2F}
		{3EE72977-0922-4E20-8AB2-0AB45DB52274} = {9D4F8B1A-0B6E-4A3E-8A6A-0DE12C7C6E2F}
		{B5A74535-A8E7-477E-AA71-D28CB2735426} = {9D4F8B1A-0B6E-4A3E-8A6A-0DE12C7C6E2F}
		{D8D9F9AF-1EAD-4BEB-9DC1-8657A7C39B9E} = {9D4F8B1A-0B6E-4A3E-8A6A-0DE12C7C6E2F}
		{943B0861-DF14-43E3-9DDA-D6359F07D55D} = {9D4F8B1A-0B6E-4A3E-8A6A-0DE12C7C6E2F}
		{9A6E02CA-56C8-4F7C-A1AE-6AB21D8F8AFB} = {9D4F8B1A-0B6E-4A3E-8A6A-0DE12C7C6E2F}
		{C4A004BB-AFCC-4A69-8D36-61C2E9EEFD01} = {9D4F8B1A-0B6E-4A3E-8A6A-0DE12C7C6E2F}
		{F2A54F4C-34A8-49AC-A620-1B75EBA4424A} = {9D4F8B1A-0B6E-4A3E-8A6A-0DE12C7C6E2F}
		{5202644E-F8CC-47EA-92BA-22D18AC55C50} = {9D4F8B1A-0B6E-4A3E-8A6A-0DE12C7C6E2F}
		{DAF7CF6D-2BCB-411F-860D-2CF3EF396E70} = {9D4F8B1A-0B6E-4A3E-8A6A-0DE12C7C6E2F}
		{7C104A42-14C9-4A59-9494-014D238DF354} = {9D4F8B1A-0B6E-4A3E-8A6A-0DE12C7C6E2F}
		{6FE29659-FF7F-4373-9B4F-637CE3D7386B} = {9D4F8B1A-0B6E-4A3E-8A6A-0DE12C7C6E2F}
		{BA87A190-3AED-4032-BF32-33EDBBD47016} = {9D4F8B1A-0B6E-4A3E-8A6A-0DE12C7C6E2F}
		{36A406C1-2497-41FF-846A-2874297F4FA1} = {9D4F8B1A-0B6E-4A3E-8A6A-0DE12C7C6E2F}
		{F89E166B-875E-4F45-A72F-DC15564E7E9A} = {CAC298C2-E6C6-490A-B573-856668ECDE11}
		{1CFD322C-6892-441F-9884-B7495EC59099} = {9D4F8B1A-0B6E-4A3E-8A6A-0DE12C7C6E2F}
		{A552FC8B-4FDE-45CC-AC6B-32EDAD71E661} = {F89E166B-875E-4F45-A72F-DC15564E7E9A}
		{900D1396-B41E-4592-9B03-1ECFE9B4A8BA} = {F89E166B-875E-4F45-A72F-DC15564E7E9A}
		{FB24C010-F1E8-4C0D-AB0C-58CFC74A840C} = {9D4F8B1A-0B6E-4A3E-8A6A-0DE12C7C6E2F}
		{71D3B105-0223-4236-AB5A-A96D30604642} = {F89E166B-875E-4F45-A72F-DC15564E7E9A}
		{8904A032-99F3-AFCD-AFBD-12F878AC12DB} = {6941732A-EE8F-0657-99DC-FA435846C4C2}
		{1112CCFA-2A91-489F-ACAB-E43501C0E0AA} = {8904A032-99F3-AFCD-AFBD-12F878AC12DB}
		{9E3C74B5-BCB4-4177-B52F-FFDA282B455E} = {9D4F8B1A-0B6E-4A3E-8A6A-0DE12C7C6E2F}
		{265B00C0-D947-424D-A624-5233E0FDEC8C} = {9D4F8B1A-0B6E-4A3E-8A6A-0DE12C7C6E2F}
		{B54D36C7-4226-4E82-A0BE-BC49B55B277E} = {9D4F8B1A-0B6E-4A3E-8A6A-0DE12C7C6E2F}
		{AE1A6E76-6D57-4A38-9EB7-989083F7DD92} = {9D4F8B1A-0B6E-4A3E-8A6A-0DE12C7C6E2F}
		{41A42E00-05DC-40E7-9BC5-61B145A4614D} = {9D4F8B1A-0B6E-4A3E-8A6A-0DE12C7C6E2F}
		{AD699FA0-BD04-480A-9FAD-11A0E8972EA6} = {9D4F8B1A-0B6E-4A3E-8A6A-0DE12C7C6E2F}
		{275010BE-F67F-4538-946D-A5F8BC6BFCB1} = {9D4F8B1A-0B6E-4A3E-8A6A-0DE12C7C6E2F}
		{AF97E930-0777-4223-A249-F4B45672C390} = {9D4F8B1A-0B6E-4A3E-8A6A-0DE12C7C6E2F}
		{0ED1235E-0E34-400E-B6CD-1C22D0560D2E} = {9D4F8B1A-0B6E-4A3E-8A6A-0DE12C7C6E2F}
		{003FFC1F-C2A4-4A5A-BE4C-C3A3818BFA97} = {9D4F8B1A-0B6E-4A3E-8A6A-0DE12C7C6E2F}
		{97B79E4E-E40C-4229-8368-DC7993FC14BE} = {9D4F8B1A-0B6E-4A3E-8A6A-0DE12C7C6E2F}
		{D01611B1-E0C8-4F44-8D9E-768CF3BD7394} = {9D4F8B1A-0B6E-4A3E-8A6A-0DE12C7C6E2F}
		{1877B520-4ACB-43DB-9F34-C06BA8DFCB7D} = {9D4F8B1A-0B6E-4A3E-8A6A-0DE12C7C6E2F}
		{B47FAA09-BB17-4A63-913C-438E1DD699B6} = {9D4F8B1A-0B6E-4A3E-8A6A-0DE12C7C6E2F}
		{F822CDCA-9CE8-4FDF-A916-7C8931D80D0D} = {9D4F8B1A-0B6E-4A3E-8A6A-0DE12C7C6E2F}
		{1DB8F29B-DD05-4674-B887-724F1025BF95} = {9D4F8B1A-0B6E-4A3E-8A6A-0DE12C7C6E2F}
		{50AA5A9E-8B7C-428F-B9D6-C8DECA974F5E} = {9D4F8B1A-0B6E-4A3E-8A6A-0DE12C7C6E2F}
		{0E66D197-8A6E-4E6C-B28D-CEFBA9C07E46} = {9D4F8B1A-0B6E-4A3E-8A6A-0DE12C7C6E2F}
		{956BF976-EC70-9262-D6AE-E090735B13BE} = {6941732A-EE8F-0657-99DC-FA435846C4C2}
		{8491EE98-74CB-4D49-940B-93ED5FAEE69C} = {956BF976-EC70-9262-D6AE-E090735B13BE}
		{5DC932F9-9D11-4876-8359-8E942358BB99} = {8904A032-99F3-AFCD-AFBD-12F878AC12DB}
		{F56F6E41-313A-4189-98F5-7BC1ED443426} = {9D4F8B1A-0B6E-4A3E-8A6A-0DE12C7C6E2F}
		{3EF1114E-F18E-47CD-BD0D-FE1689C1A180} = {515B14E1-DFF0-42A5-967B-FF8EB1466B8A}
		{3F6A3379-25E0-463E-9DCD-427540000585} = {515B14E1-DFF0-42A5-967B-FF8EB1466B8A}
	EndGlobalSection
	GlobalSection(ExtensibilityGlobals) = postSolution
		SolutionGuid = {12345678-1234-1234-1234-123456789ABC}
	EndGlobalSection
EndGlobal
