
Microsoft Visual Studio Solution File, Format Version 12.00
# Visual Studio Version 17
VisualStudioVersion = 17.0.31903.59
MinimumVisualStudioVersion = 10.0.40219.1
Project("{FAE04EC0-301F-11D3-BF4B-00C04F79EFBC}") = "Nexo.Core.Domain", "src\Nexo.Core.Domain\Nexo.Core.Domain.csproj", "{5BD03B15-E856-4CEF-AA1B-78BB82708193}"
EndProject
Project("{FAE04EC0-301F-11D3-BF4B-00C04F79EFBC}") = "Nexo.Core.Application", "src\Nexo.Core.Application\Nexo.Core.Application.csproj", "{B86F46D4-C9DE-4A54-A423-74D7BF4E42D9}"
EndProject
Project("{FAE04EC0-301F-11D3-BF4B-00C04F79EFBC}") = "Nexo.Core", "src\Nexo.Core\Nexo.Core.csproj", "{C7EC5422-B477-4777-8081-3E9C63DF85C4}"
EndProject
Project("{FAE04EC0-301F-11D3-BF4B-00C04F79EFBC}") = "Nexo.Tools.Dev", "src\Nexo.Tools.Dev\Nexo.Tools.Dev.csproj", "{E1F2A3B4-C5D6-7890-ABCD-EF1234567890}"
EndProject
Project("{FAE04EC0-301F-11D3-BF4B-00C04F79EFBC}") = "Nexo.Policies.Dev", "src\Nexo.Policies.Dev\Nexo.Policies.Dev.csproj", "{F2A3B4C5-D6E7-8901-BCDE-F12345678901}"
EndProject
Project("{FAE04EC0-301F-11D3-BF4B-00C04F79EFBC}") = "Nexo.Abstractions", "src\Nexo.Abstractions\Nexo.Abstractions.csproj", "{E7F8A9B0-C1D2-3456-F234-567890123456}"
EndProject
Project("{FAE04EC0-301F-11D3-BF4B-00C04F79EFBC}") = "Nexo.Runtime", "src\Nexo.Runtime\Nexo.Runtime.csproj", "{F8A9B0C1-D2E3-4567-F345-678901234567}"
EndProject
Project("{FAE04EC0-301F-11D3-BF4B-00C04F79EFBC}") = "Nexo.Adapters.Models", "src\Nexo.Adapters.Models\Nexo.Adapters.Models.csproj", "{A9B0C1D2-E3F4-5678-F456-789012345678}"
EndProject
Project("{FAE04EC0-301F-11D3-BF4B-00C04F79EFBC}") = "Nexo.Tools.Assembly", "src\Nexo.Tools.Assembly\Nexo.Tools.Assembly.csproj", "{C1D2E3F4-A5B6-7890-F678-901234567890}"
EndProject
Project("{FAE04EC0-301F-11D3-BF4B-00C04F79EFBC}") = "Nexo.Policies", "src\Nexo.Policies\Nexo.Policies.csproj", "{D2E3F4A5-B6C7-8901-F789-012345678901}"
EndProject
Project("{2150E333-8FDC-42A3-9474-1A3956D46DE8}") = "src", "src", "{9D4F8B1A-0B6E-4A3E-8A6A-0DE12C7C6E2F}"
EndProject
Project("{FAE04EC0-301F-11D3-BF4B-00C04F79EFBC}") = "Nexo.Orchestration", "src\Nexo.Orchestration\Nexo.Orchestration.csproj", "{4D936C54-C662-4788-9702-0C60DE90B4B1}"
EndProject
Project("{FAE04EC0-301F-11D3-BF4B-00C04F79EFBC}") = "Nexo.Tests.Orchestration", "src\Nexo.Tests.Orchestration\Nexo.Tests.Orchestration.csproj", "{153EFFE9-0EF3-46F5-B3EB-BAC3DDDC506E}"
EndProject
Project("{FAE04EC0-301F-11D3-BF4B-00C04F79EFBC}") = "Nexo.BackgroundAgents", "src\Nexo.BackgroundAgents\Nexo.BackgroundAgents.csproj", "{79F47F1D-EC2D-4398-96CA-B08D3A9724DB}"
EndProject
Project("{FAE04EC0-301F-11D3-BF4B-00C04F79EFBC}") = "Nexo.Tests.BackgroundAgents", "src\Nexo.Tests.BackgroundAgents\Nexo.Tests.BackgroundAgents.csproj", "{4E64A5A5-C6F6-4E04-839B-570503542327}"
EndProject
Project("{FAE04EC0-301F-11D3-BF4B-00C04F79EFBC}") = "Nexo.Brick.Contracts", "src\Nexo.Brick.Contracts\Nexo.Brick.Contracts.csproj", "{075C8F77-AF69-42FC-8098-BC01F0920FD5}"
EndProject
Project("{FAE04EC0-301F-11D3-BF4B-00C04F79EFBC}") = "Nexo.Bricks.Owasp", "src\Nexo.Bricks.Owasp\Nexo.Bricks.Owasp.csproj", "{B1C2D3E4-F5A6-7890-ABCD-EF1234567890}"
EndProject
Project("{FAE04EC0-301F-11D3-BF4B-00C04F79EFBC}") = "Nexo.Tests.Contracts", "src\Nexo.Tests.Contracts\Nexo.Tests.Contracts.csproj", "{2BFBAD50-9A81-4339-9C4F-2014AB4289FF}"
EndProject
Project("{FAE04EC0-301F-11D3-BF4B-00C04F79EFBC}") = "Nexo.Tests.Infrastructure", "src\Nexo.Tests.Infrastructure\Nexo.Tests.Infrastructure.csproj", "{1AFBAD49-9A81-4339-9C4F-2014AB4289FF}"
EndProject
Project("{FAE04EC0-301F-11D3-BF4B-00C04F79EFBC}") = "Nexo.Tests.Application", "src\Nexo.Tests.Application\Nexo.Tests.Application.csproj", "{F991CD87-0C91-41E2-82A2-1E60AEF5310A}"
EndProject
Project("{FAE04EC0-301F-11D3-BF4B-00C04F79EFBC}") = "Nexo.Tests.Domain", "src\Nexo.Tests.Domain\Nexo.Tests.Domain.csproj", "{E3F68BEB-5370-4BF8-9176-E1E8D1E2DAD4}"
EndProject
Project("{FAE04EC0-301F-11D3-BF4B-00C04F79EFBC}") = "Nexo.Hosting", "src\Nexo.Hosting\Nexo.Hosting.csproj", "{A1B2C3D4-E5F6-7890-ABCD-EF1234567891}"
EndProject
Project("{FAE04EC0-301F-11D3-BF4B-00C04F79EFBC}") = "Nexo.Client", "src\Nexo.Client\Nexo.Client.csproj", "{C3D4E5F6-A7B8-9012-CDEF-345678901234}"
EndProject
Project("{FAE04EC0-301F-11D3-BF4B-00C04F79EFBC}") = "Nexo.Sdk", "src\Nexo.Sdk\Nexo.Sdk.csproj", "{587D8C05-F4AE-49ED-9498-4DEE3E7B9C10}"
EndProject
Project("{FAE04EC0-301F-11D3-BF4B-00C04F79EFBC}") = "Nexo.Lite", "src\Nexo.Lite\Nexo.Lite.csproj", "{3EE72977-0922-4E20-8AB2-0AB45DB52274}"
EndProject
Project("{FAE04EC0-301F-11D3-BF4B-00C04F79EFBC}") = "Nexo.Transport.Grpc", "src\Nexo.Transport.Grpc\Nexo.Transport.Grpc.csproj", "{B5A74535-A8E7-477E-AA71-D28CB2735426}"
EndProject
Project("{FAE04EC0-301F-11D3-BF4B-00C04F79EFBC}") = "Nexo.Transport.Grpc.Server", "src\Nexo.Transport.Grpc.Server\Nexo.Transport.Grpc.Server.csproj", "{D8D9F9AF-1EAD-4BEB-9DC1-8657A7C39B9E}"
EndProject
Project("{FAE04EC0-301F-11D3-BF4B-00C04F79EFBC}") = "Nexo.Transport.Grpc.Server.Host", "src\Nexo.Transport.Grpc.Server.Host\Nexo.Transport.Grpc.Server.Host.csproj", "{943B0861-DF14-43E3-9DDA-D6359F07D55D}"
EndProject
Project("{FAE04EC0-301F-11D3-BF4B-00C04F79EFBC}") = "Nexo.Tests.Transport", "src\Nexo.Tests.Transport\Nexo.Tests.Transport.csproj", "{9A6E02CA-56C8-4F7C-A1AE-6AB21D8F8AFB}"
EndProject
Project("{FAE04EC0-301F-11D3-BF4B-00C04F79EFBC}") = "Nexo.BackgroundAgents.HostRunners", "src\Nexo.BackgroundAgents.HostRunners\Nexo.BackgroundAgents.HostRunners.csproj", "{C4A004BB-AFCC-4A69-8D36-61C2E9EEFD01}"
EndProject
Project("{FAE04EC0-301F-11D3-BF4B-00C04F79EFBC}") = "Nexo.Contracts", "src\Nexo.Contracts\Nexo.Contracts.csproj", "{F2A54F4C-34A8-49AC-A620-1B75EBA4424A}"
EndProject
Project("{FAE04EC0-301F-11D3-BF4B-00C04F79EFBC}") = "Nexo.Framework.Sdk", "src\Nexo.Framework.Sdk\Nexo.Framework.Sdk.csproj", "{5202644E-F8CC-47EA-92BA-22D18AC55C50}"
EndProject
Project("{FAE04EC0-301F-11D3-BF4B-00C04F79EFBC}") = "Nexo.Runtime.Bundle", "src\Nexo.Runtime.Bundle\Nexo.Runtime.Bundle.csproj", "{DAF7CF6D-2BCB-411F-860D-2CF3EF396E70}"
EndProject
Project("{FAE04EC0-301F-11D3-BF4B-00C04F79EFBC}") = "Nexo.Ingress.AwsSns", "src\Nexo.Ingress.AwsSns\Nexo.Ingress.AwsSns.csproj", "{7C104A42-14C9-4A59-9494-014D238DF354}"
EndProject
Project("{FAE04EC0-301F-11D3-BF4B-00C04F79EFBC}") = "Nexo.Ingress.AwsSns.Tests", "src\Nexo.Ingress.AwsSns.Tests\Nexo.Ingress.AwsSns.Tests.csproj", "{6FE29659-FF7F-4373-9B4F-637CE3D7386B}"
EndProject
Project("{FAE04EC0-301F-11D3-BF4B-00C04F79EFBC}") = "Nexo.Ingress.DynamoDb", "src\Nexo.Ingress.DynamoDb\Nexo.Ingress.DynamoDb.csproj", "{BA87A190-3AED-4032-BF32-33EDBBD47016}"
EndProject
Project("{FAE04EC0-301F-11D3-BF4B-00C04F79EFBC}") = "Nexo.Ingress.DynamoDb.Tests", "src\Nexo.Ingress.DynamoDb.Tests\Nexo.Ingress.DynamoDb.Tests.csproj", "{36A406C1-2497-41FF-846A-2874297F4FA1}"
EndProject
Project("{2150E333-8FDC-42A3-9474-1A3956D46DE8}") = "application", "application", "{CAC298C2-E6C6-490A-B573-856668ECDE11}"
EndProject
Project("{2150E333-8FDC-42A3-9474-1A3956D46DE8}") = "src", "src", "{F89E166B-875E-4F45-A72F-DC15564E7E9A}"
EndProject
Project("{FAE04EC0-301F-11D3-BF4B-00C04F79EFBC}") = "GameDirector.Domain", "commercial\src\Nexo.Commercial.GameDirector.Domain\GameDirector.Domain.csproj", "{3B26105D-42A8-4B16-90A1-1A6736EBB888}"
EndProject
Project("{FAE04EC0-301F-11D3-BF4B-00C04F79EFBC}") = "GameDirector.Bricks", "commercial\src\Nexo.Commercial.GameDirector.Bricks\GameDirector.Bricks.csproj", "{595A646E-6D12-416D-AA53-B1941CEA1DA0}"
EndProject
Project("{FAE04EC0-301F-11D3-BF4B-00C04F79EFBC}") = "GameDirector.Agents", "commercial\src\Nexo.Commercial.GameDirector.Agents\GameDirector.Agents.csproj", "{2A1B14FF-4F38-425A-BC62-5630102B815A}"
EndProject
Project("{FAE04EC0-301F-11D3-BF4B-00C04F79EFBC}") = "GameDirector.Mcp", "commercial\src\Nexo.Commercial.GameDirector.Mcp\GameDirector.Mcp.csproj", "{BD0A9553-A432-41D6-99A3-49E9B467B2F0}"
EndProject
Project("{FAE04EC0-301F-11D3-BF4B-00C04F79EFBC}") = "GameDirector.Host", "commercial\src\Nexo.Commercial.GameDirector.Host\GameDirector.Host.csproj", "{FA7D039A-B968-4093-8173-DE43116A742F}"
EndProject
Project("{FAE04EC0-301F-11D3-BF4B-00C04F79EFBC}") = "Nexo.Tests.GameDirector", "commercial\tests\Nexo.Commercial.Tests.GameDirector\Nexo.Tests.GameDirector.csproj", "{B410D1DB-C764-49CF-9821-E74EF5F0D5DF}"
EndProject
Project("{FAE04EC0-301F-11D3-BF4B-00C04F79EFBC}") = "Nexo.Tests.Kernel", "src\Nexo.Tests.Kernel\Nexo.Tests.Kernel.csproj", "{1CFD322C-6892-441F-9884-B7495EC59099}"
EndProject
Project("{FAE04EC0-301F-11D3-BF4B-00C04F79EFBC}") = "Nexo.CLI", "application\src\Nexo.CLI\Nexo.CLI.csproj", "{A552FC8B-4FDE-45CC-AC6B-32EDAD71E661}"
EndProject
Project("{FAE04EC0-301F-11D3-BF4B-00C04F79EFBC}") = "Nexo.API", "application\src\Nexo.API\Nexo.API.csproj", "{900D1396-B41E-4592-9B03-1ECFE9B4A8BA}"
EndProject
Project("{FAE04EC0-301F-11D3-BF4B-00C04F79EFBC}") = "Nexo.Commercial.GameDomain", "commercial\src\Nexo.Commercial.GameDomain\Nexo.Commercial.GameDomain.csproj", "{9CD88C08-6A2D-44C2-85BB-0E1A45D08383}"
EndProject
Project("{FAE04EC0-301F-11D3-BF4B-00C04F79EFBC}") = "Nexo.Commercial.Tests.GameDomain", "commercial\tests\Nexo.Commercial.Tests.GameDomain\Nexo.Commercial.Tests.GameDomain.csproj", "{1034F18B-417F-45EF-A736-A7DC3250D3B0}"
EndProject
Project("{FAE04EC0-301F-11D3-BF4B-00C04F79EFBC}") = "Nexo.Infrastructure", "src\Nexo.Infrastructure\Nexo.Infrastructure.csproj", "{FB24C010-F1E8-4C0D-AB0C-58CFC74A840C}"
EndProject
Project("{FAE04EC0-301F-11D3-BF4B-00C04F79EFBC}") = "Nexo.Tests.CLI", "application\src\Nexo.Tests.CLI\Nexo.Tests.CLI.csproj", "{71D3B105-0223-4236-AB5A-A96D30604642}"
EndProject
Project("{2150E333-8FDC-42A3-9474-1A3956D46DE8}") = "commercial", "commercial", "{6941732A-EE8F-0657-99DC-FA435846C4C2}"
EndProject
Project("{2150E333-8FDC-42A3-9474-1A3956D46DE8}") = "tests", "tests", "{8904A032-99F3-AFCD-AFBD-12F878AC12DB}"
EndProject
Project("{FAE04EC0-301F-11D3-BF4B-00C04F79EFBC}") = "Nexo.Commercial.Tests.Fleet", "commercial\tests\Nexo.Commercial.Tests.Fleet\Nexo.Commercial.Tests.Fleet.csproj", "{1112CCFA-2A91-489F-ACAB-E43501C0E0AA}"
EndProject
Project("{FAE04EC0-301F-11D3-BF4B-00C04F79EFBC}") = "Nexo.Authoring", "src\Nexo.Authoring\Nexo.Authoring.csproj", "{9E3C74B5-BCB4-4177-B52F-FFDA282B455E}"
EndProject
Project("{FAE04EC0-301F-11D3-BF4B-00C04F79EFBC}") = "Nexo.Certification.Contracts", "src\Nexo.Certification.Contracts\Nexo.Certification.Contracts.csproj", "{265B00C0-D947-424D-A624-5233E0FDEC8C}"
EndProject
Project("{FAE04EC0-301F-11D3-BF4B-00C04F79EFBC}") = "Nexo.Certification.State", "src\Nexo.Certification.State\Nexo.Certification.State.csproj", "{B54D36C7-4226-4E82-A0BE-BC49B55B277E}"
EndProject
Project("{FAE04EC0-301F-11D3-BF4B-00C04F79EFBC}") = "Nexo.Certification.Physical", "src\Nexo.Certification.Physical\Nexo.Certification.Physical.csproj", "{7023FD76-9ED9-4C7A-9E61-4CE020B836D0}"
EndProject
Project("{FAE04EC0-301F-11D3-BF4B-00C04F79EFBC}") = "Nexo.Spatial.Contracts", "src\Nexo.Spatial.Contracts\Nexo.Spatial.Contracts.csproj", "{BBC9470A-8631-4B98-A1EC-14FBD9FDB0E0}"
EndProject
Project("{FAE04EC0-301F-11D3-BF4B-00C04F79EFBC}") = "Nexo.Spatial.Multiplayer", "src\Nexo.Spatial.Multiplayer\Nexo.Spatial.Multiplayer.csproj", "{9DDA2BD5-1BC7-4592-94C3-4455690D2B67}"
EndProject
Project("{FAE04EC0-301F-11D3-BF4B-00C04F79EFBC}") = "Nexo.Spatial.Runtime", "src\Nexo.Spatial.Runtime\Nexo.Spatial.Runtime.csproj", "{1994BD0A-3A3D-446B-8C42-19BC595552AA}"
EndProject
Project("{FAE04EC0-301F-11D3-BF4B-00C04F79EFBC}") = "Nexo.Spatial.Platform.ARKit", "src\Nexo.Spatial.Platform.ARKit\Nexo.Spatial.Platform.ARKit.csproj", "{45158B1C-694F-4CB1-ABDA-3523289E17AC}"
EndProject
Project("{FAE04EC0-301F-11D3-BF4B-00C04F79EFBC}") = "Nexo.Spatial.Platform.XREAL", "src\Nexo.Spatial.Platform.XREAL\Nexo.Spatial.Platform.XREAL.csproj", "{90165C07-3A13-4A8F-9D42-FEC7188A90E5}"
EndProject
Project("{FAE04EC0-301F-11D3-BF4B-00C04F79EFBC}") = "Nexo.Spatial.Platform.VisionPro", "src\Nexo.Spatial.Platform.VisionPro\Nexo.Spatial.Platform.VisionPro.csproj", "{1AD113D5-CDC7-424A-9DFF-C5720A04252D}"
EndProject
Project("{FAE04EC0-301F-11D3-BF4B-00C04F79EFBC}") = "Nexo.Provenance.Graph", "src\Nexo.Provenance.Graph\Nexo.Provenance.Graph.csproj", "{B42C5AE2-1208-49CB-A3E8-DF58B1088052}"
EndProject
Project("{FAE04EC0-301F-11D3-BF4B-00C04F79EFBC}") = "Nexo.Provenance.Graph.Tests", "src\Nexo.Provenance.Graph.Tests\Nexo.Provenance.Graph.Tests.csproj", "{935D3EE2-2EE3-4651-BF2D-A75151FE1B81}"
EndProject
Project("{FAE04EC0-301F-11D3-BF4B-00C04F79EFBC}") = "Nexo.Provenance.Demo", "tools\Nexo.Provenance.Demo\Nexo.Provenance.Demo.csproj", "{1D8336EA-841C-41D3-8004-B961477D2160}"
EndProject
Project("{FAE04EC0-301F-11D3-BF4B-00C04F79EFBC}") = "Nexo.AI.Pipeline", "src\Nexo.AI.Pipeline\Nexo.AI.Pipeline.csproj", "{AE1A6E76-6D57-4A38-9EB7-989083F7DD92}"
EndProject
Project("{FAE04EC0-301F-11D3-BF4B-00C04F79EFBC}") = "Nexo.Tests.AI.Pipeline", "src\Nexo.Tests.AI.Pipeline\Nexo.Tests.AI.Pipeline.csproj", "{41A42E00-05DC-40E7-9BC5-61B145A4614D}"
EndProject
Project("{FAE04EC0-301F-11D3-BF4B-00C04F79EFBC}") = "Nexo.GameDomain", "src\Nexo.GameDomain\Nexo.GameDomain.csproj", "{37886F51-8802-4034-BFC9-FD025BF02982}"
EndProject
Project("{FAE04EC0-301F-11D3-BF4B-00C04F79EFBC}") = "Nexo.Tests.GameDomain", "src\Nexo.Tests.GameDomain\Nexo.Tests.GameDomain.csproj", "{4F447D37-C0BE-4F42-8209-ACDFCCE19E3D}"
EndProject
Project("{2150E333-8FDC-42A3-9474-1A3956D46DE8}") = "tools", "tools", "{0BECDD65-34A1-400F-A4F6-EF209A0684C3}"
EndProject
Project("{FAE04EC0-301F-11D3-BF4B-00C04F79EFBC}") = "Nexo.BRPlaytestAgent", "tools\Nexo.BRPlaytestAgent\Nexo.BRPlaytestAgent.csproj", "{23EC4003-3574-4D7B-B81D-5BB43317722E}"
EndProject
Project("{FAE04EC0-301F-11D3-BF4B-00C04F79EFBC}") = "Nexo.HostBridge", "src\Nexo.HostBridge\Nexo.HostBridge.csproj", "{BC900FB6-2A0E-4E4C-B07D-045D730294DC}"
EndProject
Project("{FAE04EC0-301F-11D3-BF4B-00C04F79EFBC}") = "Nexo.Tests.HostBridge", "src\Nexo.Tests.HostBridge\Nexo.Tests.HostBridge.csproj", "{0470019E-67DB-4812-8494-693F9D0C02A1}"
EndProject
Global
	GlobalSection(SolutionConfigurationPlatforms) = preSolution
		Debug|Any CPU = Debug|Any CPU
		Debug|x64 = Debug|x64
		Debug|x86 = Debug|x86
		Release|Any CPU = Release|Any CPU
		Release|x64 = Release|x64
		Release|x86 = Release|x86
	EndGlobalSection
	GlobalSection(ProjectConfigurationPlatforms) = postSolution
		{5BD03B15-E856-4CEF-AA1B-78BB82708193}.Debug|Any CPU.ActiveCfg = Debug|Any CPU
		{5BD03B15-E856-4CEF-AA1B-78BB82708193}.Debug|Any CPU.Build.0 = Debug|Any CPU
		{5BD03B15-E856-4CEF-AA1B-78BB82708193}.Debug|x64.ActiveCfg = Debug|Any CPU
		{5BD03B15-E856-4CEF-AA1B-78BB82708193}.Debug|x64.Build.0 = Debug|Any CPU
		{5BD03B15-E856-4CEF-AA1B-78BB82708193}.Debug|x86.ActiveCfg = Debug|Any CPU
		{5BD03B15-E856-4CEF-AA1B-78BB82708193}.Debug|x86.Build.0 = Debug|Any CPU
		{5BD03B15-E856-4CEF-AA1B-78BB82708193}.Release|Any CPU.ActiveCfg = Release|Any CPU
		{5BD03B15-E856-4CEF-AA1B-78BB82708193}.Release|Any CPU.Build.0 = Release|Any CPU
		{5BD03B15-E856-4CEF-AA1B-78BB82708193}.Release|x64.ActiveCfg = Release|Any CPU
		{5BD03B15-E856-4CEF-AA1B-78BB82708193}.Release|x64.Build.0 = Release|Any CPU
		{5BD03B15-E856-4CEF-AA1B-78BB82708193}.Release|x86.ActiveCfg = Release|Any CPU
		{5BD03B15-E856-4CEF-AA1B-78BB82708193}.Release|x86.Build.0 = Release|Any CPU
		{B86F46D4-C9DE-4A54-A423-74D7BF4E42D9}.Debug|Any CPU.ActiveCfg = Debug|Any CPU
		{B86F46D4-C9DE-4A54-A423-74D7BF4E42D9}.Debug|Any CPU.Build.0 = Debug|Any CPU
		{B86F46D4-C9DE-4A54-A423-74D7BF4E42D9}.Debug|x64.ActiveCfg = Debug|Any CPU
		{B86F46D4-C9DE-4A54-A423-74D7BF4E42D9}.Debug|x64.Build.0 = Debug|Any CPU
		{B86F46D4-C9DE-4A54-A423-74D7BF4E42D9}.Debug|x86.ActiveCfg = Debug|Any CPU
		{B86F46D4-C9DE-4A54-A423-74D7BF4E42D9}.Debug|x86.Build.0 = Debug|Any CPU
		{B86F46D4-C9DE-4A54-A423-74D7BF4E42D9}.Release|Any CPU.ActiveCfg = Release|Any CPU
		{B86F46D4-C9DE-4A54-A423-74D7BF4E42D9}.Release|Any CPU.Build.0 = Release|Any CPU
		{B86F46D4-C9DE-4A54-A423-74D7BF4E42D9}.Release|x64.ActiveCfg = Release|Any CPU
		{B86F46D4-C9DE-4A54-A423-74D7BF4E42D9}.Release|x64.Build.0 = Release|Any CPU
		{B86F46D4-C9DE-4A54-A423-74D7BF4E42D9}.Release|x86.ActiveCfg = Release|Any CPU
		{B86F46D4-C9DE-4A54-A423-74D7BF4E42D9}.Release|x86.Build.0 = Release|Any CPU
		{C7EC5422-B477-4777-8081-3E9C63DF85C4}.Debug|Any CPU.ActiveCfg = Debug|Any CPU
		{C7EC5422-B477-4777-8081-3E9C63DF85C4}.Debug|Any CPU.Build.0 = Debug|Any CPU
		{C7EC5422-B477-4777-8081-3E9C63DF85C4}.Debug|x64.ActiveCfg = Debug|Any CPU
		{C7EC5422-B477-4777-8081-3E9C63DF85C4}.Debug|x64.Build.0 = Debug|Any CPU
		{C7EC5422-B477-4777-8081-3E9C63DF85C4}.Debug|x86.ActiveCfg = Debug|Any CPU
		{C7EC5422-B477-4777-8081-3E9C63DF85C4}.Debug|x86.Build.0 = Debug|Any CPU
		{C7EC5422-B477-4777-8081-3E9C63DF85C4}.Release|Any CPU.ActiveCfg = Release|Any CPU
		{C7EC5422-B477-4777-8081-3E9C63DF85C4}.Release|Any CPU.Build.0 = Release|Any CPU
		{C7EC5422-B477-4777-8081-3E9C63DF85C4}.Release|x64.ActiveCfg = Release|Any CPU
		{C7EC5422-B477-4777-8081-3E9C63DF85C4}.Release|x64.Build.0 = Release|Any CPU
		{C7EC5422-B477-4777-8081-3E9C63DF85C4}.Release|x86.ActiveCfg = Release|Any CPU
		{C7EC5422-B477-4777-8081-3E9C63DF85C4}.Release|x86.Build.0 = Release|Any CPU
		{E1F2A3B4-C5D6-7890-ABCD-EF1234567890}.Debug|Any CPU.ActiveCfg = Debug|Any CPU
		{E1F2A3B4-C5D6-7890-ABCD-EF1234567890}.Debug|Any CPU.Build.0 = Debug|Any CPU
		{E1F2A3B4-C5D6-7890-ABCD-EF1234567890}.Debug|x64.ActiveCfg = Debug|Any CPU
		{E1F2A3B4-C5D6-7890-ABCD-EF1234567890}.Debug|x64.Build.0 = Debug|Any CPU
		{E1F2A3B4-C5D6-7890-ABCD-EF1234567890}.Debug|x86.ActiveCfg = Debug|Any CPU
		{E1F2A3B4-C5D6-7890-ABCD-EF1234567890}.Debug|x86.Build.0 = Debug|Any CPU
		{E1F2A3B4-C5D6-7890-ABCD-EF1234567890}.Release|Any CPU.ActiveCfg = Release|Any CPU
		{E1F2A3B4-C5D6-7890-ABCD-EF1234567890}.Release|Any CPU.Build.0 = Release|Any CPU
		{E1F2A3B4-C5D6-7890-ABCD-EF1234567890}.Release|x64.ActiveCfg = Release|Any CPU
		{E1F2A3B4-C5D6-7890-ABCD-EF1234567890}.Release|x64.Build.0 = Release|Any CPU
		{E1F2A3B4-C5D6-7890-ABCD-EF1234567890}.Release|x86.ActiveCfg = Release|Any CPU
		{E1F2A3B4-C5D6-7890-ABCD-EF1234567890}.Release|x86.Build.0 = Release|Any CPU
		{F2A3B4C5-D6E7-8901-BCDE-F12345678901}.Debug|Any CPU.ActiveCfg = Debug|Any CPU
		{F2A3B4C5-D6E7-8901-BCDE-F12345678901}.Debug|Any CPU.Build.0 = Debug|Any CPU
		{F2A3B4C5-D6E7-8901-BCDE-F12345678901}.Debug|x64.ActiveCfg = Debug|Any CPU
		{F2A3B4C5-D6E7-8901-BCDE-F12345678901}.Debug|x64.Build.0 = Debug|Any CPU
		{F2A3B4C5-D6E7-8901-BCDE-F12345678901}.Debug|x86.ActiveCfg = Debug|Any CPU
		{F2A3B4C5-D6E7-8901-BCDE-F12345678901}.Debug|x86.Build.0 = Debug|Any CPU
		{F2A3B4C5-D6E7-8901-BCDE-F12345678901}.Release|Any CPU.ActiveCfg = Release|Any CPU
		{F2A3B4C5-D6E7-8901-BCDE-F12345678901}.Release|Any CPU.Build.0 = Release|Any CPU
		{F2A3B4C5-D6E7-8901-BCDE-F12345678901}.Release|x64.ActiveCfg = Release|Any CPU
		{F2A3B4C5-D6E7-8901-BCDE-F12345678901}.Release|x64.Build.0 = Release|Any CPU
		{F2A3B4C5-D6E7-8901-BCDE-F12345678901}.Release|x86.ActiveCfg = Release|Any CPU
		{F2A3B4C5-D6E7-8901-BCDE-F12345678901}.Release|x86.Build.0 = Release|Any CPU
		{E7F8A9B0-C1D2-3456-F234-567890123456}.Debug|Any CPU.ActiveCfg = Debug|Any CPU
		{E7F8A9B0-C1D2-3456-F234-567890123456}.Debug|Any CPU.Build.0 = Debug|Any CPU
		{E7F8A9B0-C1D2-3456-F234-567890123456}.Debug|x64.ActiveCfg = Debug|Any CPU
		{E7F8A9B0-C1D2-3456-F234-567890123456}.Debug|x64.Build.0 = Debug|Any CPU
		{E7F8A9B0-C1D2-3456-F234-567890123456}.Debug|x86.ActiveCfg = Debug|Any CPU
		{E7F8A9B0-C1D2-3456-F234-567890123456}.Debug|x86.Build.0 = Debug|Any CPU
		{E7F8A9B0-C1D2-3456-F234-567890123456}.Release|Any CPU.ActiveCfg = Release|Any CPU
		{E7F8A9B0-C1D2-3456-F234-567890123456}.Release|Any CPU.Build.0 = Release|Any CPU
		{E7F8A9B0-C1D2-3456-F234-567890123456}.Release|x64.ActiveCfg = Release|Any CPU
		{E7F8A9B0-C1D2-3456-F234-567890123456}.Release|x64.Build.0 = Release|Any CPU
		{E7F8A9B0-C1D2-3456-F234-567890123456}.Release|x86.ActiveCfg = Release|Any CPU
		{E7F8A9B0-C1D2-3456-F234-567890123456}.Release|x86.Build.0 = Release|Any CPU
		{F8A9B0C1-D2E3-4567-F345-678901234567}.Debug|Any CPU.ActiveCfg = Debug|Any CPU
		{F8A9B0C1-D2E3-4567-F345-678901234567}.Debug|Any CPU.Build.0 = Debug|Any CPU
		{F8A9B0C1-D2E3-4567-F345-678901234567}.Debug|x64.ActiveCfg = Debug|Any CPU
		{F8A9B0C1-D2E3-4567-F345-678901234567}.Debug|x64.Build.0 = Debug|Any CPU
		{F8A9B0C1-D2E3-4567-F345-678901234567}.Debug|x86.ActiveCfg = Debug|Any CPU
		{F8A9B0C1-D2E3-4567-F345-678901234567}.Debug|x86.Build.0 = Debug|Any CPU
		{F8A9B0C1-D2E3-4567-F345-678901234567}.Release|Any CPU.ActiveCfg = Release|Any CPU
		{F8A9B0C1-D2E3-4567-F345-678901234567}.Release|Any CPU.Build.0 = Release|Any CPU
		{F8A9B0C1-D2E3-4567-F345-678901234567}.Release|x64.ActiveCfg = Release|Any CPU
		{F8A9B0C1-D2E3-4567-F345-678901234567}.Release|x64.Build.0 = Release|Any CPU
		{F8A9B0C1-D2E3-4567-F345-678901234567}.Release|x86.ActiveCfg = Release|Any CPU
		{F8A9B0C1-D2E3-4567-F345-678901234567}.Release|x86.Build.0 = Release|Any CPU
		{A9B0C1D2-E3F4-5678-F456-789012345678}.Debug|Any CPU.ActiveCfg = Debug|Any CPU
		{A9B0C1D2-E3F4-5678-F456-789012345678}.Debug|Any CPU.Build.0 = Debug|Any CPU
		{A9B0C1D2-E3F4-5678-F456-789012345678}.Debug|x64.ActiveCfg = Debug|Any CPU
		{A9B0C1D2-E3F4-5678-F456-789012345678}.Debug|x64.Build.0 = Debug|Any CPU
		{A9B0C1D2-E3F4-5678-F456-789012345678}.Debug|x86.ActiveCfg = Debug|Any CPU
		{A9B0C1D2-E3F4-5678-F456-789012345678}.Debug|x86.Build.0 = Debug|Any CPU
		{A9B0C1D2-E3F4-5678-F456-789012345678}.Release|Any CPU.ActiveCfg = Release|Any CPU
		{A9B0C1D2-E3F4-5678-F456-789012345678}.Release|Any CPU.Build.0 = Release|Any CPU
		{A9B0C1D2-E3F4-5678-F456-789012345678}.Release|x64.ActiveCfg = Release|Any CPU
		{A9B0C1D2-E3F4-5678-F456-789012345678}.Release|x64.Build.0 = Release|Any CPU
		{A9B0C1D2-E3F4-5678-F456-789012345678}.Release|x86.ActiveCfg = Release|Any CPU
		{A9B0C1D2-E3F4-5678-F456-789012345678}.Release|x86.Build.0 = Release|Any CPU
		{C1D2E3F4-A5B6-7890-F678-901234567890}.Debug|Any CPU.ActiveCfg = Debug|Any CPU
		{C1D2E3F4-A5B6-7890-F678-901234567890}.Debug|Any CPU.Build.0 = Debug|Any CPU
		{C1D2E3F4-A5B6-7890-F678-901234567890}.Debug|x64.ActiveCfg = Debug|Any CPU
		{C1D2E3F4-A5B6-7890-F678-901234567890}.Debug|x64.Build.0 = Debug|Any CPU
		{C1D2E3F4-A5B6-7890-F678-901234567890}.Debug|x86.ActiveCfg = Debug|Any CPU
		{C1D2E3F4-A5B6-7890-F678-901234567890}.Debug|x86.Build.0 = Debug|Any CPU
		{C1D2E3F4-A5B6-7890-F678-901234567890}.Release|Any CPU.ActiveCfg = Release|Any CPU
		{C1D2E3F4-A5B6-7890-F678-901234567890}.Release|Any CPU.Build.0 = Release|Any CPU
		{C1D2E3F4-A5B6-7890-F678-901234567890}.Release|x64.ActiveCfg = Release|Any CPU
		{C1D2E3F4-A5B6-7890-F678-901234567890}.Release|x64.Build.0 = Release|Any CPU
		{C1D2E3F4-A5B6-7890-F678-901234567890}.Release|x86.ActiveCfg = Release|Any CPU
		{C1D2E3F4-A5B6-7890-F678-901234567890}.Release|x86.Build.0 = Release|Any CPU
		{D2E3F4A5-B6C7-8901-F789-012345678901}.Debug|Any CPU.ActiveCfg = Debug|Any CPU
		{D2E3F4A5-B6C7-8901-F789-012345678901}.Debug|Any CPU.Build.0 = Debug|Any CPU
		{D2E3F4A5-B6C7-8901-F789-012345678901}.Debug|x64.ActiveCfg = Debug|Any CPU
		{D2E3F4A5-B6C7-8901-F789-012345678901}.Debug|x64.Build.0 = Debug|Any CPU
		{D2E3F4A5-B6C7-8901-F789-012345678901}.Debug|x86.ActiveCfg = Debug|Any CPU
		{D2E3F4A5-B6C7-8901-F789-012345678901}.Debug|x86.Build.0 = Debug|Any CPU
		{D2E3F4A5-B6C7-8901-F789-012345678901}.Release|Any CPU.ActiveCfg = Release|Any CPU
		{D2E3F4A5-B6C7-8901-F789-012345678901}.Release|Any CPU.Build.0 = Release|Any CPU
		{D2E3F4A5-B6C7-8901-F789-012345678901}.Release|x64.ActiveCfg = Release|Any CPU
		{D2E3F4A5-B6C7-8901-F789-012345678901}.Release|x64.Build.0 = Release|Any CPU
		{D2E3F4A5-B6C7-8901-F789-012345678901}.Release|x86.ActiveCfg = Release|Any CPU
		{D2E3F4A5-B6C7-8901-F789-012345678901}.Release|x86.Build.0 = Release|Any CPU
		{4D936C54-C662-4788-9702-0C60DE90B4B1}.Debug|Any CPU.ActiveCfg = Debug|Any CPU
		{4D936C54-C662-4788-9702-0C60DE90B4B1}.Debug|Any CPU.Build.0 = Debug|Any CPU
		{4D936C54-C662-4788-9702-0C60DE90B4B1}.Debug|x64.ActiveCfg = Debug|Any CPU
		{4D936C54-C662-4788-9702-0C60DE90B4B1}.Debug|x64.Build.0 = Debug|Any CPU
		{4D936C54-C662-4788-9702-0C60DE90B4B1}.Debug|x86.ActiveCfg = Debug|Any CPU
		{4D936C54-C662-4788-9702-0C60DE90B4B1}.Debug|x86.Build.0 = Debug|Any CPU
		{4D936C54-C662-4788-9702-0C60DE90B4B1}.Release|Any CPU.ActiveCfg = Release|Any CPU
		{4D936C54-C662-4788-9702-0C60DE90B4B1}.Release|Any CPU.Build.0 = Release|Any CPU
		{4D936C54-C662-4788-9702-0C60DE90B4B1}.Release|x64.ActiveCfg = Release|Any CPU
		{4D936C54-C662-4788-9702-0C60DE90B4B1}.Release|x64.Build.0 = Release|Any CPU
		{4D936C54-C662-4788-9702-0C60DE90B4B1}.Release|x86.ActiveCfg = Release|Any CPU
		{4D936C54-C662-4788-9702-0C60DE90B4B1}.Release|x86.Build.0 = Release|Any CPU
		{153EFFE9-0EF3-46F5-B3EB-BAC3DDDC506E}.Debug|Any CPU.ActiveCfg = Debug|Any CPU
		{153EFFE9-0EF3-46F5-B3EB-BAC3DDDC506E}.Debug|Any CPU.Build.0 = Debug|Any CPU
		{153EFFE9-0EF3-46F5-B3EB-BAC3DDDC506E}.Debug|x64.ActiveCfg = Debug|Any CPU
		{153EFFE9-0EF3-46F5-B3EB-BAC3DDDC506E}.Debug|x64.Build.0 = Debug|Any CPU
		{153EFFE9-0EF3-46F5-B3EB-BAC3DDDC506E}.Debug|x86.ActiveCfg = Debug|Any CPU
		{153EFFE9-0EF3-46F5-B3EB-BAC3DDDC506E}.Debug|x86.Build.0 = Debug|Any CPU
		{153EFFE9-0EF3-46F5-B3EB-BAC3DDDC506E}.Release|Any CPU.ActiveCfg = Release|Any CPU
		{153EFFE9-0EF3-46F5-B3EB-BAC3DDDC506E}.Release|Any CPU.Build.0 = Release|Any CPU
		{153EFFE9-0EF3-46F5-B3EB-BAC3DDDC506E}.Release|x64.ActiveCfg = Release|Any CPU
		{153EFFE9-0EF3-46F5-B3EB-BAC3DDDC506E}.Release|x64.Build.0 = Release|Any CPU
		{153EFFE9-0EF3-46F5-B3EB-BAC3DDDC506E}.Release|x86.ActiveCfg = Release|Any CPU
		{153EFFE9-0EF3-46F5-B3EB-BAC3DDDC506E}.Release|x86.Build.0 = Release|Any CPU
		{79F47F1D-EC2D-4398-96CA-B08D3A9724DB}.Debug|Any CPU.ActiveCfg = Debug|Any CPU
		{79F47F1D-EC2D-4398-96CA-B08D3A9724DB}.Debug|Any CPU.Build.0 = Debug|Any CPU
		{79F47F1D-EC2D-4398-96CA-B08D3A9724DB}.Debug|x64.ActiveCfg = Debug|Any CPU
		{79F47F1D-EC2D-4398-96CA-B08D3A9724DB}.Debug|x64.Build.0 = Debug|Any CPU
		{79F47F1D-EC2D-4398-96CA-B08D3A9724DB}.Debug|x86.ActiveCfg = Debug|Any CPU
		{79F47F1D-EC2D-4398-96CA-B08D3A9724DB}.Debug|x86.Build.0 = Debug|Any CPU
		{79F47F1D-EC2D-4398-96CA-B08D3A9724DB}.Release|Any CPU.ActiveCfg = Release|Any CPU
		{79F47F1D-EC2D-4398-96CA-B08D3A9724DB}.Release|Any CPU.Build.0 = Release|Any CPU
		{79F47F1D-EC2D-4398-96CA-B08D3A9724DB}.Release|x64.ActiveCfg = Release|Any CPU
		{79F47F1D-EC2D-4398-96CA-B08D3A9724DB}.Release|x64.Build.0 = Release|Any CPU
		{79F47F1D-EC2D-4398-96CA-B08D3A9724DB}.Release|x86.ActiveCfg = Release|Any CPU
		{79F47F1D-EC2D-4398-96CA-B08D3A9724DB}.Release|x86.Build.0 = Release|Any CPU
		{4E64A5A5-C6F6-4E04-839B-570503542327}.Debug|Any CPU.ActiveCfg = Debug|Any CPU
		{4E64A5A5-C6F6-4E04-839B-570503542327}.Debug|Any CPU.Build.0 = Debug|Any CPU
		{4E64A5A5-C6F6-4E04-839B-570503542327}.Debug|x64.ActiveCfg = Debug|Any CPU
		{4E64A5A5-C6F6-4E04-839B-570503542327}.Debug|x64.Build.0 = Debug|Any CPU
		{4E64A5A5-C6F6-4E04-839B-570503542327}.Debug|x86.ActiveCfg = Debug|Any CPU
		{4E64A5A5-C6F6-4E04-839B-570503542327}.Debug|x86.Build.0 = Debug|Any CPU
		{4E64A5A5-C6F6-4E04-839B-570503542327}.Release|Any CPU.ActiveCfg = Release|Any CPU
		{4E64A5A5-C6F6-4E04-839B-570503542327}.Release|Any CPU.Build.0 = Release|Any CPU
		{4E64A5A5-C6F6-4E04-839B-570503542327}.Release|x64.ActiveCfg = Release|Any CPU
		{4E64A5A5-C6F6-4E04-839B-570503542327}.Release|x64.Build.0 = Release|Any CPU
		{4E64A5A5-C6F6-4E04-839B-570503542327}.Release|x86.ActiveCfg = Release|Any CPU
		{4E64A5A5-C6F6-4E04-839B-570503542327}.Release|x86.Build.0 = Release|Any CPU
		{075C8F77-AF69-42FC-8098-BC01F0920FD5}.Debug|Any CPU.ActiveCfg = Debug|Any CPU
		{075C8F77-AF69-42FC-8098-BC01F0920FD5}.Debug|Any CPU.Build.0 = Debug|Any CPU
		{075C8F77-AF69-42FC-8098-BC01F0920FD5}.Debug|x64.ActiveCfg = Debug|Any CPU
		{075C8F77-AF69-42FC-8098-BC01F0920FD5}.Debug|x64.Build.0 = Debug|Any CPU
		{075C8F77-AF69-42FC-8098-BC01F0920FD5}.Debug|x86.ActiveCfg = Debug|Any CPU
		{075C8F77-AF69-42FC-8098-BC01F0920FD5}.Debug|x86.Build.0 = Debug|Any CPU
		{075C8F77-AF69-42FC-8098-BC01F0920FD5}.Release|Any CPU.ActiveCfg = Release|Any CPU
		{075C8F77-AF69-42FC-8098-BC01F0920FD5}.Release|Any CPU.Build.0 = Release|Any CPU
		{075C8F77-AF69-42FC-8098-BC01F0920FD5}.Release|x64.ActiveCfg = Release|Any CPU
		{075C8F77-AF69-42FC-8098-BC01F0920FD5}.Release|x64.Build.0 = Release|Any CPU
		{075C8F77-AF69-42FC-8098-BC01F0920FD5}.Release|x86.ActiveCfg = Release|Any CPU
		{075C8F77-AF69-42FC-8098-BC01F0920FD5}.Release|x86.Build.0 = Release|Any CPU
		{B1C2D3E4-F5A6-7890-ABCD-EF1234567890}.Debug|Any CPU.ActiveCfg = Debug|Any CPU
		{B1C2D3E4-F5A6-7890-ABCD-EF1234567890}.Debug|Any CPU.Build.0 = Debug|Any CPU
		{B1C2D3E4-F5A6-7890-ABCD-EF1234567890}.Debug|x64.ActiveCfg = Debug|Any CPU
		{B1C2D3E4-F5A6-7890-ABCD-EF1234567890}.Debug|x64.Build.0 = Debug|Any CPU
		{B1C2D3E4-F5A6-7890-ABCD-EF1234567890}.Debug|x86.ActiveCfg = Debug|Any CPU
		{B1C2D3E4-F5A6-7890-ABCD-EF1234567890}.Debug|x86.Build.0 = Debug|Any CPU
		{B1C2D3E4-F5A6-7890-ABCD-EF1234567890}.Release|Any CPU.ActiveCfg = Release|Any CPU
		{B1C2D3E4-F5A6-7890-ABCD-EF1234567890}.Release|Any CPU.Build.0 = Release|Any CPU
		{B1C2D3E4-F5A6-7890-ABCD-EF1234567890}.Release|x64.ActiveCfg = Release|Any CPU
		{B1C2D3E4-F5A6-7890-ABCD-EF1234567890}.Release|x64.Build.0 = Release|Any CPU
		{B1C2D3E4-F5A6-7890-ABCD-EF1234567890}.Release|x86.ActiveCfg = Release|Any CPU
		{B1C2D3E4-F5A6-7890-ABCD-EF1234567890}.Release|x86.Build.0 = Release|Any CPU
		{2BFBAD50-9A81-4339-9C4F-2014AB4289FF}.Debug|Any CPU.ActiveCfg = Debug|Any CPU
		{2BFBAD50-9A81-4339-9C4F-2014AB4289FF}.Debug|Any CPU.Build.0 = Debug|Any CPU
		{2BFBAD50-9A81-4339-9C4F-2014AB4289FF}.Debug|x64.ActiveCfg = Debug|Any CPU
		{2BFBAD50-9A81-4339-9C4F-2014AB4289FF}.Debug|x64.Build.0 = Debug|Any CPU
		{2BFBAD50-9A81-4339-9C4F-2014AB4289FF}.Debug|x86.ActiveCfg = Debug|Any CPU
		{2BFBAD50-9A81-4339-9C4F-2014AB4289FF}.Debug|x86.Build.0 = Debug|Any CPU
		{2BFBAD50-9A81-4339-9C4F-2014AB4289FF}.Release|Any CPU.ActiveCfg = Release|Any CPU
		{2BFBAD50-9A81-4339-9C4F-2014AB4289FF}.Release|Any CPU.Build.0 = Release|Any CPU
		{2BFBAD50-9A81-4339-9C4F-2014AB4289FF}.Release|x64.ActiveCfg = Release|Any CPU
		{2BFBAD50-9A81-4339-9C4F-2014AB4289FF}.Release|x64.Build.0 = Release|Any CPU
		{2BFBAD50-9A81-4339-9C4F-2014AB4289FF}.Release|x86.ActiveCfg = Release|Any CPU
		{2BFBAD50-9A81-4339-9C4F-2014AB4289FF}.Release|x86.Build.0 = Release|Any CPU
		{1AFBAD49-9A81-4339-9C4F-2014AB4289FF}.Debug|Any CPU.ActiveCfg = Debug|Any CPU
		{1AFBAD49-9A81-4339-9C4F-2014AB4289FF}.Debug|Any CPU.Build.0 = Debug|Any CPU
		{1AFBAD49-9A81-4339-9C4F-2014AB4289FF}.Debug|x64.ActiveCfg = Debug|Any CPU
		{1AFBAD49-9A81-4339-9C4F-2014AB4289FF}.Debug|x64.Build.0 = Debug|Any CPU
		{1AFBAD49-9A81-4339-9C4F-2014AB4289FF}.Debug|x86.ActiveCfg = Debug|Any CPU
		{1AFBAD49-9A81-4339-9C4F-2014AB4289FF}.Debug|x86.Build.0 = Debug|Any CPU
		{1AFBAD49-9A81-4339-9C4F-2014AB4289FF}.Release|Any CPU.ActiveCfg = Release|Any CPU
		{1AFBAD49-9A81-4339-9C4F-2014AB4289FF}.Release|Any CPU.Build.0 = Release|Any CPU
		{1AFBAD49-9A81-4339-9C4F-2014AB4289FF}.Release|x64.ActiveCfg = Release|Any CPU
		{1AFBAD49-9A81-4339-9C4F-2014AB4289FF}.Release|x64.Build.0 = Release|Any CPU
		{1AFBAD49-9A81-4339-9C4F-2014AB4289FF}.Release|x86.ActiveCfg = Release|Any CPU
		{1AFBAD49-9A81-4339-9C4F-2014AB4289FF}.Release|x86.Build.0 = Release|Any CPU
		{F991CD87-0C91-41E2-82A2-1E60AEF5310A}.Debug|Any CPU.ActiveCfg = Debug|Any CPU
		{F991CD87-0C91-41E2-82A2-1E60AEF5310A}.Debug|Any CPU.Build.0 = Debug|Any CPU
		{F991CD87-0C91-41E2-82A2-1E60AEF5310A}.Debug|x64.ActiveCfg = Debug|Any CPU
		{F991CD87-0C91-41E2-82A2-1E60AEF5310A}.Debug|x64.Build.0 = Debug|Any CPU
		{F991CD87-0C91-41E2-82A2-1E60AEF5310A}.Debug|x86.ActiveCfg = Debug|Any CPU
		{F991CD87-0C91-41E2-82A2-1E60AEF5310A}.Debug|x86.Build.0 = Debug|Any CPU
		{F991CD87-0C91-41E2-82A2-1E60AEF5310A}.Release|Any CPU.ActiveCfg = Release|Any CPU
		{F991CD87-0C91-41E2-82A2-1E60AEF5310A}.Release|Any CPU.Build.0 = Release|Any CPU
		{F991CD87-0C91-41E2-82A2-1E60AEF5310A}.Release|x64.ActiveCfg = Release|Any CPU
		{F991CD87-0C91-41E2-82A2-1E60AEF5310A}.Release|x64.Build.0 = Release|Any CPU
		{F991CD87-0C91-41E2-82A2-1E60AEF5310A}.Release|x86.ActiveCfg = Release|Any CPU
		{F991CD87-0C91-41E2-82A2-1E60AEF5310A}.Release|x86.Build.0 = Release|Any CPU
		{E3F68BEB-5370-4BF8-9176-E1E8D1E2DAD4}.Debug|Any CPU.ActiveCfg = Debug|Any CPU
		{E3F68BEB-5370-4BF8-9176-E1E8D1E2DAD4}.Debug|Any CPU.Build.0 = Debug|Any CPU
		{E3F68BEB-5370-4BF8-9176-E1E8D1E2DAD4}.Debug|x64.ActiveCfg = Debug|Any CPU
		{E3F68BEB-5370-4BF8-9176-E1E8D1E2DAD4}.Debug|x64.Build.0 = Debug|Any CPU
		{E3F68BEB-5370-4BF8-9176-E1E8D1E2DAD4}.Debug|x86.ActiveCfg = Debug|Any CPU
		{E3F68BEB-5370-4BF8-9176-E1E8D1E2DAD4}.Debug|x86.Build.0 = Debug|Any CPU
		{E3F68BEB-5370-4BF8-9176-E1E8D1E2DAD4}.Release|Any CPU.ActiveCfg = Release|Any CPU
		{E3F68BEB-5370-4BF8-9176-E1E8D1E2DAD4}.Release|Any CPU.Build.0 = Release|Any CPU
		{E3F68BEB-5370-4BF8-9176-E1E8D1E2DAD4}.Release|x64.ActiveCfg = Release|Any CPU
		{E3F68BEB-5370-4BF8-9176-E1E8D1E2DAD4}.Release|x64.Build.0 = Release|Any CPU
		{E3F68BEB-5370-4BF8-9176-E1E8D1E2DAD4}.Release|x86.ActiveCfg = Release|Any CPU
		{E3F68BEB-5370-4BF8-9176-E1E8D1E2DAD4}.Release|x86.Build.0 = Release|Any CPU
		{A1B2C3D4-E5F6-7890-ABCD-EF1234567891}.Debug|Any CPU.ActiveCfg = Debug|Any CPU
		{A1B2C3D4-E5F6-7890-ABCD-EF1234567891}.Debug|Any CPU.Build.0 = Debug|Any CPU
		{A1B2C3D4-E5F6-7890-ABCD-EF1234567891}.Debug|x64.ActiveCfg = Debug|Any CPU
		{A1B2C3D4-E5F6-7890-ABCD-EF1234567891}.Debug|x64.Build.0 = Debug|Any CPU
		{A1B2C3D4-E5F6-7890-ABCD-EF1234567891}.Debug|x86.ActiveCfg = Debug|Any CPU
		{A1B2C3D4-E5F6-7890-ABCD-EF1234567891}.Debug|x86.Build.0 = Debug|Any CPU
		{A1B2C3D4-E5F6-7890-ABCD-EF1234567891}.Release|Any CPU.ActiveCfg = Release|Any CPU
		{A1B2C3D4-E5F6-7890-ABCD-EF1234567891}.Release|Any CPU.Build.0 = Release|Any CPU
		{A1B2C3D4-E5F6-7890-ABCD-EF1234567891}.Release|x64.ActiveCfg = Release|Any CPU
		{A1B2C3D4-E5F6-7890-ABCD-EF1234567891}.Release|x64.Build.0 = Release|Any CPU
		{A1B2C3D4-E5F6-7890-ABCD-EF1234567891}.Release|x86.ActiveCfg = Release|Any CPU
		{A1B2C3D4-E5F6-7890-ABCD-EF1234567891}.Release|x86.Build.0 = Release|Any CPU
		{C3D4E5F6-A7B8-9012-CDEF-345678901234}.Debug|Any CPU.ActiveCfg = Debug|Any CPU
		{C3D4E5F6-A7B8-9012-CDEF-345678901234}.Debug|Any CPU.Build.0 = Debug|Any CPU
		{C3D4E5F6-A7B8-9012-CDEF-345678901234}.Debug|x64.ActiveCfg = Debug|Any CPU
		{C3D4E5F6-A7B8-9012-CDEF-345678901234}.Debug|x64.Build.0 = Debug|Any CPU
		{C3D4E5F6-A7B8-9012-CDEF-345678901234}.Debug|x86.ActiveCfg = Debug|Any CPU
		{C3D4E5F6-A7B8-9012-CDEF-345678901234}.Debug|x86.Build.0 = Debug|Any CPU
		{C3D4E5F6-A7B8-9012-CDEF-345678901234}.Release|Any CPU.ActiveCfg = Release|Any CPU
		{C3D4E5F6-A7B8-9012-CDEF-345678901234}.Release|Any CPU.Build.0 = Release|Any CPU
		{C3D4E5F6-A7B8-9012-CDEF-345678901234}.Release|x64.ActiveCfg = Release|Any CPU
		{C3D4E5F6-A7B8-9012-CDEF-345678901234}.Release|x64.Build.0 = Release|Any CPU
		{C3D4E5F6-A7B8-9012-CDEF-345678901234}.Release|x86.ActiveCfg = Release|Any CPU
		{C3D4E5F6-A7B8-9012-CDEF-345678901234}.Release|x86.Build.0 = Release|Any CPU
		{587D8C05-F4AE-49ED-9498-4DEE3E7B9C10}.Debug|Any CPU.ActiveCfg = Debug|Any CPU
		{587D8C05-F4AE-49ED-9498-4DEE3E7B9C10}.Debug|Any CPU.Build.0 = Debug|Any CPU
		{587D8C05-F4AE-49ED-9498-4DEE3E7B9C10}.Debug|x64.ActiveCfg = Debug|Any CPU
		{587D8C05-F4AE-49ED-9498-4DEE3E7B9C10}.Debug|x64.Build.0 = Debug|Any CPU
		{587D8C05-F4AE-49ED-9498-4DEE3E7B9C10}.Debug|x86.ActiveCfg = Debug|Any CPU
		{587D8C05-F4AE-49ED-9498-4DEE3E7B9C10}.Debug|x86.Build.0 = Debug|Any CPU
		{587D8C05-F4AE-49ED-9498-4DEE3E7B9C10}.Release|Any CPU.ActiveCfg = Release|Any CPU
		{587D8C05-F4AE-49ED-9498-4DEE3E7B9C10}.Release|Any CPU.Build.0 = Release|Any CPU
		{587D8C05-F4AE-49ED-9498-4DEE3E7B9C10}.Release|x64.ActiveCfg = Release|Any CPU
		{587D8C05-F4AE-49ED-9498-4DEE3E7B9C10}.Release|x64.Build.0 = Release|Any CPU
		{587D8C05-F4AE-49ED-9498-4DEE3E7B9C10}.Release|x86.ActiveCfg = Release|Any CPU
		{587D8C05-F4AE-49ED-9498-4DEE3E7B9C10}.Release|x86.Build.0 = Release|Any CPU
		{3EE72977-0922-4E20-8AB2-0AB45DB52274}.Debug|Any CPU.ActiveCfg = Debug|Any CPU
		{3EE72977-0922-4E20-8AB2-0AB45DB52274}.Debug|Any CPU.Build.0 = Debug|Any CPU
		{3EE72977-0922-4E20-8AB2-0AB45DB52274}.Debug|x64.ActiveCfg = Debug|Any CPU
		{3EE72977-0922-4E20-8AB2-0AB45DB52274}.Debug|x64.Build.0 = Debug|Any CPU
		{3EE72977-0922-4E20-8AB2-0AB45DB52274}.Debug|x86.ActiveCfg = Debug|Any CPU
		{3EE72977-0922-4E20-8AB2-0AB45DB52274}.Debug|x86.Build.0 = Debug|Any CPU
		{3EE72977-0922-4E20-8AB2-0AB45DB52274}.Release|Any CPU.ActiveCfg = Release|Any CPU
		{3EE72977-0922-4E20-8AB2-0AB45DB52274}.Release|Any CPU.Build.0 = Release|Any CPU
		{3EE72977-0922-4E20-8AB2-0AB45DB52274}.Release|x64.ActiveCfg = Release|Any CPU
		{3EE72977-0922-4E20-8AB2-0AB45DB52274}.Release|x64.Build.0 = Release|Any CPU
		{3EE72977-0922-4E20-8AB2-0AB45DB52274}.Release|x86.ActiveCfg = Release|Any CPU
		{3EE72977-0922-4E20-8AB2-0AB45DB52274}.Release|x86.Build.0 = Release|Any CPU
		{B5A74535-A8E7-477E-AA71-D28CB2735426}.Debug|Any CPU.ActiveCfg = Debug|Any CPU
		{B5A74535-A8E7-477E-AA71-D28CB2735426}.Debug|Any CPU.Build.0 = Debug|Any CPU
		{B5A74535-A8E7-477E-AA71-D28CB2735426}.Debug|x64.ActiveCfg = Debug|Any CPU
		{B5A74535-A8E7-477E-AA71-D28CB2735426}.Debug|x64.Build.0 = Debug|Any CPU
		{B5A74535-A8E7-477E-AA71-D28CB2735426}.Debug|x86.ActiveCfg = Debug|Any CPU
		{B5A74535-A8E7-477E-AA71-D28CB2735426}.Debug|x86.Build.0 = Debug|Any CPU
		{B5A74535-A8E7-477E-AA71-D28CB2735426}.Release|Any CPU.ActiveCfg = Release|Any CPU
		{B5A74535-A8E7-477E-AA71-D28CB2735426}.Release|Any CPU.Build.0 = Release|Any CPU
		{B5A74535-A8E7-477E-AA71-D28CB2735426}.Release|x64.ActiveCfg = Release|Any CPU
		{B5A74535-A8E7-477E-AA71-D28CB2735426}.Release|x64.Build.0 = Release|Any CPU
		{B5A74535-A8E7-477E-AA71-D28CB2735426}.Release|x86.ActiveCfg = Release|Any CPU
		{B5A74535-A8E7-477E-AA71-D28CB2735426}.Release|x86.Build.0 = Release|Any CPU
		{D8D9F9AF-1EAD-4BEB-9DC1-8657A7C39B9E}.Debug|Any CPU.ActiveCfg = Debug|Any CPU
		{D8D9F9AF-1EAD-4BEB-9DC1-8657A7C39B9E}.Debug|Any CPU.Build.0 = Debug|Any CPU
		{D8D9F9AF-1EAD-4BEB-9DC1-8657A7C39B9E}.Debug|x64.ActiveCfg = Debug|Any CPU
		{D8D9F9AF-1EAD-4BEB-9DC1-8657A7C39B9E}.Debug|x64.Build.0 = Debug|Any CPU
		{D8D9F9AF-1EAD-4BEB-9DC1-8657A7C39B9E}.Debug|x86.ActiveCfg = Debug|Any CPU
		{D8D9F9AF-1EAD-4BEB-9DC1-8657A7C39B9E}.Debug|x86.Build.0 = Debug|Any CPU
		{D8D9F9AF-1EAD-4BEB-9DC1-8657A7C39B9E}.Release|Any CPU.ActiveCfg = Release|Any CPU
		{D8D9F9AF-1EAD-4BEB-9DC1-8657A7C39B9E}.Release|Any CPU.Build.0 = Release|Any CPU
		{D8D9F9AF-1EAD-4BEB-9DC1-8657A7C39B9E}.Release|x64.ActiveCfg = Release|Any CPU
		{D8D9F9AF-1EAD-4BEB-9DC1-8657A7C39B9E}.Release|x64.Build.0 = Release|Any CPU
		{D8D9F9AF-1EAD-4BEB-9DC1-8657A7C39B9E}.Release|x86.ActiveCfg = Release|Any CPU
		{D8D9F9AF-1EAD-4BEB-9DC1-8657A7C39B9E}.Release|x86.Build.0 = Release|Any CPU
		{943B0861-DF14-43E3-9DDA-D6359F07D55D}.Debug|Any CPU.ActiveCfg = Debug|Any CPU
		{943B0861-DF14-43E3-9DDA-D6359F07D55D}.Debug|Any CPU.Build.0 = Debug|Any CPU
		{943B0861-DF14-43E3-9DDA-D6359F07D55D}.Debug|x64.ActiveCfg = Debug|Any CPU
		{943B0861-DF14-43E3-9DDA-D6359F07D55D}.Debug|x64.Build.0 = Debug|Any CPU
		{943B0861-DF14-43E3-9DDA-D6359F07D55D}.Debug|x86.ActiveCfg = Debug|Any CPU
		{943B0861-DF14-43E3-9DDA-D6359F07D55D}.Debug|x86.Build.0 = Debug|Any CPU
		{943B0861-DF14-43E3-9DDA-D6359F07D55D}.Release|Any CPU.ActiveCfg = Release|Any CPU
		{943B0861-DF14-43E3-9DDA-D6359F07D55D}.Release|Any CPU.Build.0 = Release|Any CPU
		{943B0861-DF14-43E3-9DDA-D6359F07D55D}.Release|x64.ActiveCfg = Release|Any CPU
		{943B0861-DF14-43E3-9DDA-D6359F07D55D}.Release|x64.Build.0 = Release|Any CPU
		{943B0861-DF14-43E3-9DDA-D6359F07D55D}.Release|x86.ActiveCfg = Release|Any CPU
		{943B0861-DF14-43E3-9DDA-D6359F07D55D}.Release|x86.Build.0 = Release|Any CPU
		{9A6E02CA-56C8-4F7C-A1AE-6AB21D8F8AFB}.Debug|Any CPU.ActiveCfg = Debug|Any CPU
		{9A6E02CA-56C8-4F7C-A1AE-6AB21D8F8AFB}.Debug|Any CPU.Build.0 = Debug|Any CPU
		{9A6E02CA-56C8-4F7C-A1AE-6AB21D8F8AFB}.Debug|x64.ActiveCfg = Debug|Any CPU
		{9A6E02CA-56C8-4F7C-A1AE-6AB21D8F8AFB}.Debug|x64.Build.0 = Debug|Any CPU
		{9A6E02CA-56C8-4F7C-A1AE-6AB21D8F8AFB}.Debug|x86.ActiveCfg = Debug|Any CPU
		{9A6E02CA-56C8-4F7C-A1AE-6AB21D8F8AFB}.Debug|x86.Build.0 = Debug|Any CPU
		{9A6E02CA-56C8-4F7C-A1AE-6AB21D8F8AFB}.Release|Any CPU.ActiveCfg = Release|Any CPU
		{9A6E02CA-56C8-4F7C-A1AE-6AB21D8F8AFB}.Release|Any CPU.Build.0 = Release|Any CPU
		{9A6E02CA-56C8-4F7C-A1AE-6AB21D8F8AFB}.Release|x64.ActiveCfg = Release|Any CPU
		{9A6E02CA-56C8-4F7C-A1AE-6AB21D8F8AFB}.Release|x64.Build.0 = Release|Any CPU
		{9A6E02CA-56C8-4F7C-A1AE-6AB21D8F8AFB}.Release|x86.ActiveCfg = Release|Any CPU
		{9A6E02CA-56C8-4F7C-A1AE-6AB21D8F8AFB}.Release|x86.Build.0 = Release|Any CPU
		{C4A004BB-AFCC-4A69-8D36-61C2E9EEFD01}.Debug|Any CPU.ActiveCfg = Debug|Any CPU
		{C4A004BB-AFCC-4A69-8D36-61C2E9EEFD01}.Debug|Any CPU.Build.0 = Debug|Any CPU
		{C4A004BB-AFCC-4A69-8D36-61C2E9EEFD01}.Debug|x64.ActiveCfg = Debug|Any CPU
		{C4A004BB-AFCC-4A69-8D36-61C2E9EEFD01}.Debug|x64.Build.0 = Debug|Any CPU
		{C4A004BB-AFCC-4A69-8D36-61C2E9EEFD01}.Debug|x86.ActiveCfg = Debug|Any CPU
		{C4A004BB-AFCC-4A69-8D36-61C2E9EEFD01}.Debug|x86.Build.0 = Debug|Any CPU
		{C4A004BB-AFCC-4A69-8D36-61C2E9EEFD01}.Release|Any CPU.ActiveCfg = Release|Any CPU
		{C4A004BB-AFCC-4A69-8D36-61C2E9EEFD01}.Release|Any CPU.Build.0 = Release|Any CPU
		{C4A004BB-AFCC-4A69-8D36-61C2E9EEFD01}.Release|x64.ActiveCfg = Release|Any CPU
		{C4A004BB-AFCC-4A69-8D36-61C2E9EEFD01}.Release|x64.Build.0 = Release|Any CPU
		{C4A004BB-AFCC-4A69-8D36-61C2E9EEFD01}.Release|x86.ActiveCfg = Release|Any CPU
		{C4A004BB-AFCC-4A69-8D36-61C2E9EEFD01}.Release|x86.Build.0 = Release|Any CPU
		{F2A54F4C-34A8-49AC-A620-1B75EBA4424A}.Debug|Any CPU.ActiveCfg = Debug|Any CPU
		{F2A54F4C-34A8-49AC-A620-1B75EBA4424A}.Debug|Any CPU.Build.0 = Debug|Any CPU
		{F2A54F4C-34A8-49AC-A620-1B75EBA4424A}.Debug|x64.ActiveCfg = Debug|Any CPU
		{F2A54F4C-34A8-49AC-A620-1B75EBA4424A}.Debug|x64.Build.0 = Debug|Any CPU
		{F2A54F4C-34A8-49AC-A620-1B75EBA4424A}.Debug|x86.ActiveCfg = Debug|Any CPU
		{F2A54F4C-34A8-49AC-A620-1B75EBA4424A}.Debug|x86.Build.0 = Debug|Any CPU
		{F2A54F4C-34A8-49AC-A620-1B75EBA4424A}.Release|Any CPU.ActiveCfg = Release|Any CPU
		{F2A54F4C-34A8-49AC-A620-1B75EBA4424A}.Release|Any CPU.Build.0 = Release|Any CPU
		{F2A54F4C-34A8-49AC-A620-1B75EBA4424A}.Release|x64.ActiveCfg = Release|Any CPU
		{F2A54F4C-34A8-49AC-A620-1B75EBA4424A}.Release|x64.Build.0 = Release|Any CPU
		{F2A54F4C-34A8-49AC-A620-1B75EBA4424A}.Release|x86.ActiveCfg = Release|Any CPU
		{F2A54F4C-34A8-49AC-A620-1B75EBA4424A}.Release|x86.Build.0 = Release|Any CPU
		{5202644E-F8CC-47EA-92BA-22D18AC55C50}.Debug|Any CPU.ActiveCfg = Debug|Any CPU
		{5202644E-F8CC-47EA-92BA-22D18AC55C50}.Debug|Any CPU.Build.0 = Debug|Any CPU
		{5202644E-F8CC-47EA-92BA-22D18AC55C50}.Debug|x64.ActiveCfg = Debug|Any CPU
		{5202644E-F8CC-47EA-92BA-22D18AC55C50}.Debug|x64.Build.0 = Debug|Any CPU
		{5202644E-F8CC-47EA-92BA-22D18AC55C50}.Debug|x86.ActiveCfg = Debug|Any CPU
		{5202644E-F8CC-47EA-92BA-22D18AC55C50}.Debug|x86.Build.0 = Debug|Any CPU
		{5202644E-F8CC-47EA-92BA-22D18AC55C50}.Release|Any CPU.ActiveCfg = Release|Any CPU
		{5202644E-F8CC-47EA-92BA-22D18AC55C50}.Release|Any CPU.Build.0 = Release|Any CPU
		{5202644E-F8CC-47EA-92BA-22D18AC55C50}.Release|x64.ActiveCfg = Release|Any CPU
		{5202644E-F8CC-47EA-92BA-22D18AC55C50}.Release|x64.Build.0 = Release|Any CPU
		{5202644E-F8CC-47EA-92BA-22D18AC55C50}.Release|x86.ActiveCfg = Release|Any CPU
		{5202644E-F8CC-47EA-92BA-22D18AC55C50}.Release|x86.Build.0 = Release|Any CPU
		{DAF7CF6D-2BCB-411F-860D-2CF3EF396E70}.Debug|Any CPU.ActiveCfg = Debug|Any CPU
		{DAF7CF6D-2BCB-411F-860D-2CF3EF396E70}.Debug|Any CPU.Build.0 = Debug|Any CPU
		{DAF7CF6D-2BCB-411F-860D-2CF3EF396E70}.Debug|x64.ActiveCfg = Debug|Any CPU
		{DAF7CF6D-2BCB-411F-860D-2CF3EF396E70}.Debug|x64.Build.0 = Debug|Any CPU
		{DAF7CF6D-2BCB-411F-860D-2CF3EF396E70}.Debug|x86.ActiveCfg = Debug|Any CPU
		{DAF7CF6D-2BCB-411F-860D-2CF3EF396E70}.Debug|x86.Build.0 = Debug|Any CPU
		{DAF7CF6D-2BCB-411F-860D-2CF3EF396E70}.Release|Any CPU.ActiveCfg = Release|Any CPU
		{DAF7CF6D-2BCB-411F-860D-2CF3EF396E70}.Release|Any CPU.Build.0 = Release|Any CPU
		{DAF7CF6D-2BCB-411F-860D-2CF3EF396E70}.Release|x64.ActiveCfg = Release|Any CPU
		{DAF7CF6D-2BCB-411F-860D-2CF3EF396E70}.Release|x64.Build.0 = Release|Any CPU
		{DAF7CF6D-2BCB-411F-860D-2CF3EF396E70}.Release|x86.ActiveCfg = Release|Any CPU
		{DAF7CF6D-2BCB-411F-860D-2CF3EF396E70}.Release|x86.Build.0 = Release|Any CPU
		{7C104A42-14C9-4A59-9494-014D238DF354}.Debug|Any CPU.ActiveCfg = Debug|Any CPU
		{7C104A42-14C9-4A59-9494-014D238DF354}.Debug|Any CPU.Build.0 = Debug|Any CPU
		{7C104A42-14C9-4A59-9494-014D238DF354}.Debug|x64.ActiveCfg = Debug|Any CPU
		{7C104A42-14C9-4A59-9494-014D238DF354}.Debug|x64.Build.0 = Debug|Any CPU
		{7C104A42-14C9-4A59-9494-014D238DF354}.Debug|x86.ActiveCfg = Debug|Any CPU
		{7C104A42-14C9-4A59-9494-014D238DF354}.Debug|x86.Build.0 = Debug|Any CPU
		{7C104A42-14C9-4A59-9494-014D238DF354}.Release|Any CPU.ActiveCfg = Release|Any CPU
		{7C104A42-14C9-4A59-9494-014D238DF354}.Release|Any CPU.Build.0 = Release|Any CPU
		{7C104A42-14C9-4A59-9494-014D238DF354}.Release|x64.ActiveCfg = Release|Any CPU
		{7C104A42-14C9-4A59-9494-014D238DF354}.Release|x64.Build.0 = Release|Any CPU
		{7C104A42-14C9-4A59-9494-014D238DF354}.Release|x86.ActiveCfg = Release|Any CPU
		{7C104A42-14C9-4A59-9494-014D238DF354}.Release|x86.Build.0 = Release|Any CPU
		{6FE29659-FF7F-4373-9B4F-637CE3D7386B}.Debug|Any CPU.ActiveCfg = Debug|Any CPU
		{6FE29659-FF7F-4373-9B4F-637CE3D7386B}.Debug|Any CPU.Build.0 = Debug|Any CPU
		{6FE29659-FF7F-4373-9B4F-637CE3D7386B}.Debug|x64.ActiveCfg = Debug|Any CPU
		{6FE29659-FF7F-4373-9B4F-637CE3D7386B}.Debug|x64.Build.0 = Debug|Any CPU
		{6FE29659-FF7F-4373-9B4F-637CE3D7386B}.Debug|x86.ActiveCfg = Debug|Any CPU
		{6FE29659-FF7F-4373-9B4F-637CE3D7386B}.Debug|x86.Build.0 = Debug|Any CPU
		{6FE29659-FF7F-4373-9B4F-637CE3D7386B}.Release|Any CPU.ActiveCfg = Release|Any CPU
		{6FE29659-FF7F-4373-9B4F-637CE3D7386B}.Release|Any CPU.Build.0 = Release|Any CPU
		{6FE29659-FF7F-4373-9B4F-637CE3D7386B}.Release|x64.ActiveCfg = Release|Any CPU
		{6FE29659-FF7F-4373-9B4F-637CE3D7386B}.Release|x64.Build.0 = Release|Any CPU
		{6FE29659-FF7F-4373-9B4F-637CE3D7386B}.Release|x86.ActiveCfg = Release|Any CPU
		{6FE29659-FF7F-4373-9B4F-637CE3D7386B}.Release|x86.Build.0 = Release|Any CPU
		{BA87A190-3AED-4032-BF32-33EDBBD47016}.Debug|Any CPU.ActiveCfg = Debug|Any CPU
		{BA87A190-3AED-4032-BF32-33EDBBD47016}.Debug|Any CPU.Build.0 = Debug|Any CPU
		{BA87A190-3AED-4032-BF32-33EDBBD47016}.Debug|x64.ActiveCfg = Debug|Any CPU
		{BA87A190-3AED-4032-BF32-33EDBBD47016}.Debug|x64.Build.0 = Debug|Any CPU
		{BA87A190-3AED-4032-BF32-33EDBBD47016}.Debug|x86.ActiveCfg = Debug|Any CPU
		{BA87A190-3AED-4032-BF32-33EDBBD47016}.Debug|x86.Build.0 = Debug|Any CPU
		{BA87A190-3AED-4032-BF32-33EDBBD47016}.Release|Any CPU.ActiveCfg = Release|Any CPU
		{BA87A190-3AED-4032-BF32-33EDBBD47016}.Release|Any CPU.Build.0 = Release|Any CPU
		{BA87A190-3AED-4032-BF32-33EDBBD47016}.Release|x64.ActiveCfg = Release|Any CPU
		{BA87A190-3AED-4032-BF32-33EDBBD47016}.Release|x64.Build.0 = Release|Any CPU
		{BA87A190-3AED-4032-BF32-33EDBBD47016}.Release|x86.ActiveCfg = Release|Any CPU
		{BA87A190-3AED-4032-BF32-33EDBBD47016}.Release|x86.Build.0 = Release|Any CPU
		{36A406C1-2497-41FF-846A-2874297F4FA1}.Debug|Any CPU.ActiveCfg = Debug|Any CPU
		{36A406C1-2497-41FF-846A-2874297F4FA1}.Debug|Any CPU.Build.0 = Debug|Any CPU
		{36A406C1-2497-41FF-846A-2874297F4FA1}.Debug|x64.ActiveCfg = Debug|Any CPU
		{36A406C1-2497-41FF-846A-2874297F4FA1}.Debug|x64.Build.0 = Debug|Any CPU
		{36A406C1-2497-41FF-846A-2874297F4FA1}.Debug|x86.ActiveCfg = Debug|Any CPU
		{36A406C1-2497-41FF-846A-2874297F4FA1}.Debug|x86.Build.0 = Debug|Any CPU
		{36A406C1-2497-41FF-846A-2874297F4FA1}.Release|Any CPU.ActiveCfg = Release|Any CPU
		{36A406C1-2497-41FF-846A-2874297F4FA1}.Release|Any CPU.Build.0 = Release|Any CPU
		{36A406C1-2497-41FF-846A-2874297F4FA1}.Release|x64.ActiveCfg = Release|Any CPU
		{36A406C1-2497-41FF-846A-2874297F4FA1}.Release|x64.Build.0 = Release|Any CPU
		{36A406C1-2497-41FF-846A-2874297F4FA1}.Release|x86.ActiveCfg = Release|Any CPU
		{36A406C1-2497-41FF-846A-2874297F4FA1}.Release|x86.Build.0 = Release|Any CPU
		{3B26105D-42A8-4B16-90A1-1A6736EBB888}.Debug|Any CPU.ActiveCfg = Debug|Any CPU
		{3B26105D-42A8-4B16-90A1-1A6736EBB888}.Debug|Any CPU.Build.0 = Debug|Any CPU
		{3B26105D-42A8-4B16-90A1-1A6736EBB888}.Debug|x64.ActiveCfg = Debug|Any CPU
		{3B26105D-42A8-4B16-90A1-1A6736EBB888}.Debug|x64.Build.0 = Debug|Any CPU
		{3B26105D-42A8-4B16-90A1-1A6736EBB888}.Debug|x86.ActiveCfg = Debug|Any CPU
		{3B26105D-42A8-4B16-90A1-1A6736EBB888}.Debug|x86.Build.0 = Debug|Any CPU
		{3B26105D-42A8-4B16-90A1-1A6736EBB888}.Release|Any CPU.ActiveCfg = Release|Any CPU
		{3B26105D-42A8-4B16-90A1-1A6736EBB888}.Release|Any CPU.Build.0 = Release|Any CPU
		{3B26105D-42A8-4B16-90A1-1A6736EBB888}.Release|x64.ActiveCfg = Release|Any CPU
		{3B26105D-42A8-4B16-90A1-1A6736EBB888}.Release|x64.Build.0 = Release|Any CPU
		{3B26105D-42A8-4B16-90A1-1A6736EBB888}.Release|x86.ActiveCfg = Release|Any CPU
		{3B26105D-42A8-4B16-90A1-1A6736EBB888}.Release|x86.Build.0 = Release|Any CPU
		{595A646E-6D12-416D-AA53-B1941CEA1DA0}.Debug|Any CPU.ActiveCfg = Debug|Any CPU
		{595A646E-6D12-416D-AA53-B1941CEA1DA0}.Debug|Any CPU.Build.0 = Debug|Any CPU
		{595A646E-6D12-416D-AA53-B1941CEA1DA0}.Debug|x64.ActiveCfg = Debug|Any CPU
		{595A646E-6D12-416D-AA53-B1941CEA1DA0}.Debug|x64.Build.0 = Debug|Any CPU
		{595A646E-6D12-416D-AA53-B1941CEA1DA0}.Debug|x86.ActiveCfg = Debug|Any CPU
		{595A646E-6D12-416D-AA53-B1941CEA1DA0}.Debug|x86.Build.0 = Debug|Any CPU
		{595A646E-6D12-416D-AA53-B1941CEA1DA0}.Release|Any CPU.ActiveCfg = Release|Any CPU
		{595A646E-6D12-416D-AA53-B1941CEA1DA0}.Release|Any CPU.Build.0 = Release|Any CPU
		{595A646E-6D12-416D-AA53-B1941CEA1DA0}.Release|x64.ActiveCfg = Release|Any CPU
		{595A646E-6D12-416D-AA53-B1941CEA1DA0}.Release|x64.Build.0 = Release|Any CPU
		{595A646E-6D12-416D-AA53-B1941CEA1DA0}.Release|x86.ActiveCfg = Release|Any CPU
		{595A646E-6D12-416D-AA53-B1941CEA1DA0}.Release|x86.Build.0 = Release|Any CPU
		{2A1B14FF-4F38-425A-BC62-5630102B815A}.Debug|Any CPU.ActiveCfg = Debug|Any CPU
		{2A1B14FF-4F38-425A-BC62-5630102B815A}.Debug|Any CPU.Build.0 = Debug|Any CPU
		{2A1B14FF-4F38-425A-BC62-5630102B815A}.Debug|x64.ActiveCfg = Debug|Any CPU
		{2A1B14FF-4F38-425A-BC62-5630102B815A}.Debug|x64.Build.0 = Debug|Any CPU
		{2A1B14FF-4F38-425A-BC62-5630102B815A}.Debug|x86.ActiveCfg = Debug|Any CPU
		{2A1B14FF-4F38-425A-BC62-5630102B815A}.Debug|x86.Build.0 = Debug|Any CPU
		{2A1B14FF-4F38-425A-BC62-5630102B815A}.Release|Any CPU.ActiveCfg = Release|Any CPU
		{2A1B14FF-4F38-425A-BC62-5630102B815A}.Release|Any CPU.Build.0 = Release|Any CPU
		{2A1B14FF-4F38-425A-BC62-5630102B815A}.Release|x64.ActiveCfg = Release|Any CPU
		{2A1B14FF-4F38-425A-BC62-5630102B815A}.Release|x64.Build.0 = Release|Any CPU
		{2A1B14FF-4F38-425A-BC62-5630102B815A}.Release|x86.ActiveCfg = Release|Any CPU
		{2A1B14FF-4F38-425A-BC62-5630102B815A}.Release|x86.Build.0 = Release|Any CPU
		{BD0A9553-A432-41D6-99A3-49E9B467B2F0}.Debug|Any CPU.ActiveCfg = Debug|Any CPU
		{BD0A9553-A432-41D6-99A3-49E9B467B2F0}.Debug|Any CPU.Build.0 = Debug|Any CPU
		{BD0A9553-A432-41D6-99A3-49E9B467B2F0}.Debug|x64.ActiveCfg = Debug|Any CPU
		{BD0A9553-A432-41D6-99A3-49E9B467B2F0}.Debug|x64.Build.0 = Debug|Any CPU
		{BD0A9553-A432-41D6-99A3-49E9B467B2F0}.Debug|x86.ActiveCfg = Debug|Any CPU
		{BD0A9553-A432-41D6-99A3-49E9B467B2F0}.Debug|x86.Build.0 = Debug|Any CPU
		{BD0A9553-A432-41D6-99A3-49E9B467B2F0}.Release|Any CPU.ActiveCfg = Release|Any CPU
		{BD0A9553-A432-41D6-99A3-49E9B467B2F0}.Release|Any CPU.Build.0 = Release|Any CPU
		{BD0A9553-A432-41D6-99A3-49E9B467B2F0}.Release|x64.ActiveCfg = Release|Any CPU
		{BD0A9553-A432-41D6-99A3-49E9B467B2F0}.Release|x64.Build.0 = Release|Any CPU
		{BD0A9553-A432-41D6-99A3-49E9B467B2F0}.Release|x86.ActiveCfg = Release|Any CPU
		{BD0A9553-A432-41D6-99A3-49E9B467B2F0}.Release|x86.Build.0 = Release|Any CPU
		{FA7D039A-B968-4093-8173-DE43116A742F}.Debug|Any CPU.ActiveCfg = Debug|Any CPU
		{FA7D039A-B968-4093-8173-DE43116A742F}.Debug|Any CPU.Build.0 = Debug|Any CPU
		{FA7D039A-B968-4093-8173-DE43116A742F}.Debug|x64.ActiveCfg = Debug|Any CPU
		{FA7D039A-B968-4093-8173-DE43116A742F}.Debug|x64.Build.0 = Debug|Any CPU
		{FA7D039A-B968-4093-8173-DE43116A742F}.Debug|x86.ActiveCfg = Debug|Any CPU
		{FA7D039A-B968-4093-8173-DE43116A742F}.Debug|x86.Build.0 = Debug|Any CPU
		{FA7D039A-B968-4093-8173-DE43116A742F}.Release|Any CPU.ActiveCfg = Release|Any CPU
		{FA7D039A-B968-4093-8173-DE43116A742F}.Release|Any CPU.Build.0 = Release|Any CPU
		{FA7D039A-B968-4093-8173-DE43116A742F}.Release|x64.ActiveCfg = Release|Any CPU
		{FA7D039A-B968-4093-8173-DE43116A742F}.Release|x64.Build.0 = Release|Any CPU
		{FA7D039A-B968-4093-8173-DE43116A742F}.Release|x86.ActiveCfg = Release|Any CPU
		{FA7D039A-B968-4093-8173-DE43116A742F}.Release|x86.Build.0 = Release|Any CPU
		{B410D1DB-C764-49CF-9821-E74EF5F0D5DF}.Debug|Any CPU.ActiveCfg = Debug|Any CPU
		{B410D1DB-C764-49CF-9821-E74EF5F0D5DF}.Debug|Any CPU.Build.0 = Debug|Any CPU
		{B410D1DB-C764-49CF-9821-E74EF5F0D5DF}.Debug|x64.ActiveCfg = Debug|Any CPU
		{B410D1DB-C764-49CF-9821-E74EF5F0D5DF}.Debug|x64.Build.0 = Debug|Any CPU
		{B410D1DB-C764-49CF-9821-E74EF5F0D5DF}.Debug|x86.ActiveCfg = Debug|Any CPU
		{B410D1DB-C764-49CF-9821-E74EF5F0D5DF}.Debug|x86.Build.0 = Debug|Any CPU
		{B410D1DB-C764-49CF-9821-E74EF5F0D5DF}.Release|Any CPU.ActiveCfg = Release|Any CPU
		{B410D1DB-C764-49CF-9821-E74EF5F0D5DF}.Release|Any CPU.Build.0 = Release|Any CPU
		{B410D1DB-C764-49CF-9821-E74EF5F0D5DF}.Release|x64.ActiveCfg = Release|Any CPU
		{B410D1DB-C764-49CF-9821-E74EF5F0D5DF}.Release|x64.Build.0 = Release|Any CPU
		{B410D1DB-C764-49CF-9821-E74EF5F0D5DF}.Release|x86.ActiveCfg = Release|Any CPU
		{B410D1DB-C764-49CF-9821-E74EF5F0D5DF}.Release|x86.Build.0 = Release|Any CPU
		{1CFD322C-6892-441F-9884-B7495EC59099}.Debug|Any CPU.ActiveCfg = Debug|Any CPU
		{1CFD322C-6892-441F-9884-B7495EC59099}.Debug|Any CPU.Build.0 = Debug|Any CPU
		{1CFD322C-6892-441F-9884-B7495EC59099}.Debug|x64.ActiveCfg = Debug|Any CPU
		{1CFD322C-6892-441F-9884-B7495EC59099}.Debug|x64.Build.0 = Debug|Any CPU
		{1CFD322C-6892-441F-9884-B7495EC59099}.Debug|x86.ActiveCfg = Debug|Any CPU
		{1CFD322C-6892-441F-9884-B7495EC59099}.Debug|x86.Build.0 = Debug|Any CPU
		{1CFD322C-6892-441F-9884-B7495EC59099}.Release|Any CPU.ActiveCfg = Release|Any CPU
		{1CFD322C-6892-441F-9884-B7495EC59099}.Release|Any CPU.Build.0 = Release|Any CPU
		{1CFD322C-6892-441F-9884-B7495EC59099}.Release|x64.ActiveCfg = Release|Any CPU
		{1CFD322C-6892-441F-9884-B7495EC59099}.Release|x64.Build.0 = Release|Any CPU
		{1CFD322C-6892-441F-9884-B7495EC59099}.Release|x86.ActiveCfg = Release|Any CPU
		{1CFD322C-6892-441F-9884-B7495EC59099}.Release|x86.Build.0 = Release|Any CPU
		{A552FC8B-4FDE-45CC-AC6B-32EDAD71E661}.Debug|Any CPU.ActiveCfg = Debug|Any CPU
		{A552FC8B-4FDE-45CC-AC6B-32EDAD71E661}.Debug|Any CPU.Build.0 = Debug|Any CPU
		{A552FC8B-4FDE-45CC-AC6B-32EDAD71E661}.Debug|x64.ActiveCfg = Debug|Any CPU
		{A552FC8B-4FDE-45CC-AC6B-32EDAD71E661}.Debug|x64.Build.0 = Debug|Any CPU
		{A552FC8B-4FDE-45CC-AC6B-32EDAD71E661}.Debug|x86.ActiveCfg = Debug|Any CPU
		{A552FC8B-4FDE-45CC-AC6B-32EDAD71E661}.Debug|x86.Build.0 = Debug|Any CPU
		{A552FC8B-4FDE-45CC-AC6B-32EDAD71E661}.Release|Any CPU.ActiveCfg = Release|Any CPU
		{A552FC8B-4FDE-45CC-AC6B-32EDAD71E661}.Release|Any CPU.Build.0 = Release|Any CPU
		{A552FC8B-4FDE-45CC-AC6B-32EDAD71E661}.Release|x64.ActiveCfg = Release|Any CPU
		{A552FC8B-4FDE-45CC-AC6B-32EDAD71E661}.Release|x64.Build.0 = Release|Any CPU
		{A552FC8B-4FDE-45CC-AC6B-32EDAD71E661}.Release|x86.ActiveCfg = Release|Any CPU
		{A552FC8B-4FDE-45CC-AC6B-32EDAD71E661}.Release|x86.Build.0 = Release|Any CPU
		{900D1396-B41E-4592-9B03-1ECFE9B4A8BA}.Debug|Any CPU.ActiveCfg = Debug|Any CPU
		{900D1396-B41E-4592-9B03-1ECFE9B4A8BA}.Debug|Any CPU.Build.0 = Debug|Any CPU
		{900D1396-B41E-4592-9B03-1ECFE9B4A8BA}.Debug|x64.ActiveCfg = Debug|Any CPU
		{900D1396-B41E-4592-9B03-1ECFE9B4A8BA}.Debug|x64.Build.0 = Debug|Any CPU
		{900D1396-B41E-4592-9B03-1ECFE9B4A8BA}.Debug|x86.ActiveCfg = Debug|Any CPU
		{900D1396-B41E-4592-9B03-1ECFE9B4A8BA}.Debug|x86.Build.0 = Debug|Any CPU
		{900D1396-B41E-4592-9B03-1ECFE9B4A8BA}.Release|Any CPU.ActiveCfg = Release|Any CPU
		{900D1396-B41E-4592-9B03-1ECFE9B4A8BA}.Release|Any CPU.Build.0 = Release|Any CPU
		{900D1396-B41E-4592-9B03-1ECFE9B4A8BA}.Release|x64.ActiveCfg = Release|Any CPU
		{900D1396-B41E-4592-9B03-1ECFE9B4A8BA}.Release|x64.Build.0 = Release|Any CPU
		{900D1396-B41E-4592-9B03-1ECFE9B4A8BA}.Release|x86.ActiveCfg = Release|Any CPU
		{900D1396-B41E-4592-9B03-1ECFE9B4A8BA}.Release|x86.Build.0 = Release|Any CPU
		{9CD88C08-6A2D-44C2-85BB-0E1A45D08383}.Debug|Any CPU.ActiveCfg = Debug|Any CPU
		{9CD88C08-6A2D-44C2-85BB-0E1A45D08383}.Debug|Any CPU.Build.0 = Debug|Any CPU
		{9CD88C08-6A2D-44C2-85BB-0E1A45D08383}.Debug|x64.ActiveCfg = Debug|Any CPU
		{9CD88C08-6A2D-44C2-85BB-0E1A45D08383}.Debug|x64.Build.0 = Debug|Any CPU
		{9CD88C08-6A2D-44C2-85BB-0E1A45D08383}.Debug|x86.ActiveCfg = Debug|Any CPU
		{9CD88C08-6A2D-44C2-85BB-0E1A45D08383}.Debug|x86.Build.0 = Debug|Any CPU
		{9CD88C08-6A2D-44C2-85BB-0E1A45D08383}.Release|Any CPU.ActiveCfg = Release|Any CPU
		{9CD88C08-6A2D-44C2-85BB-0E1A45D08383}.Release|Any CPU.Build.0 = Release|Any CPU
		{9CD88C08-6A2D-44C2-85BB-0E1A45D08383}.Release|x64.ActiveCfg = Release|Any CPU
		{9CD88C08-6A2D-44C2-85BB-0E1A45D08383}.Release|x64.Build.0 = Release|Any CPU
		{9CD88C08-6A2D-44C2-85BB-0E1A45D08383}.Release|x86.ActiveCfg = Release|Any CPU
		{9CD88C08-6A2D-44C2-85BB-0E1A45D08383}.Release|x86.Build.0 = Release|Any CPU
		{1034F18B-417F-45EF-A736-A7DC3250D3B0}.Debug|Any CPU.ActiveCfg = Debug|Any CPU
		{1034F18B-417F-45EF-A736-A7DC3250D3B0}.Debug|Any CPU.Build.0 = Debug|Any CPU
		{1034F18B-417F-45EF-A736-A7DC3250D3B0}.Debug|x64.ActiveCfg = Debug|Any CPU
		{1034F18B-417F-45EF-A736-A7DC3250D3B0}.Debug|x64.Build.0 = Debug|Any CPU
		{1034F18B-417F-45EF-A736-A7DC3250D3B0}.Debug|x86.ActiveCfg = Debug|Any CPU
		{1034F18B-417F-45EF-A736-A7DC3250D3B0}.Debug|x86.Build.0 = Debug|Any CPU
		{1034F18B-417F-45EF-A736-A7DC3250D3B0}.Release|Any CPU.ActiveCfg = Release|Any CPU
		{1034F18B-417F-45EF-A736-A7DC3250D3B0}.Release|Any CPU.Build.0 = Release|Any CPU
		{1034F18B-417F-45EF-A736-A7DC3250D3B0}.Release|x64.ActiveCfg = Release|Any CPU
		{1034F18B-417F-45EF-A736-A7DC3250D3B0}.Release|x64.Build.0 = Release|Any CPU
		{1034F18B-417F-45EF-A736-A7DC3250D3B0}.Release|x86.ActiveCfg = Release|Any CPU
		{1034F18B-417F-45EF-A736-A7DC3250D3B0}.Release|x86.Build.0 = Release|Any CPU
		{FB24C010-F1E8-4C0D-AB0C-58CFC74A840C}.Debug|Any CPU.ActiveCfg = Debug|Any CPU
		{FB24C010-F1E8-4C0D-AB0C-58CFC74A840C}.Debug|Any CPU.Build.0 = Debug|Any CPU
		{FB24C010-F1E8-4C0D-AB0C-58CFC74A840C}.Debug|x64.ActiveCfg = Debug|Any CPU
		{FB24C010-F1E8-4C0D-AB0C-58CFC74A840C}.Debug|x64.Build.0 = Debug|Any CPU
		{FB24C010-F1E8-4C0D-AB0C-58CFC74A840C}.Debug|x86.ActiveCfg = Debug|Any CPU
		{FB24C010-F1E8-4C0D-AB0C-58CFC74A840C}.Debug|x86.Build.0 = Debug|Any CPU
		{FB24C010-F1E8-4C0D-AB0C-58CFC74A840C}.Release|Any CPU.ActiveCfg = Release|Any CPU
		{FB24C010-F1E8-4C0D-AB0C-58CFC74A840C}.Release|Any CPU.Build.0 = Release|Any CPU
		{FB24C010-F1E8-4C0D-AB0C-58CFC74A840C}.Release|x64.ActiveCfg = Release|Any CPU
		{FB24C010-F1E8-4C0D-AB0C-58CFC74A840C}.Release|x64.Build.0 = Release|Any CPU
		{FB24C010-F1E8-4C0D-AB0C-58CFC74A840C}.Release|x86.ActiveCfg = Release|Any CPU
		{FB24C010-F1E8-4C0D-AB0C-58CFC74A840C}.Release|x86.Build.0 = Release|Any CPU
		{71D3B105-0223-4236-AB5A-A96D30604642}.Debug|Any CPU.ActiveCfg = Debug|Any CPU
		{71D3B105-0223-4236-AB5A-A96D30604642}.Debug|Any CPU.Build.0 = Debug|Any CPU
		{71D3B105-0223-4236-AB5A-A96D30604642}.Debug|x64.ActiveCfg = Debug|Any CPU
		{71D3B105-0223-4236-AB5A-A96D30604642}.Debug|x64.Build.0 = Debug|Any CPU
		{71D3B105-0223-4236-AB5A-A96D30604642}.Debug|x86.ActiveCfg = Debug|Any CPU
		{71D3B105-0223-4236-AB5A-A96D30604642}.Debug|x86.Build.0 = Debug|Any CPU
		{71D3B105-0223-4236-AB5A-A96D30604642}.Release|Any CPU.ActiveCfg = Release|Any CPU
		{71D3B105-0223-4236-AB5A-A96D30604642}.Release|Any CPU.Build.0 = Release|Any CPU
		{71D3B105-0223-4236-AB5A-A96D30604642}.Release|x64.ActiveCfg = Release|Any CPU
		{71D3B105-0223-4236-AB5A-A96D30604642}.Release|x64.Build.0 = Release|Any CPU
		{71D3B105-0223-4236-AB5A-A96D30604642}.Release|x86.ActiveCfg = Release|Any CPU
		{71D3B105-0223-4236-AB5A-A96D30604642}.Release|x86.Build.0 = Release|Any CPU
		{1112CCFA-2A91-489F-ACAB-E43501C0E0AA}.Debug|Any CPU.ActiveCfg = Debug|Any CPU
		{1112CCFA-2A91-489F-ACAB-E43501C0E0AA}.Debug|Any CPU.Build.0 = Debug|Any CPU
		{1112CCFA-2A91-489F-ACAB-E43501C0E0AA}.Debug|x64.ActiveCfg = Debug|Any CPU
		{1112CCFA-2A91-489F-ACAB-E43501C0E0AA}.Debug|x64.Build.0 = Debug|Any CPU
		{1112CCFA-2A91-489F-ACAB-E43501C0E0AA}.Debug|x86.ActiveCfg = Debug|Any CPU
		{1112CCFA-2A91-489F-ACAB-E43501C0E0AA}.Debug|x86.Build.0 = Debug|Any CPU
		{1112CCFA-2A91-489F-ACAB-E43501C0E0AA}.Release|Any CPU.ActiveCfg = Release|Any CPU
		{1112CCFA-2A91-489F-ACAB-E43501C0E0AA}.Release|Any CPU.Build.0 = Release|Any CPU
		{1112CCFA-2A91-489F-ACAB-E43501C0E0AA}.Release|x64.ActiveCfg = Release|Any CPU
		{1112CCFA-2A91-489F-ACAB-E43501C0E0AA}.Release|x64.Build.0 = Release|Any CPU
		{1112CCFA-2A91-489F-ACAB-E43501C0E0AA}.Release|x86.ActiveCfg = Release|Any CPU
		{1112CCFA-2A91-489F-ACAB-E43501C0E0AA}.Release|x86.Build.0 = Release|Any CPU
		{9E3C74B5-BCB4-4177-B52F-FFDA282B455E}.Debug|Any CPU.ActiveCfg = Debug|Any CPU
		{9E3C74B5-BCB4-4177-B52F-FFDA282B455E}.Debug|Any CPU.Build.0 = Debug|Any CPU
		{9E3C74B5-BCB4-4177-B52F-FFDA282B455E}.Debug|x64.ActiveCfg = Debug|Any CPU
		{9E3C74B5-BCB4-4177-B52F-FFDA282B455E}.Debug|x64.Build.0 = Debug|Any CPU
		{9E3C74B5-BCB4-4177-B52F-FFDA282B455E}.Debug|x86.ActiveCfg = Debug|Any CPU
		{9E3C74B5-BCB4-4177-B52F-FFDA282B455E}.Debug|x86.Build.0 = Debug|Any CPU
		{9E3C74B5-BCB4-4177-B52F-FFDA282B455E}.Release|Any CPU.ActiveCfg = Release|Any CPU
		{9E3C74B5-BCB4-4177-B52F-FFDA282B455E}.Release|Any CPU.Build.0 = Release|Any CPU
		{9E3C74B5-BCB4-4177-B52F-FFDA282B455E}.Release|x64.ActiveCfg = Release|Any CPU
		{9E3C74B5-BCB4-4177-B52F-FFDA282B455E}.Release|x64.Build.0 = Release|Any CPU
		{9E3C74B5-BCB4-4177-B52F-FFDA282B455E}.Release|x86.ActiveCfg = Release|Any CPU
		{9E3C74B5-BCB4-4177-B52F-FFDA282B455E}.Release|x86.Build.0 = Release|Any CPU
		{265B00C0-D947-424D-A624-5233E0FDEC8C}.Debug|Any CPU.ActiveCfg = Debug|Any CPU
		{265B00C0-D947-424D-A624-5233E0FDEC8C}.Debug|Any CPU.Build.0 = Debug|Any CPU
		{265B00C0-D947-424D-A624-5233E0FDEC8C}.Debug|x64.ActiveCfg = Debug|Any CPU
		{265B00C0-D947-424D-A624-5233E0FDEC8C}.Debug|x64.Build.0 = Debug|Any CPU
		{265B00C0-D947-424D-A624-5233E0FDEC8C}.Debug|x86.ActiveCfg = Debug|Any CPU
		{265B00C0-D947-424D-A624-5233E0FDEC8C}.Debug|x86.Build.0 = Debug|Any CPU
		{265B00C0-D947-424D-A624-5233E0FDEC8C}.Release|Any CPU.ActiveCfg = Release|Any CPU
		{265B00C0-D947-424D-A624-5233E0FDEC8C}.Release|Any CPU.Build.0 = Release|Any CPU
		{265B00C0-D947-424D-A624-5233E0FDEC8C}.Release|x64.ActiveCfg = Release|Any CPU
		{265B00C0-D947-424D-A624-5233E0FDEC8C}.Release|x64.Build.0 = Release|Any CPU
		{265B00C0-D947-424D-A624-5233E0FDEC8C}.Release|x86.ActiveCfg = Release|Any CPU
		{265B00C0-D947-424D-A624-5233E0FDEC8C}.Release|x86.Build.0 = Release|Any CPU
		{B54D36C7-4226-4E82-A0BE-BC49B55B277E}.Debug|Any CPU.ActiveCfg = Debug|Any CPU
		{B54D36C7-4226-4E82-A0BE-BC49B55B277E}.Debug|Any CPU.Build.0 = Debug|Any CPU
		{B54D36C7-4226-4E82-A0BE-BC49B55B277E}.Debug|x64.ActiveCfg = Debug|Any CPU
		{B54D36C7-4226-4E82-A0BE-BC49B55B277E}.Debug|x64.Build.0 = Debug|Any CPU
		{B54D36C7-4226-4E82-A0BE-BC49B55B277E}.Debug|x86.ActiveCfg = Debug|Any CPU
		{B54D36C7-4226-4E82-A0BE-BC49B55B277E}.Debug|x86.Build.0 = Debug|Any CPU
		{B54D36C7-4226-4E82-A0BE-BC49B55B277E}.Release|Any CPU.ActiveCfg = Release|Any CPU
		{B54D36C7-4226-4E82-A0BE-BC49B55B277E}.Release|Any CPU.Build.0 = Release|Any CPU
		{B54D36C7-4226-4E82-A0BE-BC49B55B277E}.Release|x64.ActiveCfg = Release|Any CPU
		{B54D36C7-4226-4E82-A0BE-BC49B55B277E}.Release|x64.Build.0 = Release|Any CPU
		{B54D36C7-4226-4E82-A0BE-BC49B55B277E}.Release|x86.ActiveCfg = Release|Any CPU
		{B54D36C7-4226-4E82-A0BE-BC49B55B277E}.Release|x86.Build.0 = Release|Any CPU
		{7023FD76-9ED9-4C7A-9E61-4CE020B836D0}.Debug|Any CPU.ActiveCfg = Debug|Any CPU
		{7023FD76-9ED9-4C7A-9E61-4CE020B836D0}.Debug|Any CPU.Build.0 = Debug|Any CPU
		{7023FD76-9ED9-4C7A-9E61-4CE020B836D0}.Debug|x64.ActiveCfg = Debug|Any CPU
		{7023FD76-9ED9-4C7A-9E61-4CE020B836D0}.Debug|x64.Build.0 = Debug|Any CPU
		{7023FD76-9ED9-4C7A-9E61-4CE020B836D0}.Debug|x86.ActiveCfg = Debug|Any CPU
		{7023FD76-9ED9-4C7A-9E61-4CE020B836D0}.Debug|x86.Build.0 = Debug|Any CPU
		{7023FD76-9ED9-4C7A-9E61-4CE020B836D0}.Release|Any CPU.ActiveCfg = Release|Any CPU
		{7023FD76-9ED9-4C7A-9E61-4CE020B836D0}.Release|Any CPU.Build.0 = Release|Any CPU
		{7023FD76-9ED9-4C7A-9E61-4CE020B836D0}.Release|x64.ActiveCfg = Release|Any CPU
		{7023FD76-9ED9-4C7A-9E61-4CE020B836D0}.Release|x64.Build.0 = Release|Any CPU
		{7023FD76-9ED9-4C7A-9E61-4CE020B836D0}.Release|x86.ActiveCfg = Release|Any CPU
		{7023FD76-9ED9-4C7A-9E61-4CE020B836D0}.Release|x86.Build.0 = Release|Any CPU
		{BBC9470A-8631-4B98-A1EC-14FBD9FDB0E0}.Debug|Any CPU.ActiveCfg = Debug|Any CPU
		{BBC9470A-8631-4B98-A1EC-14FBD9FDB0E0}.Debug|Any CPU.Build.0 = Debug|Any CPU
		{BBC9470A-8631-4B98-A1EC-14FBD9FDB0E0}.Debug|x64.ActiveCfg = Debug|Any CPU
		{BBC9470A-8631-4B98-A1EC-14FBD9FDB0E0}.Debug|x64.Build.0 = Debug|Any CPU
		{BBC9470A-8631-4B98-A1EC-14FBD9FDB0E0}.Debug|x86.ActiveCfg = Debug|Any CPU
		{BBC9470A-8631-4B98-A1EC-14FBD9FDB0E0}.Debug|x86.Build.0 = Debug|Any CPU
		{BBC9470A-8631-4B98-A1EC-14FBD9FDB0E0}.Release|Any CPU.ActiveCfg = Release|Any CPU
		{BBC9470A-8631-4B98-A1EC-14FBD9FDB0E0}.Release|Any CPU.Build.0 = Release|Any CPU
		{BBC9470A-8631-4B98-A1EC-14FBD9FDB0E0}.Release|x64.ActiveCfg = Release|Any CPU
		{BBC9470A-8631-4B98-A1EC-14FBD9FDB0E0}.Release|x64.Build.0 = Release|Any CPU
		{BBC9470A-8631-4B98-A1EC-14FBD9FDB0E0}.Release|x86.ActiveCfg = Release|Any CPU
		{BBC9470A-8631-4B98-A1EC-14FBD9FDB0E0}.Release|x86.Build.0 = Release|Any CPU
		{9DDA2BD5-1BC7-4592-94C3-4455690D2B67}.Debug|Any CPU.ActiveCfg = Debug|Any CPU
		{9DDA2BD5-1BC7-4592-94C3-4455690D2B67}.Debug|Any CPU.Build.0 = Debug|Any CPU
		{9DDA2BD5-1BC7-4592-94C3-4455690D2B67}.Debug|x64.ActiveCfg = Debug|Any CPU
		{9DDA2BD5-1BC7-4592-94C3-4455690D2B67}.Debug|x64.Build.0 = Debug|Any CPU
		{9DDA2BD5-1BC7-4592-94C3-4455690D2B67}.Debug|x86.ActiveCfg = Debug|Any CPU
		{9DDA2BD5-1BC7-4592-94C3-4455690D2B67}.Debug|x86.Build.0 = Debug|Any CPU
		{9DDA2BD5-1BC7-4592-94C3-4455690D2B67}.Release|Any CPU.ActiveCfg = Release|Any CPU
		{9DDA2BD5-1BC7-4592-94C3-4455690D2B67}.Release|Any CPU.Build.0 = Release|Any CPU
		{9DDA2BD5-1BC7-4592-94C3-4455690D2B67}.Release|x64.ActiveCfg = Release|Any CPU
		{9DDA2BD5-1BC7-4592-94C3-4455690D2B67}.Release|x64.Build.0 = Release|Any CPU
		{9DDA2BD5-1BC7-4592-94C3-4455690D2B67}.Release|x86.ActiveCfg = Release|Any CPU
		{9DDA2BD5-1BC7-4592-94C3-4455690D2B67}.Release|x86.Build.0 = Release|Any CPU
		{1994BD0A-3A3D-446B-8C42-19BC595552AA}.Debug|Any CPU.ActiveCfg = Debug|Any CPU
		{1994BD0A-3A3D-446B-8C42-19BC595552AA}.Debug|Any CPU.Build.0 = Debug|Any CPU
		{1994BD0A-3A3D-446B-8C42-19BC595552AA}.Debug|x64.ActiveCfg = Debug|Any CPU
		{1994BD0A-3A3D-446B-8C42-19BC595552AA}.Debug|x64.Build.0 = Debug|Any CPU
		{1994BD0A-3A3D-446B-8C42-19BC595552AA}.Debug|x86.ActiveCfg = Debug|Any CPU
		{1994BD0A-3A3D-446B-8C42-19BC595552AA}.Debug|x86.Build.0 = Debug|Any CPU
		{1994BD0A-3A3D-446B-8C42-19BC595552AA}.Release|Any CPU.ActiveCfg = Release|Any CPU
		{1994BD0A-3A3D-446B-8C42-19BC595552AA}.Release|Any CPU.Build.0 = Release|Any CPU
		{1994BD0A-3A3D-446B-8C42-19BC595552AA}.Release|x64.ActiveCfg = Release|Any CPU
		{1994BD0A-3A3D-446B-8C42-19BC595552AA}.Release|x64.Build.0 = Release|Any CPU
		{1994BD0A-3A3D-446B-8C42-19BC595552AA}.Release|x86.ActiveCfg = Release|Any CPU
		{1994BD0A-3A3D-446B-8C42-19BC595552AA}.Release|x86.Build.0 = Release|Any CPU
		{45158B1C-694F-4CB1-ABDA-3523289E17AC}.Debug|Any CPU.ActiveCfg = Debug|Any CPU
		{45158B1C-694F-4CB1-ABDA-3523289E17AC}.Debug|Any CPU.Build.0 = Debug|Any CPU
		{45158B1C-694F-4CB1-ABDA-3523289E17AC}.Debug|x64.ActiveCfg = Debug|Any CPU
		{45158B1C-694F-4CB1-ABDA-3523289E17AC}.Debug|x64.Build.0 = Debug|Any CPU
		{45158B1C-694F-4CB1-ABDA-3523289E17AC}.Debug|x86.ActiveCfg = Debug|Any CPU
		{45158B1C-694F-4CB1-ABDA-3523289E17AC}.Debug|x86.Build.0 = Debug|Any CPU
		{45158B1C-694F-4CB1-ABDA-3523289E17AC}.Release|Any CPU.ActiveCfg = Release|Any CPU
		{45158B1C-694F-4CB1-ABDA-3523289E17AC}.Release|Any CPU.Build.0 = Release|Any CPU
		{45158B1C-694F-4CB1-ABDA-3523289E17AC}.Release|x64.ActiveCfg = Release|Any CPU
		{45158B1C-694F-4CB1-ABDA-3523289E17AC}.Release|x64.Build.0 = Release|Any CPU
		{45158B1C-694F-4CB1-ABDA-3523289E17AC}.Release|x86.ActiveCfg = Release|Any CPU
		{45158B1C-694F-4CB1-ABDA-3523289E17AC}.Release|x86.Build.0 = Release|Any CPU
		{90165C07-3A13-4A8F-9D42-FEC7188A90E5}.Debug|Any CPU.ActiveCfg = Debug|Any CPU
		{90165C07-3A13-4A8F-9D42-FEC7188A90E5}.Debug|Any CPU.Build.0 = Debug|Any CPU
		{90165C07-3A13-4A8F-9D42-FEC7188A90E5}.Debug|x64.ActiveCfg = Debug|Any CPU
		{90165C07-3A13-4A8F-9D42-FEC7188A90E5}.Debug|x64.Build.0 = Debug|Any CPU
		{90165C07-3A13-4A8F-9D42-FEC7188A90E5}.Debug|x86.ActiveCfg = Debug|Any CPU
		{90165C07-3A13-4A8F-9D42-FEC7188A90E5}.Debug|x86.Build.0 = Debug|Any CPU
		{90165C07-3A13-4A8F-9D42-FEC7188A90E5}.Release|Any CPU.ActiveCfg = Release|Any CPU
		{90165C07-3A13-4A8F-9D42-FEC7188A90E5}.Release|Any CPU.Build.0 = Release|Any CPU
		{90165C07-3A13-4A8F-9D42-FEC7188A90E5}.Release|x64.ActiveCfg = Release|Any CPU
		{90165C07-3A13-4A8F-9D42-FEC7188A90E5}.Release|x64.Build.0 = Release|Any CPU
		{90165C07-3A13-4A8F-9D42-FEC7188A90E5}.Release|x86.ActiveCfg = Release|Any CPU
		{90165C07-3A13-4A8F-9D42-FEC7188A90E5}.Release|x86.Build.0 = Release|Any CPU
		{1AD113D5-CDC7-424A-9DFF-C5720A04252D}.Debug|Any CPU.ActiveCfg = Debug|Any CPU
		{1AD113D5-CDC7-424A-9DFF-C5720A04252D}.Debug|Any CPU.Build.0 = Debug|Any CPU
		{1AD113D5-CDC7-424A-9DFF-C5720A04252D}.Debug|x64.ActiveCfg = Debug|Any CPU
		{1AD113D5-CDC7-424A-9DFF-C5720A04252D}.Debug|x64.Build.0 = Debug|Any CPU
		{1AD113D5-CDC7-424A-9DFF-C5720A04252D}.Debug|x86.ActiveCfg = Debug|Any CPU
		{1AD113D5-CDC7-424A-9DFF-C5720A04252D}.Debug|x86.Build.0 = Debug|Any CPU
		{1AD113D5-CDC7-424A-9DFF-C5720A04252D}.Release|Any CPU.ActiveCfg = Release|Any CPU
		{1AD113D5-CDC7-424A-9DFF-C5720A04252D}.Release|Any CPU.Build.0 = Release|Any CPU
		{1AD113D5-CDC7-424A-9DFF-C5720A04252D}.Release|x64.ActiveCfg = Release|Any CPU
		{1AD113D5-CDC7-424A-9DFF-C5720A04252D}.Release|x64.Build.0 = Release|Any CPU
		{1AD113D5-CDC7-424A-9DFF-C5720A04252D}.Release|x86.ActiveCfg = Release|Any CPU
		{1AD113D5-CDC7-424A-9DFF-C5720A04252D}.Release|x86.Build.0 = Release|Any CPU
		{B42C5AE2-1208-49CB-A3E8-DF58B1088052}.Debug|Any CPU.ActiveCfg = Debug|Any CPU
		{B42C5AE2-1208-49CB-A3E8-DF58B1088052}.Debug|Any CPU.Build.0 = Debug|Any CPU
		{B42C5AE2-1208-49CB-A3E8-DF58B1088052}.Debug|x64.ActiveCfg = Debug|Any CPU
		{B42C5AE2-1208-49CB-A3E8-DF58B1088052}.Debug|x64.Build.0 = Debug|Any CPU
		{B42C5AE2-1208-49CB-A3E8-DF58B1088052}.Debug|x86.ActiveCfg = Debug|Any CPU
		{B42C5AE2-1208-49CB-A3E8-DF58B1088052}.Debug|x86.Build.0 = Debug|Any CPU
		{B42C5AE2-1208-49CB-A3E8-DF58B1088052}.Release|Any CPU.ActiveCfg = Release|Any CPU
		{B42C5AE2-1208-49CB-A3E8-DF58B1088052}.Release|Any CPU.Build.0 = Release|Any CPU
		{B42C5AE2-1208-49CB-A3E8-DF58B1088052}.Release|x64.ActiveCfg = Release|Any CPU
		{B42C5AE2-1208-49CB-A3E8-DF58B1088052}.Release|x64.Build.0 = Release|Any CPU
		{B42C5AE2-1208-49CB-A3E8-DF58B1088052}.Release|x86.ActiveCfg = Release|Any CPU
		{B42C5AE2-1208-49CB-A3E8-DF58B1088052}.Release|x86.Build.0 = Release|Any CPU
		{935D3EE2-2EE3-4651-BF2D-A75151FE1B81}.Debug|Any CPU.ActiveCfg = Debug|Any CPU
		{935D3EE2-2EE3-4651-BF2D-A75151FE1B81}.Debug|Any CPU.Build.0 = Debug|Any CPU
		{935D3EE2-2EE3-4651-BF2D-A75151FE1B81}.Debug|x64.ActiveCfg = Debug|Any CPU
		{935D3EE2-2EE3-4651-BF2D-A75151FE1B81}.Debug|x64.Build.0 = Debug|Any CPU
		{935D3EE2-2EE3-4651-BF2D-A75151FE1B81}.Debug|x86.ActiveCfg = Debug|Any CPU
		{935D3EE2-2EE3-4651-BF2D-A75151FE1B81}.Debug|x86.Build.0 = Debug|Any CPU
		{935D3EE2-2EE3-4651-BF2D-A75151FE1B81}.Release|Any CPU.ActiveCfg = Release|Any CPU
		{935D3EE2-2EE3-4651-BF2D-A75151FE1B81}.Release|Any CPU.Build.0 = Release|Any CPU
		{935D3EE2-2EE3-4651-BF2D-A75151FE1B81}.Release|x64.ActiveCfg = Release|Any CPU
		{935D3EE2-2EE3-4651-BF2D-A75151FE1B81}.Release|x64.Build.0 = Release|Any CPU
		{935D3EE2-2EE3-4651-BF2D-A75151FE1B81}.Release|x86.ActiveCfg = Release|Any CPU
		{935D3EE2-2EE3-4651-BF2D-A75151FE1B81}.Release|x86.Build.0 = Release|Any CPU
		{1D8336EA-841C-41D3-8004-B961477D2160}.Debug|Any CPU.ActiveCfg = Debug|Any CPU
		{1D8336EA-841C-41D3-8004-B961477D2160}.Debug|Any CPU.Build.0 = Debug|Any CPU
		{1D8336EA-841C-41D3-8004-B961477D2160}.Debug|x64.ActiveCfg = Debug|Any CPU
		{1D8336EA-841C-41D3-8004-B961477D2160}.Debug|x64.Build.0 = Debug|Any CPU
		{1D8336EA-841C-41D3-8004-B961477D2160}.Debug|x86.ActiveCfg = Debug|Any CPU
		{1D8336EA-841C-41D3-8004-B961477D2160}.Debug|x86.Build.0 = Debug|Any CPU
		{1D8336EA-841C-41D3-8004-B961477D2160}.Release|Any CPU.ActiveCfg = Release|Any CPU
		{1D8336EA-841C-41D3-8004-B961477D2160}.Release|Any CPU.Build.0 = Release|Any CPU
		{1D8336EA-841C-41D3-8004-B961477D2160}.Release|x64.ActiveCfg = Release|Any CPU
		{1D8336EA-841C-41D3-8004-B961477D2160}.Release|x64.Build.0 = Release|Any CPU
		{1D8336EA-841C-41D3-8004-B961477D2160}.Release|x86.ActiveCfg = Release|Any CPU
		{1D8336EA-841C-41D3-8004-B961477D2160}.Release|x86.Build.0 = Release|Any CPU
		{AE1A6E76-6D57-4A38-9EB7-989083F7DD92}.Debug|Any CPU.ActiveCfg = Debug|Any CPU
		{AE1A6E76-6D57-4A38-9EB7-989083F7DD92}.Debug|Any CPU.Build.0 = Debug|Any CPU
		{AE1A6E76-6D57-4A38-9EB7-989083F7DD92}.Debug|x64.ActiveCfg = Debug|Any CPU
		{AE1A6E76-6D57-4A38-9EB7-989083F7DD92}.Debug|x64.Build.0 = Debug|Any CPU
		{AE1A6E76-6D57-4A38-9EB7-989083F7DD92}.Debug|x86.ActiveCfg = Debug|Any CPU
		{AE1A6E76-6D57-4A38-9EB7-989083F7DD92}.Debug|x86.Build.0 = Debug|Any CPU
		{AE1A6E76-6D57-4A38-9EB7-989083F7DD92}.Release|Any CPU.ActiveCfg = Release|Any CPU
		{AE1A6E76-6D57-4A38-9EB7-989083F7DD92}.Release|Any CPU.Build.0 = Release|Any CPU
		{AE1A6E76-6D57-4A38-9EB7-989083F7DD92}.Release|x64.ActiveCfg = Release|Any CPU
		{AE1A6E76-6D57-4A38-9EB7-989083F7DD92}.Release|x64.Build.0 = Release|Any CPU
		{AE1A6E76-6D57-4A38-9EB7-989083F7DD92}.Release|x86.ActiveCfg = Release|Any CPU
		{AE1A6E76-6D57-4A38-9EB7-989083F7DD92}.Release|x86.Build.0 = Release|Any CPU
		{41A42E00-05DC-40E7-9BC5-61B145A4614D}.Debug|Any CPU.ActiveCfg = Debug|Any CPU
		{41A42E00-05DC-40E7-9BC5-61B145A4614D}.Debug|Any CPU.Build.0 = Debug|Any CPU
		{41A42E00-05DC-40E7-9BC5-61B145A4614D}.Debug|x64.ActiveCfg = Debug|Any CPU
		{41A42E00-05DC-40E7-9BC5-61B145A4614D}.Debug|x64.Build.0 = Debug|Any CPU
		{41A42E00-05DC-40E7-9BC5-61B145A4614D}.Debug|x86.ActiveCfg = Debug|Any CPU
		{41A42E00-05DC-40E7-9BC5-61B145A4614D}.Debug|x86.Build.0 = Debug|Any CPU
		{41A42E00-05DC-40E7-9BC5-61B145A4614D}.Release|Any CPU.ActiveCfg = Release|Any CPU
		{41A42E00-05DC-40E7-9BC5-61B145A4614D}.Release|Any CPU.Build.0 = Release|Any CPU
		{41A42E00-05DC-40E7-9BC5-61B145A4614D}.Release|x64.ActiveCfg = Release|Any CPU
		{41A42E00-05DC-40E7-9BC5-61B145A4614D}.Release|x64.Build.0 = Release|Any CPU
		{41A42E00-05DC-40E7-9BC5-61B145A4614D}.Release|x86.ActiveCfg = Release|Any CPU
		{41A42E00-05DC-40E7-9BC5-61B145A4614D}.Release|x86.Build.0 = Release|Any CPU
		{37886F51-8802-4034-BFC9-FD025BF02982}.Debug|Any CPU.ActiveCfg = Debug|Any CPU
		{37886F51-8802-4034-BFC9-FD025BF02982}.Debug|Any CPU.Build.0 = Debug|Any CPU
		{37886F51-8802-4034-BFC9-FD025BF02982}.Debug|x64.ActiveCfg = Debug|Any CPU
		{37886F51-8802-4034-BFC9-FD025BF02982}.Debug|x64.Build.0 = Debug|Any CPU
		{37886F51-8802-4034-BFC9-FD025BF02982}.Debug|x86.ActiveCfg = Debug|Any CPU
		{37886F51-8802-4034-BFC9-FD025BF02982}.Debug|x86.Build.0 = Debug|Any CPU
		{37886F51-8802-4034-BFC9-FD025BF02982}.Release|Any CPU.ActiveCfg = Release|Any CPU
		{37886F51-8802-4034-BFC9-FD025BF02982}.Release|Any CPU.Build.0 = Release|Any CPU
		{37886F51-8802-4034-BFC9-FD025BF02982}.Release|x64.ActiveCfg = Release|Any CPU
		{37886F51-8802-4034-BFC9-FD025BF02982}.Release|x64.Build.0 = Release|Any CPU
		{37886F51-8802-4034-BFC9-FD025BF02982}.Release|x86.ActiveCfg = Release|Any CPU
		{37886F51-8802-4034-BFC9-FD025BF02982}.Release|x86.Build.0 = Release|Any CPU
		{4F447D37-C0BE-4F42-8209-ACDFCCE19E3D}.Debug|Any CPU.ActiveCfg = Debug|Any CPU
		{4F447D37-C0BE-4F42-8209-ACDFCCE19E3D}.Debug|Any CPU.Build.0 = Debug|Any CPU
		{4F447D37-C0BE-4F42-8209-ACDFCCE19E3D}.Debug|x64.ActiveCfg = Debug|Any CPU
		{4F447D37-C0BE-4F42-8209-ACDFCCE19E3D}.Debug|x64.Build.0 = Debug|Any CPU
		{4F447D37-C0BE-4F42-8209-ACDFCCE19E3D}.Debug|x86.ActiveCfg = Debug|Any CPU
		{4F447D37-C0BE-4F42-8209-ACDFCCE19E3D}.Debug|x86.Build.0 = Debug|Any CPU
		{4F447D37-C0BE-4F42-8209-ACDFCCE19E3D}.Release|Any CPU.ActiveCfg = Release|Any CPU
		{4F447D37-C0BE-4F42-8209-ACDFCCE19E3D}.Release|Any CPU.Build.0 = Release|Any CPU
		{4F447D37-C0BE-4F42-8209-ACDFCCE19E3D}.Release|x64.ActiveCfg = Release|Any CPU
		{4F447D37-C0BE-4F42-8209-ACDFCCE19E3D}.Release|x64.Build.0 = Release|Any CPU
		{4F447D37-C0BE-4F42-8209-ACDFCCE19E3D}.Release|x86.ActiveCfg = Release|Any CPU
		{4F447D37-C0BE-4F42-8209-ACDFCCE19E3D}.Release|x86.Build.0 = Release|Any CPU
		{23EC4003-3574-4D7B-B81D-5BB43317722E}.Debug|Any CPU.ActiveCfg = Debug|Any CPU
		{23EC4003-3574-4D7B-B81D-5BB43317722E}.Debug|Any CPU.Build.0 = Debug|Any CPU
		{23EC4003-3574-4D7B-B81D-5BB43317722E}.Debug|x64.ActiveCfg = Debug|Any CPU
		{23EC4003-3574-4D7B-B81D-5BB43317722E}.Debug|x64.Build.0 = Debug|Any CPU
		{23EC4003-3574-4D7B-B81D-5BB43317722E}.Debug|x86.ActiveCfg = Debug|Any CPU
		{23EC4003-3574-4D7B-B81D-5BB43317722E}.Debug|x86.Build.0 = Debug|Any CPU
		{23EC4003-3574-4D7B-B81D-5BB43317722E}.Release|Any CPU.ActiveCfg = Release|Any CPU
		{23EC4003-3574-4D7B-B81D-5BB43317722E}.Release|Any CPU.Build.0 = Release|Any CPU
		{23EC4003-3574-4D7B-B81D-5BB43317722E}.Release|x64.ActiveCfg = Release|Any CPU
		{23EC4003-3574-4D7B-B81D-5BB43317722E}.Release|x64.Build.0 = Release|Any CPU
		{23EC4003-3574-4D7B-B81D-5BB43317722E}.Release|x86.ActiveCfg = Release|Any CPU
		{23EC4003-3574-4D7B-B81D-5BB43317722E}.Release|x86.Build.0 = Release|Any CPU
		{BC900FB6-2A0E-4E4C-B07D-045D730294DC}.Debug|Any CPU.ActiveCfg = Debug|Any CPU
		{BC900FB6-2A0E-4E4C-B07D-045D730294DC}.Debug|Any CPU.Build.0 = Debug|Any CPU
		{BC900FB6-2A0E-4E4C-B07D-045D730294DC}.Debug|x64.ActiveCfg = Debug|Any CPU
		{BC900FB6-2A0E-4E4C-B07D-045D730294DC}.Debug|x64.Build.0 = Debug|Any CPU
		{BC900FB6-2A0E-4E4C-B07D-045D730294DC}.Debug|x86.ActiveCfg = Debug|Any CPU
		{BC900FB6-2A0E-4E4C-B07D-045D730294DC}.Debug|x86.Build.0 = Debug|Any CPU
		{BC900FB6-2A0E-4E4C-B07D-045D730294DC}.Release|Any CPU.ActiveCfg = Release|Any CPU
		{BC900FB6-2A0E-4E4C-B07D-045D730294DC}.Release|Any CPU.Build.0 = Release|Any CPU
		{BC900FB6-2A0E-4E4C-B07D-045D730294DC}.Release|x64.ActiveCfg = Release|Any CPU
		{BC900FB6-2A0E-4E4C-B07D-045D730294DC}.Release|x64.Build.0 = Release|Any CPU
		{BC900FB6-2A0E-4E4C-B07D-045D730294DC}.Release|x86.ActiveCfg = Release|Any CPU
		{BC900FB6-2A0E-4E4C-B07D-045D730294DC}.Release|x86.Build.0 = Release|Any CPU
		{0470019E-67DB-4812-8494-693F9D0C02A1}.Debug|Any CPU.ActiveCfg = Debug|Any CPU
		{0470019E-67DB-4812-8494-693F9D0C02A1}.Debug|Any CPU.Build.0 = Debug|Any CPU
		{0470019E-67DB-4812-8494-693F9D0C02A1}.Debug|x64.ActiveCfg = Debug|Any CPU
		{0470019E-67DB-4812-8494-693F9D0C02A1}.Debug|x64.Build.0 = Debug|Any CPU
		{0470019E-67DB-4812-8494-693F9D0C02A1}.Debug|x86.ActiveCfg = Debug|Any CPU
		{0470019E-67DB-4812-8494-693F9D0C02A1}.Debug|x86.Build.0 = Debug|Any CPU
		{0470019E-67DB-4812-8494-693F9D0C02A1}.Release|Any CPU.ActiveCfg = Release|Any CPU
		{0470019E-67DB-4812-8494-693F9D0C02A1}.Release|Any CPU.Build.0 = Release|Any CPU
		{0470019E-67DB-4812-8494-693F9D0C02A1}.Release|x64.ActiveCfg = Release|Any CPU
		{0470019E-67DB-4812-8494-693F9D0C02A1}.Release|x64.Build.0 = Release|Any CPU
		{0470019E-67DB-4812-8494-693F9D0C02A1}.Release|x86.ActiveCfg = Release|Any CPU
		{0470019E-67DB-4812-8494-693F9D0C02A1}.Release|x86.Build.0 = Release|Any CPU
	EndGlobalSection
	GlobalSection(SolutionProperties) = preSolution
		HideSolutionNode = FALSE
	EndGlobalSection
	GlobalSection(NestedProjects) = preSolution
		{5BD03B15-E856-4CEF-AA1B-78BB82708193} = {9D4F8B1A-0B6E-4A3E-8A6A-0DE12C7C6E2F}
		{B86F46D4-C9DE-4A54-A423-74D7BF4E42D9} = {9D4F8B1A-0B6E-4A3E-8A6A-0DE12C7C6E2F}
		{E1F2A3B4-C5D6-7890-ABCD-EF1234567890} = {9D4F8B1A-0B6E-4A3E-8A6A-0DE12C7C6E2F}
		{F2A3B4C5-D6E7-8901-BCDE-F12345678901} = {9D4F8B1A-0B6E-4A3E-8A6A-0DE12C7C6E2F}
		{E7F8A9B0-C1D2-3456-F234-567890123456} = {9D4F8B1A-0B6E-4A3E-8A6A-0DE12C7C6E2F}
		{F8A9B0C1-D2E3-4567-F345-678901234567} = {9D4F8B1A-0B6E-4A3E-8A6A-0DE12C7C6E2F}
		{A9B0C1D2-E3F4-5678-F456-789012345678} = {9D4F8B1A-0B6E-4A3E-8A6A-0DE12C7C6E2F}
		{C1D2E3F4-A5B6-7890-F678-901234567890} = {9D4F8B1A-0B6E-4A3E-8A6A-0DE12C7C6E2F}
		{D2E3F4A5-B6C7-8901-F789-012345678901} = {9D4F8B1A-0B6E-4A3E-8A6A-0DE12C7C6E2F}
		{4D936C54-C662-4788-9702-0C60DE90B4B1} = {9D4F8B1A-0B6E-4A3E-8A6A-0DE12C7C6E2F}
		{153EFFE9-0EF3-46F5-B3EB-BAC3DDDC506E} = {9D4F8B1A-0B6E-4A3E-8A6A-0DE12C7C6E2F}
		{79F47F1D-EC2D-4398-96CA-B08D3A9724DB} = {9D4F8B1A-0B6E-4A3E-8A6A-0DE12C7C6E2F}
		{4E64A5A5-C6F6-4E04-839B-570503542327} = {9D4F8B1A-0B6E-4A3E-8A6A-0DE12C7C6E2F}
		{075C8F77-AF69-42FC-8098-BC01F0920FD5} = {9D4F8B1A-0B6E-4A3E-8A6A-0DE12C7C6E2F}
		{B1C2D3E4-F5A6-7890-ABCD-EF1234567890} = {9D4F8B1A-0B6E-4A3E-8A6A-0DE12C7C6E2F}
		{2BFBAD50-9A81-4339-9C4F-2014AB4289FF} = {9D4F8B1A-0B6E-4A3E-8A6A-0DE12C7C6E2F}
		{1AFBAD49-9A81-4339-9C4F-2014AB4289FF} = {9D4F8B1A-0B6E-4A3E-8A6A-0DE12C7C6E2F}
		{F991CD87-0C91-41E2-82A2-1E60AEF5310A} = {9D4F8B1A-0B6E-4A3E-8A6A-0DE12C7C6E2F}
		{E3F68BEB-5370-4BF8-9176-E1E8D1E2DAD4} = {9D4F8B1A-0B6E-4A3E-8A6A-0DE12C7C6E2F}
		{A1B2C3D4-E5F6-7890-ABCD-EF1234567891} = {9D4F8B1A-0B6E-4A3E-8A6A-0DE12C7C6E2F}
		{C3D4E5F6-A7B8-9012-CDEF-345678901234} = {9D4F8B1A-0B6E-4A3E-8A6A-0DE12C7C6E2F}
		{587D8C05-F4AE-49ED-9498-4DEE3E7B9C10} = {9D4F8B1A-0B6E-4A3E-8A6A-0DE12C7C6E2F}
		{3EE72977-0922-4E20-8AB2-0AB45DB52274} = {9D4F8B1A-0B6E-4A3E-8A6A-0DE12C7C6E2F}
		{B5A74535-A8E7-477E-AA71-D28CB2735426} = {9D4F8B1A-0B6E-4A3E-8A6A-0DE12C7C6E2F}
		{D8D9F9AF-1EAD-4BEB-9DC1-8657A7C39B9E} = {9D4F8B1A-0B6E-4A3E-8A6A-0DE12C7C6E2F}
		{943B0861-DF14-43E3-9DDA-D6359F07D55D} = {9D4F8B1A-0B6E-4A3E-8A6A-0DE12C7C6E2F}
		{9A6E02CA-56C8-4F7C-A1AE-6AB21D8F8AFB} = {9D4F8B1A-0B6E-4A3E-8A6A-0DE12C7C6E2F}
		{C4A004BB-AFCC-4A69-8D36-61C2E9EEFD01} = {9D4F8B1A-0B6E-4A3E-8A6A-0DE12C7C6E2F}
		{F2A54F4C-34A8-49AC-A620-1B75EBA4424A} = {9D4F8B1A-0B6E-4A3E-8A6A-0DE12C7C6E2F}
		{5202644E-F8CC-47EA-92BA-22D18AC55C50} = {9D4F8B1A-0B6E-4A3E-8A6A-0DE12C7C6E2F}
		{DAF7CF6D-2BCB-411F-860D-2CF3EF396E70} = {9D4F8B1A-0B6E-4A3E-8A6A-0DE12C7C6E2F}
		{7C104A42-14C9-4A59-9494-014D238DF354} = {9D4F8B1A-0B6E-4A3E-8A6A-0DE12C7C6E2F}
		{6FE29659-FF7F-4373-9B4F-637CE3D7386B} = {9D4F8B1A-0B6E-4A3E-8A6A-0DE12C7C6E2F}
		{BA87A190-3AED-4032-BF32-33EDBBD47016} = {9D4F8B1A-0B6E-4A3E-8A6A-0DE12C7C6E2F}
		{36A406C1-2497-41FF-846A-2874297F4FA1} = {9D4F8B1A-0B6E-4A3E-8A6A-0DE12C7C6E2F}
		{F89E166B-875E-4F45-A72F-DC15564E7E9A} = {CAC298C2-E6C6-490A-B573-856668ECDE11}
		{3B26105D-42A8-4B16-90A1-1A6736EBB888} = {F89E166B-875E-4F45-A72F-DC15564E7E9A}
		{595A646E-6D12-416D-AA53-B1941CEA1DA0} = {F89E166B-875E-4F45-A72F-DC15564E7E9A}
		{2A1B14FF-4F38-425A-BC62-5630102B815A} = {F89E166B-875E-4F45-A72F-DC15564E7E9A}
		{BD0A9553-A432-41D6-99A3-49E9B467B2F0} = {F89E166B-875E-4F45-A72F-DC15564E7E9A}
		{FA7D039A-B968-4093-8173-DE43116A742F} = {F89E166B-875E-4F45-A72F-DC15564E7E9A}
		{B410D1DB-C764-49CF-9821-E74EF5F0D5DF} = {F89E166B-875E-4F45-A72F-DC15564E7E9A}
		{1CFD322C-6892-441F-9884-B7495EC59099} = {9D4F8B1A-0B6E-4A3E-8A6A-0DE12C7C6E2F}
		{A552FC8B-4FDE-45CC-AC6B-32EDAD71E661} = {F89E166B-875E-4F45-A72F-DC15564E7E9A}
		{900D1396-B41E-4592-9B03-1ECFE9B4A8BA} = {F89E166B-875E-4F45-A72F-DC15564E7E9A}
		{9CD88C08-6A2D-44C2-85BB-0E1A45D08383} = {F89E166B-875E-4F45-A72F-DC15564E7E9A}
		{1034F18B-417F-45EF-A736-A7DC3250D3B0} = {F89E166B-875E-4F45-A72F-DC15564E7E9A}
		{FB24C010-F1E8-4C0D-AB0C-58CFC74A840C} = {9D4F8B1A-0B6E-4A3E-8A6A-0DE12C7C6E2F}
		{71D3B105-0223-4236-AB5A-A96D30604642} = {F89E166B-875E-4F45-A72F-DC15564E7E9A}
		{8904A032-99F3-AFCD-AFBD-12F878AC12DB} = {6941732A-EE8F-0657-99DC-FA435846C4C2}
		{1112CCFA-2A91-489F-ACAB-E43501C0E0AA} = {8904A032-99F3-AFCD-AFBD-12F878AC12DB}
		{9E3C74B5-BCB4-4177-B52F-FFDA282B455E} = {9D4F8B1A-0B6E-4A3E-8A6A-0DE12C7C6E2F}
		{265B00C0-D947-424D-A624-5233E0FDEC8C} = {9D4F8B1A-0B6E-4A3E-8A6A-0DE12C7C6E2F}
		{B54D36C7-4226-4E82-A0BE-BC49B55B277E} = {9D4F8B1A-0B6E-4A3E-8A6A-0DE12C7C6E2F}
		{7023FD76-9ED9-4C7A-9E61-4CE020B836D0} = {9D4F8B1A-0B6E-4A3E-8A6A-0DE12C7C6E2F}
		{BBC9470A-8631-4B98-A1EC-14FBD9FDB0E0} = {9D4F8B1A-0B6E-4A3E-8A6A-0DE12C7C6E2F}
		{9DDA2BD5-1BC7-4592-94C3-4455690D2B67} = {9D4F8B1A-0B6E-4A3E-8A6A-0DE12C7C6E2F}
		{1994BD0A-3A3D-446B-8C42-19BC595552AA} = {9D4F8B1A-0B6E-4A3E-8A6A-0DE12C7C6E2F}
		{45158B1C-694F-4CB1-ABDA-3523289E17AC} = {9D4F8B1A-0B6E-4A3E-8A6A-0DE12C7C6E2F}
		{90165C07-3A13-4A8F-9D42-FEC7188A90E5} = {9D4F8B1A-0B6E-4A3E-8A6A-0DE12C7C6E2F}
		{1AD113D5-CDC7-424A-9DFF-C5720A04252D} = {9D4F8B1A-0B6E-4A3E-8A6A-0DE12C7C6E2F}
		{B42C5AE2-1208-49CB-A3E8-DF58B1088052} = {9D4F8B1A-0B6E-4A3E-8A6A-0DE12C7C6E2F}
		{935D3EE2-2EE3-4651-BF2D-A75151FE1B81} = {9D4F8B1A-0B6E-4A3E-8A6A-0DE12C7C6E2F}
		{1D8336EA-841C-41D3-8004-B961477D2160} = {9D4F8B1A-0B6E-4A3E-8A6A-0DE12C7C6E2F}
		{AE1A6E76-6D57-4A38-9EB7-989083F7DD92} = {9D4F8B1A-0B6E-4A3E-8A6A-0DE12C7C6E2F}
		{41A42E00-05DC-40E7-9BC5-61B145A4614D} = {9D4F8B1A-0B6E-4A3E-8A6A-0DE12C7C6E2F}
		{37886F51-8802-4034-BFC9-FD025BF02982} = {9D4F8B1A-0B6E-4A3E-8A6A-0DE12C7C6E2F}
		{4F447D37-C0BE-4F42-8209-ACDFCCE19E3D} = {9D4F8B1A-0B6E-4A3E-8A6A-0DE12C7C6E2F}
		{23EC4003-3574-4D7B-B81D-5BB43317722E} = {0BECDD65-34A1-400F-A4F6-EF209A0684C3}
		{BC900FB6-2A0E-4E4C-B07D-045D730294DC} = {9D4F8B1A-0B6E-4A3E-8A6A-0DE12C7C6E2F}
		{0470019E-67DB-4812-8494-693F9D0C02A1} = {9D4F8B1A-0B6E-4A3E-8A6A-0DE12C7C6E2F}
	EndGlobalSection
	GlobalSection(ExtensibilityGlobals) = postSolution
		SolutionGuid = {12345678-1234-1234-1234-123456789ABC}
	EndGlobalSection
EndGlobal
