
Microsoft Visual Studio Solution File, Format Version 12.00
# Visual Studio Version 17
VisualStudioVersion = 17.0.31903.59
MinimumVisualStudioVersion = 10.0.40219.1
Project("{FAE04EC0-301F-11D3-BF4B-00C04F79EFBC}") = "Nexo.Feature.Template.Tests", "..\..\tests\Nexo.Feature.Template.Tests\Nexo.Feature.Template.Tests.csproj", "{G7H8I9J0-K1L2-3456-F123-789012345678}"
EndProject
Global
	GlobalSection(SolutionConfigurationPlatforms) = preSolution
		Debug|Any CPU = Debug|Any CPU
		Release|Any CPU = Release|Any CPU
	EndGlobalSection
	GlobalSection(ProjectConfigurationPlatforms) = postSolution
		{G7H8I9J0-K1L2-3456-F123-789012345678}.Debug|Any CPU.ActiveCfg = Debug|Any CPU
		{G7H8I9J0-K1L2-3456-F123-789012345678}.Debug|Any CPU.Build.0 = Debug|Any CPU
		{G7H8I9J0-K1L2-3456-F123-789012345678}.Release|Any CPU.ActiveCfg = Release|Any CPU
		{G7H8I9J0-K1L2-3456-F123-789012345678}.Release|Any CPU.Build.0 = Release|Any CPU
	EndGlobalSection
	GlobalSection(SolutionProperties) = preSolution
		HideSolutionNode = FALSE
	EndGlobalSection
EndGlobal
